
Microsoft Visual Studio Solution File, Format Version 11.00
# Visual Studio 2010
Project("{FAE04EC0-301F-11D3-BF4B-00C04F79EFBC}") = "ArdupilotMega", "ArdupilotMega.csproj", "{A2E22272-95FE-47B6-B050-9AE7E2055BF5}"
EndProject
Project("{FAE04EC0-301F-11D3-BF4B-00C04F79EFBC}") = "Updater", "Updater\Updater.csproj", "{E64A1A41-A5B0-458E-8284-BB63705354DA}"
EndProject
Project("{FAE04EC0-301F-11D3-BF4B-00C04F79EFBC}") = "wix", "wix\wix.csproj", "{76374F95-C343-4ACC-B86F-7ECFDD668F46}"
EndProject
Project("{FAE04EC0-301F-11D3-BF4B-00C04F79EFBC}") = "3DRRadio", "3DRRadio\3DRRadio.csproj", "{B8943726-04B0-4477-BFDA-E156A0CD98A4}"
EndProject
Project("{FAE04EC0-301F-11D3-BF4B-00C04F79EFBC}") = "CsAssortedWidgets", "..\..\..\..\..\Desktop\DIYDrones\CsAssortedWidgets\CsAssortedWidgets\CsAssortedWidgets.csproj", "{3B933839-C505-48D4-A5CE-D9375C88E943}"
EndProject
Project("{FAE04EC0-301F-11D3-BF4B-00C04F79EFBC}") = "GMap.NET.WindowsForms", "..\..\..\..\..\Desktop\DIYDrones\myquad\greatmaps_e1bb830a18a3\GMap.NET.WindowsForms\GMap.NET.WindowsForms.csproj", "{E06DEF77-F933-42FB-AFD7-DB2D0D8D6A98}"
EndProject
Project("{FAE04EC0-301F-11D3-BF4B-00C04F79EFBC}") = "GMap.NET.Core", "..\..\..\..\..\Desktop\DIYDrones\myquad\greatmaps_e1bb830a18a3\GMap.NET.Core\GMap.NET.Core.csproj", "{D0C39D9D-BED0-418B-9A5E-713176CAF40C}"
EndProject
Project("{FAE04EC0-301F-11D3-BF4B-00C04F79EFBC}") = "OpenTK.GLControl", "..\..\..\..\..\Desktop\DIYDrones\opentk\trunk\Source\GLControl\OpenTK.GLControl.csproj", "{A625BE88-0000-0000-0000-000000000000}"
EndProject
Project("{FAE04EC0-301F-11D3-BF4B-00C04F79EFBC}") = "ZedGraph", "..\..\..\..\..\Desktop\DIYDrones\zedgraph\source\ZedGraph.csproj", "{2541686B-1673-43BF-AF89-3163945DB009}"
EndProject
Project("{FAE04EC0-301F-11D3-BF4B-00C04F79EFBC}") = "SharpKml", "..\..\..\..\..\Desktop\DIYDrones\myquad\sharpkml\SharpKml\SharpKml.csproj", "{53F12A60-E9CC-44BC-8366-1AE3AB2B547D}"
EndProject
Project("{FAE04EC0-301F-11D3-BF4B-00C04F79EFBC}") = "AviFile", "..\..\..\..\..\Desktop\DIYDrones\avi\AviDemo\AviFile\AviFile.csproj", "{ABB32A29-AF50-47FA-B243-5FD75A5ABA54}"
EndProject
Project("{FAE04EC0-301F-11D3-BF4B-00C04F79EFBC}") = "KMLib", "..\..\..\..\..\Desktop\DIYDrones\kml-library\KMLib\KMLib.csproj", "{29976BA4-A04D-4A80-A866-098C879C2FDE}"
EndProject
Project("{FAE04EC0-301F-11D3-BF4B-00C04F79EFBC}") = "Core", "..\..\..\..\..\Desktop\DIYDrones\kml-library\Core\Core.csproj", "{59129078-7B12-4198-B93E-0AA08D0BB7ED}"
EndProject
Global
	GlobalSection(SolutionConfigurationPlatforms) = preSolution
		Debug 1.1|Any CPU = Debug 1.1|Any CPU
		Debug 1.1|Mixed Platforms = Debug 1.1|Mixed Platforms
		Debug 1.1|Win32 = Debug 1.1|Win32
		Debug 1.1|x86 = Debug 1.1|x86
		Debug|Any CPU = Debug|Any CPU
		Debug|Mixed Platforms = Debug|Mixed Platforms
		Debug|Win32 = Debug|Win32
		Debug|x86 = Debug|x86
		Documentation|Any CPU = Documentation|Any CPU
		Documentation|Mixed Platforms = Documentation|Mixed Platforms
		Documentation|Win32 = Documentation|Win32
		Documentation|x86 = Documentation|x86
		Nsis|Any CPU = Nsis|Any CPU
		Nsis|Mixed Platforms = Nsis|Mixed Platforms
		Nsis|Win32 = Nsis|Win32
		Nsis|x86 = Nsis|x86
		Release 1.1|Any CPU = Release 1.1|Any CPU
		Release 1.1|Mixed Platforms = Release 1.1|Mixed Platforms
		Release 1.1|Win32 = Release 1.1|Win32
		Release 1.1|x86 = Release 1.1|x86
		Release|Any CPU = Release|Any CPU
		Release|Mixed Platforms = Release|Mixed Platforms
		Release|Win32 = Release|Win32
		Release|x86 = Release|x86
	EndGlobalSection
	GlobalSection(ProjectConfigurationPlatforms) = postSolution
		{A2E22272-95FE-47B6-B050-9AE7E2055BF5}.Debug 1.1|Any CPU.ActiveCfg = Debug|x86
		{A2E22272-95FE-47B6-B050-9AE7E2055BF5}.Debug 1.1|Mixed Platforms.ActiveCfg = Debug|x86
		{A2E22272-95FE-47B6-B050-9AE7E2055BF5}.Debug 1.1|Mixed Platforms.Build.0 = Debug|x86
		{A2E22272-95FE-47B6-B050-9AE7E2055BF5}.Debug 1.1|Win32.ActiveCfg = Debug|x86
		{A2E22272-95FE-47B6-B050-9AE7E2055BF5}.Debug 1.1|x86.ActiveCfg = Debug|x86
		{A2E22272-95FE-47B6-B050-9AE7E2055BF5}.Debug 1.1|x86.Build.0 = Debug|x86
		{A2E22272-95FE-47B6-B050-9AE7E2055BF5}.Debug|Any CPU.ActiveCfg = Debug|x86
		{A2E22272-95FE-47B6-B050-9AE7E2055BF5}.Debug|Mixed Platforms.ActiveCfg = Debug|x86
		{A2E22272-95FE-47B6-B050-9AE7E2055BF5}.Debug|Mixed Platforms.Build.0 = Debug|x86
		{A2E22272-95FE-47B6-B050-9AE7E2055BF5}.Debug|Win32.ActiveCfg = Debug|x86
		{A2E22272-95FE-47B6-B050-9AE7E2055BF5}.Debug|x86.ActiveCfg = Debug|x86
		{A2E22272-95FE-47B6-B050-9AE7E2055BF5}.Debug|x86.Build.0 = Debug|x86
		{A2E22272-95FE-47B6-B050-9AE7E2055BF5}.Documentation|Any CPU.ActiveCfg = Debug|x86
		{A2E22272-95FE-47B6-B050-9AE7E2055BF5}.Documentation|Mixed Platforms.ActiveCfg = Debug|x86
		{A2E22272-95FE-47B6-B050-9AE7E2055BF5}.Documentation|Mixed Platforms.Build.0 = Debug|x86
		{A2E22272-95FE-47B6-B050-9AE7E2055BF5}.Documentation|Win32.ActiveCfg = Debug|x86
		{A2E22272-95FE-47B6-B050-9AE7E2055BF5}.Documentation|x86.ActiveCfg = Debug|x86
		{A2E22272-95FE-47B6-B050-9AE7E2055BF5}.Documentation|x86.Build.0 = Debug|x86
		{A2E22272-95FE-47B6-B050-9AE7E2055BF5}.Nsis|Any CPU.ActiveCfg = Release|x86
		{A2E22272-95FE-47B6-B050-9AE7E2055BF5}.Nsis|Mixed Platforms.ActiveCfg = Release|x86
		{A2E22272-95FE-47B6-B050-9AE7E2055BF5}.Nsis|Mixed Platforms.Build.0 = Release|x86
		{A2E22272-95FE-47B6-B050-9AE7E2055BF5}.Nsis|Win32.ActiveCfg = Release|x86
		{A2E22272-95FE-47B6-B050-9AE7E2055BF5}.Nsis|x86.ActiveCfg = Release|x86
		{A2E22272-95FE-47B6-B050-9AE7E2055BF5}.Nsis|x86.Build.0 = Release|x86
		{A2E22272-95FE-47B6-B050-9AE7E2055BF5}.Release 1.1|Any CPU.ActiveCfg = Release|x86
		{A2E22272-95FE-47B6-B050-9AE7E2055BF5}.Release 1.1|Mixed Platforms.ActiveCfg = Release|x86
		{A2E22272-95FE-47B6-B050-9AE7E2055BF5}.Release 1.1|Mixed Platforms.Build.0 = Release|x86
		{A2E22272-95FE-47B6-B050-9AE7E2055BF5}.Release 1.1|Win32.ActiveCfg = Release|x86
		{A2E22272-95FE-47B6-B050-9AE7E2055BF5}.Release 1.1|x86.ActiveCfg = Release|x86
		{A2E22272-95FE-47B6-B050-9AE7E2055BF5}.Release 1.1|x86.Build.0 = Release|x86
		{A2E22272-95FE-47B6-B050-9AE7E2055BF5}.Release|Any CPU.ActiveCfg = Release|x86
		{A2E22272-95FE-47B6-B050-9AE7E2055BF5}.Release|Mixed Platforms.ActiveCfg = Release|x86
		{A2E22272-95FE-47B6-B050-9AE7E2055BF5}.Release|Mixed Platforms.Build.0 = Release|x86
		{A2E22272-95FE-47B6-B050-9AE7E2055BF5}.Release|Win32.ActiveCfg = Release|x86
		{A2E22272-95FE-47B6-B050-9AE7E2055BF5}.Release|x86.ActiveCfg = Release|x86
		{A2E22272-95FE-47B6-B050-9AE7E2055BF5}.Release|x86.Build.0 = Release|x86
		{E64A1A41-A5B0-458E-8284-BB63705354DA}.Debug 1.1|Any CPU.ActiveCfg = Debug|x86
		{E64A1A41-A5B0-458E-8284-BB63705354DA}.Debug 1.1|Mixed Platforms.ActiveCfg = Debug|x86
		{E64A1A41-A5B0-458E-8284-BB63705354DA}.Debug 1.1|Mixed Platforms.Build.0 = Debug|x86
		{E64A1A41-A5B0-458E-8284-BB63705354DA}.Debug 1.1|Win32.ActiveCfg = Debug|x86
		{E64A1A41-A5B0-458E-8284-BB63705354DA}.Debug 1.1|x86.ActiveCfg = Debug|x86
		{E64A1A41-A5B0-458E-8284-BB63705354DA}.Debug 1.1|x86.Build.0 = Debug|x86
		{E64A1A41-A5B0-458E-8284-BB63705354DA}.Debug|Any CPU.ActiveCfg = Debug|x86
		{E64A1A41-A5B0-458E-8284-BB63705354DA}.Debug|Mixed Platforms.ActiveCfg = Debug|x86
		{E64A1A41-A5B0-458E-8284-BB63705354DA}.Debug|Mixed Platforms.Build.0 = Debug|x86
		{E64A1A41-A5B0-458E-8284-BB63705354DA}.Debug|Win32.ActiveCfg = Debug|x86
		{E64A1A41-A5B0-458E-8284-BB63705354DA}.Debug|x86.ActiveCfg = Debug|x86
		{E64A1A41-A5B0-458E-8284-BB63705354DA}.Debug|x86.Build.0 = Debug|x86
		{E64A1A41-A5B0-458E-8284-BB63705354DA}.Documentation|Any CPU.ActiveCfg = Debug|x86
		{E64A1A41-A5B0-458E-8284-BB63705354DA}.Documentation|Mixed Platforms.ActiveCfg = Debug|x86
		{E64A1A41-A5B0-458E-8284-BB63705354DA}.Documentation|Mixed Platforms.Build.0 = Debug|x86
		{E64A1A41-A5B0-458E-8284-BB63705354DA}.Documentation|Win32.ActiveCfg = Debug|x86
		{E64A1A41-A5B0-458E-8284-BB63705354DA}.Documentation|x86.ActiveCfg = Debug|x86
		{E64A1A41-A5B0-458E-8284-BB63705354DA}.Documentation|x86.Build.0 = Debug|x86
		{E64A1A41-A5B0-458E-8284-BB63705354DA}.Nsis|Any CPU.ActiveCfg = Release|x86
		{E64A1A41-A5B0-458E-8284-BB63705354DA}.Nsis|Mixed Platforms.ActiveCfg = Release|x86
		{E64A1A41-A5B0-458E-8284-BB63705354DA}.Nsis|Mixed Platforms.Build.0 = Release|x86
		{E64A1A41-A5B0-458E-8284-BB63705354DA}.Nsis|Win32.ActiveCfg = Release|x86
		{E64A1A41-A5B0-458E-8284-BB63705354DA}.Nsis|x86.ActiveCfg = Release|x86
		{E64A1A41-A5B0-458E-8284-BB63705354DA}.Nsis|x86.Build.0 = Release|x86
		{E64A1A41-A5B0-458E-8284-BB63705354DA}.Release 1.1|Any CPU.ActiveCfg = Release|x86
		{E64A1A41-A5B0-458E-8284-BB63705354DA}.Release 1.1|Mixed Platforms.ActiveCfg = Release|x86
		{E64A1A41-A5B0-458E-8284-BB63705354DA}.Release 1.1|Mixed Platforms.Build.0 = Release|x86
		{E64A1A41-A5B0-458E-8284-BB63705354DA}.Release 1.1|Win32.ActiveCfg = Release|x86
		{E64A1A41-A5B0-458E-8284-BB63705354DA}.Release 1.1|x86.ActiveCfg = Release|x86
		{E64A1A41-A5B0-458E-8284-BB63705354DA}.Release 1.1|x86.Build.0 = Release|x86
		{E64A1A41-A5B0-458E-8284-BB63705354DA}.Release|Any CPU.ActiveCfg = Release|x86
		{E64A1A41-A5B0-458E-8284-BB63705354DA}.Release|Mixed Platforms.ActiveCfg = Release|x86
		{E64A1A41-A5B0-458E-8284-BB63705354DA}.Release|Mixed Platforms.Build.0 = Release|x86
		{E64A1A41-A5B0-458E-8284-BB63705354DA}.Release|Win32.ActiveCfg = Release|x86
		{E64A1A41-A5B0-458E-8284-BB63705354DA}.Release|x86.ActiveCfg = Release|x86
		{E64A1A41-A5B0-458E-8284-BB63705354DA}.Release|x86.Build.0 = Release|x86
		{76374F95-C343-4ACC-B86F-7ECFDD668F46}.Debug 1.1|Any CPU.ActiveCfg = Debug|x86
		{76374F95-C343-4ACC-B86F-7ECFDD668F46}.Debug 1.1|Mixed Platforms.ActiveCfg = Debug|x86
		{76374F95-C343-4ACC-B86F-7ECFDD668F46}.Debug 1.1|Mixed Platforms.Build.0 = Debug|x86
		{76374F95-C343-4ACC-B86F-7ECFDD668F46}.Debug 1.1|Win32.ActiveCfg = Debug|x86
		{76374F95-C343-4ACC-B86F-7ECFDD668F46}.Debug 1.1|x86.ActiveCfg = Debug|x86
		{76374F95-C343-4ACC-B86F-7ECFDD668F46}.Debug 1.1|x86.Build.0 = Debug|x86
		{76374F95-C343-4ACC-B86F-7ECFDD668F46}.Debug|Any CPU.ActiveCfg = Debug|x86
		{76374F95-C343-4ACC-B86F-7ECFDD668F46}.Debug|Mixed Platforms.ActiveCfg = Debug|x86
		{76374F95-C343-4ACC-B86F-7ECFDD668F46}.Debug|Mixed Platforms.Build.0 = Debug|x86
		{76374F95-C343-4ACC-B86F-7ECFDD668F46}.Debug|Win32.ActiveCfg = Debug|x86
		{76374F95-C343-4ACC-B86F-7ECFDD668F46}.Debug|x86.ActiveCfg = Debug|x86
		{76374F95-C343-4ACC-B86F-7ECFDD668F46}.Debug|x86.Build.0 = Debug|x86
		{76374F95-C343-4ACC-B86F-7ECFDD668F46}.Documentation|Any CPU.ActiveCfg = Debug|x86
		{76374F95-C343-4ACC-B86F-7ECFDD668F46}.Documentation|Mixed Platforms.ActiveCfg = Debug|x86
		{76374F95-C343-4ACC-B86F-7ECFDD668F46}.Documentation|Mixed Platforms.Build.0 = Debug|x86
		{76374F95-C343-4ACC-B86F-7ECFDD668F46}.Documentation|Win32.ActiveCfg = Debug|x86
		{76374F95-C343-4ACC-B86F-7ECFDD668F46}.Documentation|x86.ActiveCfg = Debug|x86
		{76374F95-C343-4ACC-B86F-7ECFDD668F46}.Documentation|x86.Build.0 = Debug|x86
		{76374F95-C343-4ACC-B86F-7ECFDD668F46}.Nsis|Any CPU.ActiveCfg = Release|x86
		{76374F95-C343-4ACC-B86F-7ECFDD668F46}.Nsis|Mixed Platforms.ActiveCfg = Release|x86
		{76374F95-C343-4ACC-B86F-7ECFDD668F46}.Nsis|Mixed Platforms.Build.0 = Release|x86
		{76374F95-C343-4ACC-B86F-7ECFDD668F46}.Nsis|Win32.ActiveCfg = Release|x86
		{76374F95-C343-4ACC-B86F-7ECFDD668F46}.Nsis|x86.ActiveCfg = Release|x86
		{76374F95-C343-4ACC-B86F-7ECFDD668F46}.Nsis|x86.Build.0 = Release|x86
		{76374F95-C343-4ACC-B86F-7ECFDD668F46}.Release 1.1|Any CPU.ActiveCfg = Release|x86
		{76374F95-C343-4ACC-B86F-7ECFDD668F46}.Release 1.1|Mixed Platforms.ActiveCfg = Release|x86
		{76374F95-C343-4ACC-B86F-7ECFDD668F46}.Release 1.1|Mixed Platforms.Build.0 = Release|x86
		{76374F95-C343-4ACC-B86F-7ECFDD668F46}.Release 1.1|Win32.ActiveCfg = Release|x86
		{76374F95-C343-4ACC-B86F-7ECFDD668F46}.Release 1.1|x86.ActiveCfg = Release|x86
		{76374F95-C343-4ACC-B86F-7ECFDD668F46}.Release 1.1|x86.Build.0 = Release|x86
		{76374F95-C343-4ACC-B86F-7ECFDD668F46}.Release|Any CPU.ActiveCfg = Release|x86
		{76374F95-C343-4ACC-B86F-7ECFDD668F46}.Release|Mixed Platforms.ActiveCfg = Release|x86
		{76374F95-C343-4ACC-B86F-7ECFDD668F46}.Release|Mixed Platforms.Build.0 = Release|x86
		{76374F95-C343-4ACC-B86F-7ECFDD668F46}.Release|Win32.ActiveCfg = Release|x86
		{76374F95-C343-4ACC-B86F-7ECFDD668F46}.Release|x86.ActiveCfg = Release|x86
		{76374F95-C343-4ACC-B86F-7ECFDD668F46}.Release|x86.Build.0 = Release|x86
		{B8943726-04B0-4477-BFDA-E156A0CD98A4}.Debug 1.1|Any CPU.ActiveCfg = Debug|x86
		{B8943726-04B0-4477-BFDA-E156A0CD98A4}.Debug 1.1|Mixed Platforms.ActiveCfg = Debug|x86
		{B8943726-04B0-4477-BFDA-E156A0CD98A4}.Debug 1.1|Mixed Platforms.Build.0 = Debug|x86
		{B8943726-04B0-4477-BFDA-E156A0CD98A4}.Debug 1.1|Win32.ActiveCfg = Debug|x86
		{B8943726-04B0-4477-BFDA-E156A0CD98A4}.Debug 1.1|x86.ActiveCfg = Debug|x86
		{B8943726-04B0-4477-BFDA-E156A0CD98A4}.Debug 1.1|x86.Build.0 = Debug|x86
		{B8943726-04B0-4477-BFDA-E156A0CD98A4}.Debug|Any CPU.ActiveCfg = Debug|x86
		{B8943726-04B0-4477-BFDA-E156A0CD98A4}.Debug|Mixed Platforms.ActiveCfg = Debug|x86
		{B8943726-04B0-4477-BFDA-E156A0CD98A4}.Debug|Mixed Platforms.Build.0 = Debug|x86
		{B8943726-04B0-4477-BFDA-E156A0CD98A4}.Debug|Win32.ActiveCfg = Debug|x86
		{B8943726-04B0-4477-BFDA-E156A0CD98A4}.Debug|x86.ActiveCfg = Debug|x86
		{B8943726-04B0-4477-BFDA-E156A0CD98A4}.Debug|x86.Build.0 = Debug|x86
		{B8943726-04B0-4477-BFDA-E156A0CD98A4}.Documentation|Any CPU.ActiveCfg = Debug|x86
		{B8943726-04B0-4477-BFDA-E156A0CD98A4}.Documentation|Mixed Platforms.ActiveCfg = Debug|x86
		{B8943726-04B0-4477-BFDA-E156A0CD98A4}.Documentation|Mixed Platforms.Build.0 = Debug|x86
		{B8943726-04B0-4477-BFDA-E156A0CD98A4}.Documentation|Win32.ActiveCfg = Debug|x86
		{B8943726-04B0-4477-BFDA-E156A0CD98A4}.Documentation|x86.ActiveCfg = Debug|x86
		{B8943726-04B0-4477-BFDA-E156A0CD98A4}.Documentation|x86.Build.0 = Debug|x86
		{B8943726-04B0-4477-BFDA-E156A0CD98A4}.Nsis|Any CPU.ActiveCfg = Release|x86
		{B8943726-04B0-4477-BFDA-E156A0CD98A4}.Nsis|Mixed Platforms.ActiveCfg = Release|x86
		{B8943726-04B0-4477-BFDA-E156A0CD98A4}.Nsis|Mixed Platforms.Build.0 = Release|x86
		{B8943726-04B0-4477-BFDA-E156A0CD98A4}.Nsis|Win32.ActiveCfg = Release|x86
		{B8943726-04B0-4477-BFDA-E156A0CD98A4}.Nsis|x86.ActiveCfg = Release|x86
		{B8943726-04B0-4477-BFDA-E156A0CD98A4}.Nsis|x86.Build.0 = Release|x86
		{B8943726-04B0-4477-BFDA-E156A0CD98A4}.Release 1.1|Any CPU.ActiveCfg = Release|x86
		{B8943726-04B0-4477-BFDA-E156A0CD98A4}.Release 1.1|Mixed Platforms.ActiveCfg = Release|x86
		{B8943726-04B0-4477-BFDA-E156A0CD98A4}.Release 1.1|Mixed Platforms.Build.0 = Release|x86
		{B8943726-04B0-4477-BFDA-E156A0CD98A4}.Release 1.1|Win32.ActiveCfg = Release|x86
		{B8943726-04B0-4477-BFDA-E156A0CD98A4}.Release 1.1|x86.ActiveCfg = Release|x86
		{B8943726-04B0-4477-BFDA-E156A0CD98A4}.Release 1.1|x86.Build.0 = Release|x86
		{B8943726-04B0-4477-BFDA-E156A0CD98A4}.Release|Any CPU.ActiveCfg = Release|x86
		{B8943726-04B0-4477-BFDA-E156A0CD98A4}.Release|Mixed Platforms.ActiveCfg = Release|x86
		{B8943726-04B0-4477-BFDA-E156A0CD98A4}.Release|Mixed Platforms.Build.0 = Release|x86
		{B8943726-04B0-4477-BFDA-E156A0CD98A4}.Release|Win32.ActiveCfg = Release|x86
		{B8943726-04B0-4477-BFDA-E156A0CD98A4}.Release|x86.ActiveCfg = Release|x86
		{B8943726-04B0-4477-BFDA-E156A0CD98A4}.Release|x86.Build.0 = Release|x86
		{3B933839-C505-48D4-A5CE-D9375C88E943}.Debug 1.1|Any CPU.ActiveCfg = Debug|x86
		{3B933839-C505-48D4-A5CE-D9375C88E943}.Debug 1.1|Mixed Platforms.ActiveCfg = Debug|x86
		{3B933839-C505-48D4-A5CE-D9375C88E943}.Debug 1.1|Mixed Platforms.Build.0 = Debug|x86
		{3B933839-C505-48D4-A5CE-D9375C88E943}.Debug 1.1|Win32.ActiveCfg = Debug|x86
		{3B933839-C505-48D4-A5CE-D9375C88E943}.Debug 1.1|x86.ActiveCfg = Debug|x86
		{3B933839-C505-48D4-A5CE-D9375C88E943}.Debug 1.1|x86.Build.0 = Debug|x86
		{3B933839-C505-48D4-A5CE-D9375C88E943}.Debug|Any CPU.ActiveCfg = Debug|Any CPU
		{3B933839-C505-48D4-A5CE-D9375C88E943}.Debug|Any CPU.Build.0 = Debug|Any CPU
		{3B933839-C505-48D4-A5CE-D9375C88E943}.Debug|Mixed Platforms.ActiveCfg = Debug|x86
		{3B933839-C505-48D4-A5CE-D9375C88E943}.Debug|Mixed Platforms.Build.0 = Debug|x86
		{3B933839-C505-48D4-A5CE-D9375C88E943}.Debug|Win32.ActiveCfg = Debug|x86
		{3B933839-C505-48D4-A5CE-D9375C88E943}.Debug|x86.ActiveCfg = Debug|x86
		{3B933839-C505-48D4-A5CE-D9375C88E943}.Debug|x86.Build.0 = Debug|x86
		{3B933839-C505-48D4-A5CE-D9375C88E943}.Documentation|Any CPU.ActiveCfg = Debug|Any CPU
		{3B933839-C505-48D4-A5CE-D9375C88E943}.Documentation|Any CPU.Build.0 = Debug|Any CPU
		{3B933839-C505-48D4-A5CE-D9375C88E943}.Documentation|Mixed Platforms.ActiveCfg = Debug|Any CPU
		{3B933839-C505-48D4-A5CE-D9375C88E943}.Documentation|Mixed Platforms.Build.0 = Debug|Any CPU
		{3B933839-C505-48D4-A5CE-D9375C88E943}.Documentation|Win32.ActiveCfg = Debug|Any CPU
		{3B933839-C505-48D4-A5CE-D9375C88E943}.Documentation|x86.ActiveCfg = Debug|Any CPU
		{3B933839-C505-48D4-A5CE-D9375C88E943}.Nsis|Any CPU.ActiveCfg = Release|Any CPU
		{3B933839-C505-48D4-A5CE-D9375C88E943}.Nsis|Any CPU.Build.0 = Release|Any CPU
		{3B933839-C505-48D4-A5CE-D9375C88E943}.Nsis|Mixed Platforms.ActiveCfg = Release|Any CPU
		{3B933839-C505-48D4-A5CE-D9375C88E943}.Nsis|Mixed Platforms.Build.0 = Release|Any CPU
		{3B933839-C505-48D4-A5CE-D9375C88E943}.Nsis|Win32.ActiveCfg = Release|Any CPU
		{3B933839-C505-48D4-A5CE-D9375C88E943}.Nsis|x86.ActiveCfg = Release|Any CPU
		{3B933839-C505-48D4-A5CE-D9375C88E943}.Release 1.1|Any CPU.ActiveCfg = Release|x86
		{3B933839-C505-48D4-A5CE-D9375C88E943}.Release 1.1|Mixed Platforms.ActiveCfg = Release|x86
		{3B933839-C505-48D4-A5CE-D9375C88E943}.Release 1.1|Mixed Platforms.Build.0 = Release|x86
		{3B933839-C505-48D4-A5CE-D9375C88E943}.Release 1.1|Win32.ActiveCfg = Release|x86
		{3B933839-C505-48D4-A5CE-D9375C88E943}.Release 1.1|x86.ActiveCfg = Release|x86
		{3B933839-C505-48D4-A5CE-D9375C88E943}.Release 1.1|x86.Build.0 = Release|x86
		{3B933839-C505-48D4-A5CE-D9375C88E943}.Release|Any CPU.ActiveCfg = Release|Any CPU
		{3B933839-C505-48D4-A5CE-D9375C88E943}.Release|Any CPU.Build.0 = Release|Any CPU
		{3B933839-C505-48D4-A5CE-D9375C88E943}.Release|Mixed Platforms.ActiveCfg = Release|x86
		{3B933839-C505-48D4-A5CE-D9375C88E943}.Release|Mixed Platforms.Build.0 = Release|x86
		{3B933839-C505-48D4-A5CE-D9375C88E943}.Release|Win32.ActiveCfg = Release|x86
		{3B933839-C505-48D4-A5CE-D9375C88E943}.Release|x86.ActiveCfg = Release|x86
		{3B933839-C505-48D4-A5CE-D9375C88E943}.Release|x86.Build.0 = Release|x86
		{E06DEF77-F933-42FB-AFD7-DB2D0D8D6A98}.Debug 1.1|Any CPU.ActiveCfg = Debug|Any CPU
		{E06DEF77-F933-42FB-AFD7-DB2D0D8D6A98}.Debug 1.1|Any CPU.Build.0 = Debug|Any CPU
		{E06DEF77-F933-42FB-AFD7-DB2D0D8D6A98}.Debug 1.1|Mixed Platforms.ActiveCfg = Debug|Any CPU
		{E06DEF77-F933-42FB-AFD7-DB2D0D8D6A98}.Debug 1.1|Mixed Platforms.Build.0 = Debug|Any CPU
		{E06DEF77-F933-42FB-AFD7-DB2D0D8D6A98}.Debug 1.1|Win32.ActiveCfg = Debug|Any CPU
		{E06DEF77-F933-42FB-AFD7-DB2D0D8D6A98}.Debug 1.1|x86.ActiveCfg = Debug|Any CPU
		{E06DEF77-F933-42FB-AFD7-DB2D0D8D6A98}.Debug|Any CPU.ActiveCfg = Debug|Any CPU
		{E06DEF77-F933-42FB-AFD7-DB2D0D8D6A98}.Debug|Any CPU.Build.0 = Debug|Any CPU
		{E06DEF77-F933-42FB-AFD7-DB2D0D8D6A98}.Debug|Mixed Platforms.ActiveCfg = Debug|Any CPU
		{E06DEF77-F933-42FB-AFD7-DB2D0D8D6A98}.Debug|Mixed Platforms.Build.0 = Debug|Any CPU
		{E06DEF77-F933-42FB-AFD7-DB2D0D8D6A98}.Debug|Win32.ActiveCfg = Debug|Any CPU
		{E06DEF77-F933-42FB-AFD7-DB2D0D8D6A98}.Debug|x86.ActiveCfg = Debug|Any CPU
		{E06DEF77-F933-42FB-AFD7-DB2D0D8D6A98}.Documentation|Any CPU.ActiveCfg = Debug|Any CPU
		{E06DEF77-F933-42FB-AFD7-DB2D0D8D6A98}.Documentation|Any CPU.Build.0 = Debug|Any CPU
		{E06DEF77-F933-42FB-AFD7-DB2D0D8D6A98}.Documentation|Mixed Platforms.ActiveCfg = Debug|Any CPU
		{E06DEF77-F933-42FB-AFD7-DB2D0D8D6A98}.Documentation|Mixed Platforms.Build.0 = Debug|Any CPU
		{E06DEF77-F933-42FB-AFD7-DB2D0D8D6A98}.Documentation|Win32.ActiveCfg = Debug|Any CPU
		{E06DEF77-F933-42FB-AFD7-DB2D0D8D6A98}.Documentation|x86.ActiveCfg = Debug|Any CPU
		{E06DEF77-F933-42FB-AFD7-DB2D0D8D6A98}.Nsis|Any CPU.ActiveCfg = Release|Any CPU
		{E06DEF77-F933-42FB-AFD7-DB2D0D8D6A98}.Nsis|Any CPU.Build.0 = Release|Any CPU
		{E06DEF77-F933-42FB-AFD7-DB2D0D8D6A98}.Nsis|Mixed Platforms.ActiveCfg = Release|Any CPU
		{E06DEF77-F933-42FB-AFD7-DB2D0D8D6A98}.Nsis|Mixed Platforms.Build.0 = Release|Any CPU
		{E06DEF77-F933-42FB-AFD7-DB2D0D8D6A98}.Nsis|Win32.ActiveCfg = Release|Any CPU
		{E06DEF77-F933-42FB-AFD7-DB2D0D8D6A98}.Nsis|x86.ActiveCfg = Release|Any CPU
		{E06DEF77-F933-42FB-AFD7-DB2D0D8D6A98}.Release 1.1|Any CPU.ActiveCfg = Release|Any CPU
		{E06DEF77-F933-42FB-AFD7-DB2D0D8D6A98}.Release 1.1|Any CPU.Build.0 = Release|Any CPU
		{E06DEF77-F933-42FB-AFD7-DB2D0D8D6A98}.Release 1.1|Mixed Platforms.ActiveCfg = Release|Any CPU
		{E06DEF77-F933-42FB-AFD7-DB2D0D8D6A98}.Release 1.1|Mixed Platforms.Build.0 = Release|Any CPU
		{E06DEF77-F933-42FB-AFD7-DB2D0D8D6A98}.Release 1.1|Win32.ActiveCfg = Release|Any CPU
		{E06DEF77-F933-42FB-AFD7-DB2D0D8D6A98}.Release 1.1|x86.ActiveCfg = Release|Any CPU
		{E06DEF77-F933-42FB-AFD7-DB2D0D8D6A98}.Release|Any CPU.ActiveCfg = Release|Any CPU
		{E06DEF77-F933-42FB-AFD7-DB2D0D8D6A98}.Release|Any CPU.Build.0 = Release|Any CPU
		{E06DEF77-F933-42FB-AFD7-DB2D0D8D6A98}.Release|Mixed Platforms.ActiveCfg = Release|Any CPU
		{E06DEF77-F933-42FB-AFD7-DB2D0D8D6A98}.Release|Mixed Platforms.Build.0 = Release|Any CPU
		{E06DEF77-F933-42FB-AFD7-DB2D0D8D6A98}.Release|Win32.ActiveCfg = Release|Any CPU
		{E06DEF77-F933-42FB-AFD7-DB2D0D8D6A98}.Release|x86.ActiveCfg = Release|Any CPU
		{D0C39D9D-BED0-418B-9A5E-713176CAF40C}.Debug 1.1|Any CPU.ActiveCfg = Debug|Any CPU
		{D0C39D9D-BED0-418B-9A5E-713176CAF40C}.Debug 1.1|Any CPU.Build.0 = Debug|Any CPU
		{D0C39D9D-BED0-418B-9A5E-713176CAF40C}.Debug 1.1|Mixed Platforms.ActiveCfg = Debug|Any CPU
		{D0C39D9D-BED0-418B-9A5E-713176CAF40C}.Debug 1.1|Mixed Platforms.Build.0 = Debug|Any CPU
		{D0C39D9D-BED0-418B-9A5E-713176CAF40C}.Debug 1.1|Win32.ActiveCfg = Debug|Any CPU
		{D0C39D9D-BED0-418B-9A5E-713176CAF40C}.Debug 1.1|x86.ActiveCfg = Debug|Any CPU
		{D0C39D9D-BED0-418B-9A5E-713176CAF40C}.Debug|Any CPU.ActiveCfg = Debug|Any CPU
		{D0C39D9D-BED0-418B-9A5E-713176CAF40C}.Debug|Any CPU.Build.0 = Debug|Any CPU
		{D0C39D9D-BED0-418B-9A5E-713176CAF40C}.Debug|Mixed Platforms.ActiveCfg = Debug|Any CPU
		{D0C39D9D-BED0-418B-9A5E-713176CAF40C}.Debug|Mixed Platforms.Build.0 = Debug|Any CPU
		{D0C39D9D-BED0-418B-9A5E-713176CAF40C}.Debug|Win32.ActiveCfg = Debug|Any CPU
		{D0C39D9D-BED0-418B-9A5E-713176CAF40C}.Debug|x86.ActiveCfg = Debug|Any CPU
		{D0C39D9D-BED0-418B-9A5E-713176CAF40C}.Documentation|Any CPU.ActiveCfg = Debug|Any CPU
		{D0C39D9D-BED0-418B-9A5E-713176CAF40C}.Documentation|Any CPU.Build.0 = Debug|Any CPU
		{D0C39D9D-BED0-418B-9A5E-713176CAF40C}.Documentation|Mixed Platforms.ActiveCfg = Debug|Any CPU
		{D0C39D9D-BED0-418B-9A5E-713176CAF40C}.Documentation|Mixed Platforms.Build.0 = Debug|Any CPU
		{D0C39D9D-BED0-418B-9A5E-713176CAF40C}.Documentation|Win32.ActiveCfg = Debug|Any CPU
		{D0C39D9D-BED0-418B-9A5E-713176CAF40C}.Documentation|x86.ActiveCfg = Debug|Any CPU
		{D0C39D9D-BED0-418B-9A5E-713176CAF40C}.Nsis|Any CPU.ActiveCfg = Release|Any CPU
		{D0C39D9D-BED0-418B-9A5E-713176CAF40C}.Nsis|Any CPU.Build.0 = Release|Any CPU
		{D0C39D9D-BED0-418B-9A5E-713176CAF40C}.Nsis|Mixed Platforms.ActiveCfg = Release|Any CPU
		{D0C39D9D-BED0-418B-9A5E-713176CAF40C}.Nsis|Mixed Platforms.Build.0 = Release|Any CPU
		{D0C39D9D-BED0-418B-9A5E-713176CAF40C}.Nsis|Win32.ActiveCfg = Release|Any CPU
		{D0C39D9D-BED0-418B-9A5E-713176CAF40C}.Nsis|x86.ActiveCfg = Release|Any CPU
		{D0C39D9D-BED0-418B-9A5E-713176CAF40C}.Release 1.1|Any CPU.ActiveCfg = Release|Any CPU
		{D0C39D9D-BED0-418B-9A5E-713176CAF40C}.Release 1.1|Any CPU.Build.0 = Release|Any CPU
		{D0C39D9D-BED0-418B-9A5E-713176CAF40C}.Release 1.1|Mixed Platforms.ActiveCfg = Release|Any CPU
		{D0C39D9D-BED0-418B-9A5E-713176CAF40C}.Release 1.1|Mixed Platforms.Build.0 = Release|Any CPU
		{D0C39D9D-BED0-418B-9A5E-713176CAF40C}.Release 1.1|Win32.ActiveCfg = Release|Any CPU
		{D0C39D9D-BED0-418B-9A5E-713176CAF40C}.Release 1.1|x86.ActiveCfg = Release|Any CPU
		{D0C39D9D-BED0-418B-9A5E-713176CAF40C}.Release|Any CPU.ActiveCfg = Release|Any CPU
		{D0C39D9D-BED0-418B-9A5E-713176CAF40C}.Release|Any CPU.Build.0 = Release|Any CPU
		{D0C39D9D-BED0-418B-9A5E-713176CAF40C}.Release|Mixed Platforms.ActiveCfg = Release|Any CPU
		{D0C39D9D-BED0-418B-9A5E-713176CAF40C}.Release|Mixed Platforms.Build.0 = Release|Any CPU
		{D0C39D9D-BED0-418B-9A5E-713176CAF40C}.Release|Win32.ActiveCfg = Release|Any CPU
		{D0C39D9D-BED0-418B-9A5E-713176CAF40C}.Release|x86.ActiveCfg = Release|Any CPU
		{A625BE88-0000-0000-0000-000000000000}.Debug 1.1|Any CPU.ActiveCfg = Debug|Any CPU
		{A625BE88-0000-0000-0000-000000000000}.Debug 1.1|Any CPU.Build.0 = Debug|Any CPU
		{A625BE88-0000-0000-0000-000000000000}.Debug 1.1|Mixed Platforms.ActiveCfg = Debug|Any CPU
		{A625BE88-0000-0000-0000-000000000000}.Debug 1.1|Mixed Platforms.Build.0 = Debug|Any CPU
		{A625BE88-0000-0000-0000-000000000000}.Debug 1.1|Win32.ActiveCfg = Debug|Any CPU
		{A625BE88-0000-0000-0000-000000000000}.Debug 1.1|x86.ActiveCfg = Debug|Any CPU
		{A625BE88-0000-0000-0000-000000000000}.Debug|Any CPU.ActiveCfg = Debug|Any CPU
		{A625BE88-0000-0000-0000-000000000000}.Debug|Any CPU.Build.0 = Debug|Any CPU
		{A625BE88-0000-0000-0000-000000000000}.Debug|Mixed Platforms.ActiveCfg = Debug|Any CPU
		{A625BE88-0000-0000-0000-000000000000}.Debug|Mixed Platforms.Build.0 = Debug|Any CPU
		{A625BE88-0000-0000-0000-000000000000}.Debug|Win32.ActiveCfg = Debug|Any CPU
		{A625BE88-0000-0000-0000-000000000000}.Debug|x86.ActiveCfg = Debug|Any CPU
		{A625BE88-0000-0000-0000-000000000000}.Documentation|Any CPU.ActiveCfg = Documentation|Any CPU
		{A625BE88-0000-0000-0000-000000000000}.Documentation|Any CPU.Build.0 = Documentation|Any CPU
		{A625BE88-0000-0000-0000-000000000000}.Documentation|Mixed Platforms.ActiveCfg = Documentation|Any CPU
		{A625BE88-0000-0000-0000-000000000000}.Documentation|Mixed Platforms.Build.0 = Documentation|Any CPU
		{A625BE88-0000-0000-0000-000000000000}.Documentation|Win32.ActiveCfg = Documentation|Any CPU
		{A625BE88-0000-0000-0000-000000000000}.Documentation|x86.ActiveCfg = Documentation|Any CPU
		{A625BE88-0000-0000-0000-000000000000}.Nsis|Any CPU.ActiveCfg = Nsis|Any CPU
		{A625BE88-0000-0000-0000-000000000000}.Nsis|Any CPU.Build.0 = Nsis|Any CPU
		{A625BE88-0000-0000-0000-000000000000}.Nsis|Mixed Platforms.ActiveCfg = Nsis|Any CPU
		{A625BE88-0000-0000-0000-000000000000}.Nsis|Mixed Platforms.Build.0 = Nsis|Any CPU
		{A625BE88-0000-0000-0000-000000000000}.Nsis|Win32.ActiveCfg = Nsis|Any CPU
		{A625BE88-0000-0000-0000-000000000000}.Nsis|x86.ActiveCfg = Nsis|Any CPU
		{A625BE88-0000-0000-0000-000000000000}.Release 1.1|Any CPU.ActiveCfg = Release|Any CPU
		{A625BE88-0000-0000-0000-000000000000}.Release 1.1|Any CPU.Build.0 = Release|Any CPU
		{A625BE88-0000-0000-0000-000000000000}.Release 1.1|Mixed Platforms.ActiveCfg = Release|Any CPU
		{A625BE88-0000-0000-0000-000000000000}.Release 1.1|Mixed Platforms.Build.0 = Release|Any CPU
		{A625BE88-0000-0000-0000-000000000000}.Release 1.1|Win32.ActiveCfg = Release|Any CPU
		{A625BE88-0000-0000-0000-000000000000}.Release 1.1|x86.ActiveCfg = Release|Any CPU
		{A625BE88-0000-0000-0000-000000000000}.Release|Any CPU.ActiveCfg = Release|Any CPU
		{A625BE88-0000-0000-0000-000000000000}.Release|Any CPU.Build.0 = Release|Any CPU
		{A625BE88-0000-0000-0000-000000000000}.Release|Mixed Platforms.ActiveCfg = Release|Any CPU
		{A625BE88-0000-0000-0000-000000000000}.Release|Mixed Platforms.Build.0 = Release|Any CPU
		{A625BE88-0000-0000-0000-000000000000}.Release|Win32.ActiveCfg = Release|Any CPU
		{A625BE88-0000-0000-0000-000000000000}.Release|x86.ActiveCfg = Release|Any CPU
		{2541686B-1673-43BF-AF89-3163945DB009}.Debug 1.1|Any CPU.ActiveCfg = Debug|Any CPU
		{2541686B-1673-43BF-AF89-3163945DB009}.Debug 1.1|Any CPU.Build.0 = Debug|Any CPU
		{2541686B-1673-43BF-AF89-3163945DB009}.Debug 1.1|Mixed Platforms.ActiveCfg = Debug|Any CPU
		{2541686B-1673-43BF-AF89-3163945DB009}.Debug 1.1|Mixed Platforms.Build.0 = Debug|Any CPU
		{2541686B-1673-43BF-AF89-3163945DB009}.Debug 1.1|Win32.ActiveCfg = Debug|Any CPU
		{2541686B-1673-43BF-AF89-3163945DB009}.Debug 1.1|x86.ActiveCfg = Debug|Any CPU
		{2541686B-1673-43BF-AF89-3163945DB009}.Debug|Any CPU.ActiveCfg = Debug|Any CPU
		{2541686B-1673-43BF-AF89-3163945DB009}.Debug|Any CPU.Build.0 = Debug|Any CPU
		{2541686B-1673-43BF-AF89-3163945DB009}.Debug|Mixed Platforms.ActiveCfg = Debug|Any CPU
		{2541686B-1673-43BF-AF89-3163945DB009}.Debug|Mixed Platforms.Build.0 = Debug|Any CPU
		{2541686B-1673-43BF-AF89-3163945DB009}.Debug|Win32.ActiveCfg = Debug|Any CPU
		{2541686B-1673-43BF-AF89-3163945DB009}.Debug|x86.ActiveCfg = Debug|Any CPU
		{2541686B-1673-43BF-AF89-3163945DB009}.Documentation|Any CPU.ActiveCfg = Debug|Any CPU
		{2541686B-1673-43BF-AF89-3163945DB009}.Documentation|Any CPU.Build.0 = Debug|Any CPU
		{2541686B-1673-43BF-AF89-3163945DB009}.Documentation|Mixed Platforms.ActiveCfg = Debug|Any CPU
		{2541686B-1673-43BF-AF89-3163945DB009}.Documentation|Mixed Platforms.Build.0 = Debug|Any CPU
		{2541686B-1673-43BF-AF89-3163945DB009}.Documentation|Win32.ActiveCfg = Debug|Any CPU
		{2541686B-1673-43BF-AF89-3163945DB009}.Documentation|x86.ActiveCfg = Debug|Any CPU
		{2541686B-1673-43BF-AF89-3163945DB009}.Nsis|Any CPU.ActiveCfg = Release|Any CPU
		{2541686B-1673-43BF-AF89-3163945DB009}.Nsis|Any CPU.Build.0 = Release|Any CPU
		{2541686B-1673-43BF-AF89-3163945DB009}.Nsis|Mixed Platforms.ActiveCfg = Release|Any CPU
		{2541686B-1673-43BF-AF89-3163945DB009}.Nsis|Mixed Platforms.Build.0 = Release|Any CPU
		{2541686B-1673-43BF-AF89-3163945DB009}.Nsis|Win32.ActiveCfg = Release|Any CPU
		{2541686B-1673-43BF-AF89-3163945DB009}.Nsis|x86.ActiveCfg = Release|Any CPU
		{2541686B-1673-43BF-AF89-3163945DB009}.Release 1.1|Any CPU.ActiveCfg = Release|Any CPU
		{2541686B-1673-43BF-AF89-3163945DB009}.Release 1.1|Any CPU.Build.0 = Release|Any CPU
		{2541686B-1673-43BF-AF89-3163945DB009}.Release 1.1|Mixed Platforms.ActiveCfg = Release|Any CPU
		{2541686B-1673-43BF-AF89-3163945DB009}.Release 1.1|Mixed Platforms.Build.0 = Release|Any CPU
		{2541686B-1673-43BF-AF89-3163945DB009}.Release 1.1|Win32.ActiveCfg = Release|Any CPU
		{2541686B-1673-43BF-AF89-3163945DB009}.Release 1.1|x86.ActiveCfg = Release|Any CPU
		{2541686B-1673-43BF-AF89-3163945DB009}.Release|Any CPU.ActiveCfg = Release|Any CPU
		{2541686B-1673-43BF-AF89-3163945DB009}.Release|Any CPU.Build.0 = Release|Any CPU
		{2541686B-1673-43BF-AF89-3163945DB009}.Release|Mixed Platforms.ActiveCfg = Release|Any CPU
		{2541686B-1673-43BF-AF89-3163945DB009}.Release|Mixed Platforms.Build.0 = Release|Any CPU
		{2541686B-1673-43BF-AF89-3163945DB009}.Release|Win32.ActiveCfg = Release|Any CPU
		{2541686B-1673-43BF-AF89-3163945DB009}.Release|x86.ActiveCfg = Release|Any CPU
		{53F12A60-E9CC-44BC-8366-1AE3AB2B547D}.Debug 1.1|Any CPU.ActiveCfg = Debug|Any CPU
		{53F12A60-E9CC-44BC-8366-1AE3AB2B547D}.Debug 1.1|Any CPU.Build.0 = Debug|Any CPU
		{53F12A60-E9CC-44BC-8366-1AE3AB2B547D}.Debug 1.1|Mixed Platforms.ActiveCfg = Debug|Any CPU
		{53F12A60-E9CC-44BC-8366-1AE3AB2B547D}.Debug 1.1|Mixed Platforms.Build.0 = Debug|Any CPU
		{53F12A60-E9CC-44BC-8366-1AE3AB2B547D}.Debug 1.1|Win32.ActiveCfg = Debug|Any CPU
		{53F12A60-E9CC-44BC-8366-1AE3AB2B547D}.Debug 1.1|x86.ActiveCfg = Debug|Any CPU
		{53F12A60-E9CC-44BC-8366-1AE3AB2B547D}.Debug|Any CPU.ActiveCfg = Debug|Any CPU
		{53F12A60-E9CC-44BC-8366-1AE3AB2B547D}.Debug|Any CPU.Build.0 = Debug|Any CPU
		{53F12A60-E9CC-44BC-8366-1AE3AB2B547D}.Debug|Mixed Platforms.ActiveCfg = Debug|Any CPU
		{53F12A60-E9CC-44BC-8366-1AE3AB2B547D}.Debug|Mixed Platforms.Build.0 = Debug|Any CPU
		{53F12A60-E9CC-44BC-8366-1AE3AB2B547D}.Debug|Win32.ActiveCfg = Debug|Any CPU
		{53F12A60-E9CC-44BC-8366-1AE3AB2B547D}.Debug|x86.ActiveCfg = Debug|Any CPU
		{53F12A60-E9CC-44BC-8366-1AE3AB2B547D}.Documentation|Any CPU.ActiveCfg = Debug|Any CPU
		{53F12A60-E9CC-44BC-8366-1AE3AB2B547D}.Documentation|Any CPU.Build.0 = Debug|Any CPU
		{53F12A60-E9CC-44BC-8366-1AE3AB2B547D}.Documentation|Mixed Platforms.ActiveCfg = Debug|Any CPU
		{53F12A60-E9CC-44BC-8366-1AE3AB2B547D}.Documentation|Mixed Platforms.Build.0 = Debug|Any CPU
		{53F12A60-E9CC-44BC-8366-1AE3AB2B547D}.Documentation|Win32.ActiveCfg = Debug|Any CPU
		{53F12A60-E9CC-44BC-8366-1AE3AB2B547D}.Documentation|x86.ActiveCfg = Debug|Any CPU
		{53F12A60-E9CC-44BC-8366-1AE3AB2B547D}.Nsis|Any CPU.ActiveCfg = Release|Any CPU
		{53F12A60-E9CC-44BC-8366-1AE3AB2B547D}.Nsis|Any CPU.Build.0 = Release|Any CPU
		{53F12A60-E9CC-44BC-8366-1AE3AB2B547D}.Nsis|Mixed Platforms.ActiveCfg = Release|Any CPU
		{53F12A60-E9CC-44BC-8366-1AE3AB2B547D}.Nsis|Mixed Platforms.Build.0 = Release|Any CPU
		{53F12A60-E9CC-44BC-8366-1AE3AB2B547D}.Nsis|Win32.ActiveCfg = Release|Any CPU
		{53F12A60-E9CC-44BC-8366-1AE3AB2B547D}.Nsis|x86.ActiveCfg = Release|Any CPU
		{53F12A60-E9CC-44BC-8366-1AE3AB2B547D}.Release 1.1|Any CPU.ActiveCfg = Release|Any CPU
		{53F12A60-E9CC-44BC-8366-1AE3AB2B547D}.Release 1.1|Any CPU.Build.0 = Release|Any CPU
		{53F12A60-E9CC-44BC-8366-1AE3AB2B547D}.Release 1.1|Mixed Platforms.ActiveCfg = Release|Any CPU
		{53F12A60-E9CC-44BC-8366-1AE3AB2B547D}.Release 1.1|Mixed Platforms.Build.0 = Release|Any CPU
		{53F12A60-E9CC-44BC-8366-1AE3AB2B547D}.Release 1.1|Win32.ActiveCfg = Release|Any CPU
		{53F12A60-E9CC-44BC-8366-1AE3AB2B547D}.Release 1.1|x86.ActiveCfg = Release|Any CPU
		{53F12A60-E9CC-44BC-8366-1AE3AB2B547D}.Release|Any CPU.ActiveCfg = Release|Any CPU
		{53F12A60-E9CC-44BC-8366-1AE3AB2B547D}.Release|Any CPU.Build.0 = Release|Any CPU
		{53F12A60-E9CC-44BC-8366-1AE3AB2B547D}.Release|Mixed Platforms.ActiveCfg = Release|Any CPU
		{53F12A60-E9CC-44BC-8366-1AE3AB2B547D}.Release|Mixed Platforms.Build.0 = Release|Any CPU
		{53F12A60-E9CC-44BC-8366-1AE3AB2B547D}.Release|Win32.ActiveCfg = Release|Any CPU
		{53F12A60-E9CC-44BC-8366-1AE3AB2B547D}.Release|x86.ActiveCfg = Release|Any CPU
		{ABB32A29-AF50-47FA-B243-5FD75A5ABA54}.Debug 1.1|Any CPU.ActiveCfg = Debug|Any CPU
		{ABB32A29-AF50-47FA-B243-5FD75A5ABA54}.Debug 1.1|Any CPU.Build.0 = Debug|Any CPU
		{ABB32A29-AF50-47FA-B243-5FD75A5ABA54}.Debug 1.1|Mixed Platforms.ActiveCfg = Debug|Any CPU
		{ABB32A29-AF50-47FA-B243-5FD75A5ABA54}.Debug 1.1|Mixed Platforms.Build.0 = Debug|Any CPU
		{ABB32A29-AF50-47FA-B243-5FD75A5ABA54}.Debug 1.1|Win32.ActiveCfg = Debug|Any CPU
		{ABB32A29-AF50-47FA-B243-5FD75A5ABA54}.Debug 1.1|x86.ActiveCfg = Debug|Any CPU
		{ABB32A29-AF50-47FA-B243-5FD75A5ABA54}.Debug|Any CPU.ActiveCfg = Debug|Any CPU
		{ABB32A29-AF50-47FA-B243-5FD75A5ABA54}.Debug|Any CPU.Build.0 = Debug|Any CPU
		{ABB32A29-AF50-47FA-B243-5FD75A5ABA54}.Debug|Mixed Platforms.ActiveCfg = Debug|Any CPU
		{ABB32A29-AF50-47FA-B243-5FD75A5ABA54}.Debug|Mixed Platforms.Build.0 = Debug|Any CPU
		{ABB32A29-AF50-47FA-B243-5FD75A5ABA54}.Debug|Win32.ActiveCfg = Debug|Any CPU
		{ABB32A29-AF50-47FA-B243-5FD75A5ABA54}.Debug|x86.ActiveCfg = Debug|Any CPU
		{ABB32A29-AF50-47FA-B243-5FD75A5ABA54}.Documentation|Any CPU.ActiveCfg = Debug|Any CPU
		{ABB32A29-AF50-47FA-B243-5FD75A5ABA54}.Documentation|Any CPU.Build.0 = Debug|Any CPU
		{ABB32A29-AF50-47FA-B243-5FD75A5ABA54}.Documentation|Mixed Platforms.ActiveCfg = Debug|Any CPU
		{ABB32A29-AF50-47FA-B243-5FD75A5ABA54}.Documentation|Mixed Platforms.Build.0 = Debug|Any CPU
		{ABB32A29-AF50-47FA-B243-5FD75A5ABA54}.Documentation|Win32.ActiveCfg = Debug|Any CPU
		{ABB32A29-AF50-47FA-B243-5FD75A5ABA54}.Documentation|x86.ActiveCfg = Debug|Any CPU
		{ABB32A29-AF50-47FA-B243-5FD75A5ABA54}.Nsis|Any CPU.ActiveCfg = Release|Any CPU
		{ABB32A29-AF50-47FA-B243-5FD75A5ABA54}.Nsis|Any CPU.Build.0 = Release|Any CPU
		{ABB32A29-AF50-47FA-B243-5FD75A5ABA54}.Nsis|Mixed Platforms.ActiveCfg = Release|Any CPU
		{ABB32A29-AF50-47FA-B243-5FD75A5ABA54}.Nsis|Mixed Platforms.Build.0 = Release|Any CPU
		{ABB32A29-AF50-47FA-B243-5FD75A5ABA54}.Nsis|Win32.ActiveCfg = Release|Any CPU
		{ABB32A29-AF50-47FA-B243-5FD75A5ABA54}.Nsis|x86.ActiveCfg = Release|Any CPU
		{ABB32A29-AF50-47FA-B243-5FD75A5ABA54}.Release 1.1|Any CPU.ActiveCfg = Release|Any CPU
		{ABB32A29-AF50-47FA-B243-5FD75A5ABA54}.Release 1.1|Any CPU.Build.0 = Release|Any CPU
		{ABB32A29-AF50-47FA-B243-5FD75A5ABA54}.Release 1.1|Mixed Platforms.ActiveCfg = Release|Any CPU
		{ABB32A29-AF50-47FA-B243-5FD75A5ABA54}.Release 1.1|Mixed Platforms.Build.0 = Release|Any CPU
		{ABB32A29-AF50-47FA-B243-5FD75A5ABA54}.Release 1.1|Win32.ActiveCfg = Release|Any CPU
		{ABB32A29-AF50-47FA-B243-5FD75A5ABA54}.Release 1.1|x86.ActiveCfg = Release|Any CPU
		{ABB32A29-AF50-47FA-B243-5FD75A5ABA54}.Release|Any CPU.ActiveCfg = Release|Any CPU
		{ABB32A29-AF50-47FA-B243-5FD75A5ABA54}.Release|Any CPU.Build.0 = Release|Any CPU
		{ABB32A29-AF50-47FA-B243-5FD75A5ABA54}.Release|Mixed Platforms.ActiveCfg = Release|Any CPU
		{ABB32A29-AF50-47FA-B243-5FD75A5ABA54}.Release|Mixed Platforms.Build.0 = Release|Any CPU
		{ABB32A29-AF50-47FA-B243-5FD75A5ABA54}.Release|Win32.ActiveCfg = Release|Any CPU
		{ABB32A29-AF50-47FA-B243-5FD75A5ABA54}.Release|x86.ActiveCfg = Release|Any CPU
		{29976BA4-A04D-4A80-A866-098C879C2FDE}.Debug 1.1|Any CPU.ActiveCfg = Debug|Any CPU
		{29976BA4-A04D-4A80-A866-098C879C2FDE}.Debug 1.1|Any CPU.Build.0 = Debug|Any CPU
		{29976BA4-A04D-4A80-A866-098C879C2FDE}.Debug 1.1|Mixed Platforms.ActiveCfg = Debug|Any CPU
		{29976BA4-A04D-4A80-A866-098C879C2FDE}.Debug 1.1|Mixed Platforms.Build.0 = Debug|Any CPU
		{29976BA4-A04D-4A80-A866-098C879C2FDE}.Debug 1.1|Win32.ActiveCfg = Debug|Any CPU
		{29976BA4-A04D-4A80-A866-098C879C2FDE}.Debug 1.1|x86.ActiveCfg = Debug|Any CPU
		{29976BA4-A04D-4A80-A866-098C879C2FDE}.Debug|Any CPU.ActiveCfg = Debug|Any CPU
		{29976BA4-A04D-4A80-A866-098C879C2FDE}.Debug|Any CPU.Build.0 = Debug|Any CPU
		{29976BA4-A04D-4A80-A866-098C879C2FDE}.Debug|Mixed Platforms.ActiveCfg = Debug|Any CPU
		{29976BA4-A04D-4A80-A866-098C879C2FDE}.Debug|Mixed Platforms.Build.0 = Debug|Any CPU
		{29976BA4-A04D-4A80-A866-098C879C2FDE}.Debug|Win32.ActiveCfg = Debug|Any CPU
		{29976BA4-A04D-4A80-A866-098C879C2FDE}.Debug|x86.ActiveCfg = Debug|Any CPU
		{29976BA4-A04D-4A80-A866-098C879C2FDE}.Documentation|Any CPU.ActiveCfg = Debug|Any CPU
		{29976BA4-A04D-4A80-A866-098C879C2FDE}.Documentation|Any CPU.Build.0 = Debug|Any CPU
		{29976BA4-A04D-4A80-A866-098C879C2FDE}.Documentation|Mixed Platforms.ActiveCfg = Debug|Any CPU
		{29976BA4-A04D-4A80-A866-098C879C2FDE}.Documentation|Mixed Platforms.Build.0 = Debug|Any CPU
		{29976BA4-A04D-4A80-A866-098C879C2FDE}.Documentation|Win32.ActiveCfg = Debug|Any CPU
		{29976BA4-A04D-4A80-A866-098C879C2FDE}.Documentation|x86.ActiveCfg = Debug|Any CPU
		{29976BA4-A04D-4A80-A866-098C879C2FDE}.Nsis|Any CPU.ActiveCfg = Release|Any CPU
		{29976BA4-A04D-4A80-A866-098C879C2FDE}.Nsis|Any CPU.Build.0 = Release|Any CPU
		{29976BA4-A04D-4A80-A866-098C879C2FDE}.Nsis|Mixed Platforms.ActiveCfg = Release|Any CPU
		{29976BA4-A04D-4A80-A866-098C879C2FDE}.Nsis|Mixed Platforms.Build.0 = Release|Any CPU
		{29976BA4-A04D-4A80-A866-098C879C2FDE}.Nsis|Win32.ActiveCfg = Release|Any CPU
		{29976BA4-A04D-4A80-A866-098C879C2FDE}.Nsis|x86.ActiveCfg = Release|Any CPU
		{29976BA4-A04D-4A80-A866-098C879C2FDE}.Release 1.1|Any CPU.ActiveCfg = Release|Any CPU
		{29976BA4-A04D-4A80-A866-098C879C2FDE}.Release 1.1|Any CPU.Build.0 = Release|Any CPU
		{29976BA4-A04D-4A80-A866-098C879C2FDE}.Release 1.1|Mixed Platforms.ActiveCfg = Release|Any CPU
		{29976BA4-A04D-4A80-A866-098C879C2FDE}.Release 1.1|Mixed Platforms.Build.0 = Release|Any CPU
		{29976BA4-A04D-4A80-A866-098C879C2FDE}.Release 1.1|Win32.ActiveCfg = Release|Any CPU
		{29976BA4-A04D-4A80-A866-098C879C2FDE}.Release 1.1|x86.ActiveCfg = Release|Any CPU
		{29976BA4-A04D-4A80-A866-098C879C2FDE}.Release|Any CPU.ActiveCfg = Release|Any CPU
		{29976BA4-A04D-4A80-A866-098C879C2FDE}.Release|Any CPU.Build.0 = Release|Any CPU
		{29976BA4-A04D-4A80-A866-098C879C2FDE}.Release|Mixed Platforms.ActiveCfg = Release|Any CPU
		{29976BA4-A04D-4A80-A866-098C879C2FDE}.Release|Mixed Platforms.Build.0 = Release|Any CPU
		{29976BA4-A04D-4A80-A866-098C879C2FDE}.Release|Win32.ActiveCfg = Release|Any CPU
		{29976BA4-A04D-4A80-A866-098C879C2FDE}.Release|x86.ActiveCfg = Release|Any CPU
		{59129078-7B12-4198-B93E-0AA08D0BB7ED}.Debug 1.1|Any CPU.ActiveCfg = Debug|Any CPU
		{59129078-7B12-4198-B93E-0AA08D0BB7ED}.Debug 1.1|Any CPU.Build.0 = Debug|Any CPU
		{59129078-7B12-4198-B93E-0AA08D0BB7ED}.Debug 1.1|Mixed Platforms.ActiveCfg = Debug|Any CPU
		{59129078-7B12-4198-B93E-0AA08D0BB7ED}.Debug 1.1|Mixed Platforms.Build.0 = Debug|Any CPU
		{59129078-7B12-4198-B93E-0AA08D0BB7ED}.Debug 1.1|Win32.ActiveCfg = Debug|Any CPU
		{59129078-7B12-4198-B93E-0AA08D0BB7ED}.Debug 1.1|x86.ActiveCfg = Debug|Any CPU
		{59129078-7B12-4198-B93E-0AA08D0BB7ED}.Debug|Any CPU.ActiveCfg = Debug|Any CPU
		{59129078-7B12-4198-B93E-0AA08D0BB7ED}.Debug|Any CPU.Build.0 = Debug|Any CPU
		{59129078-7B12-4198-B93E-0AA08D0BB7ED}.Debug|Mixed Platforms.ActiveCfg = Debug|Any CPU
		{59129078-7B12-4198-B93E-0AA08D0BB7ED}.Debug|Mixed Platforms.Build.0 = Debug|Any CPU
		{59129078-7B12-4198-B93E-0AA08D0BB7ED}.Debug|Win32.ActiveCfg = Debug|Any CPU
		{59129078-7B12-4198-B93E-0AA08D0BB7ED}.Debug|x86.ActiveCfg = Debug|Any CPU
		{59129078-7B12-4198-B93E-0AA08D0BB7ED}.Documentation|Any CPU.ActiveCfg = Debug|Any CPU
		{59129078-7B12-4198-B93E-0AA08D0BB7ED}.Documentation|Any CPU.Build.0 = Debug|Any CPU
		{59129078-7B12-4198-B93E-0AA08D0BB7ED}.Documentation|Mixed Platforms.ActiveCfg = Debug|Any CPU
		{59129078-7B12-4198-B93E-0AA08D0BB7ED}.Documentation|Mixed Platforms.Build.0 = Debug|Any CPU
		{59129078-7B12-4198-B93E-0AA08D0BB7ED}.Documentation|Win32.ActiveCfg = Debug|Any CPU
		{59129078-7B12-4198-B93E-0AA08D0BB7ED}.Documentation|x86.ActiveCfg = Debug|Any CPU
		{59129078-7B12-4198-B93E-0AA08D0BB7ED}.Nsis|Any CPU.ActiveCfg = Release|Any CPU
		{59129078-7B12-4198-B93E-0AA08D0BB7ED}.Nsis|Any CPU.Build.0 = Release|Any CPU
		{59129078-7B12-4198-B93E-0AA08D0BB7ED}.Nsis|Mixed Platforms.ActiveCfg = Release|Any CPU
		{59129078-7B12-4198-B93E-0AA08D0BB7ED}.Nsis|Mixed Platforms.Build.0 = Release|Any CPU
		{59129078-7B12-4198-B93E-0AA08D0BB7ED}.Nsis|Win32.ActiveCfg = Release|Any CPU
		{59129078-7B12-4198-B93E-0AA08D0BB7ED}.Nsis|x86.ActiveCfg = Release|Any CPU
		{59129078-7B12-4198-B93E-0AA08D0BB7ED}.Release 1.1|Any CPU.ActiveCfg = Release|Any CPU
		{59129078-7B12-4198-B93E-0AA08D0BB7ED}.Release 1.1|Any CPU.Build.0 = Release|Any CPU
		{59129078-7B12-4198-B93E-0AA08D0BB7ED}.Release 1.1|Mixed Platforms.ActiveCfg = Release|Any CPU
		{59129078-7B12-4198-B93E-0AA08D0BB7ED}.Release 1.1|Mixed Platforms.Build.0 = Release|Any CPU
		{59129078-7B12-4198-B93E-0AA08D0BB7ED}.Release 1.1|Win32.ActiveCfg = Release|Any CPU
		{59129078-7B12-4198-B93E-0AA08D0BB7ED}.Release 1.1|x86.ActiveCfg = Release|Any CPU
		{59129078-7B12-4198-B93E-0AA08D0BB7ED}.Release|Any CPU.ActiveCfg = Release|Any CPU
		{59129078-7B12-4198-B93E-0AA08D0BB7ED}.Release|Any CPU.Build.0 = Release|Any CPU
		{59129078-7B12-4198-B93E-0AA08D0BB7ED}.Release|Mixed Platforms.ActiveCfg = Release|Any CPU
		{59129078-7B12-4198-B93E-0AA08D0BB7ED}.Release|Mixed Platforms.Build.0 = Release|Any CPU
		{59129078-7B12-4198-B93E-0AA08D0BB7ED}.Release|Win32.ActiveCfg = Release|Any CPU
		{59129078-7B12-4198-B93E-0AA08D0BB7ED}.Release|x86.ActiveCfg = Release|Any CPU
	EndGlobalSection
	GlobalSection(SolutionProperties) = preSolution
		HideSolutionNode = FALSE
	EndGlobalSection
EndGlobal
