
Microsoft Visual Studio Solution File, Format Version 11.00
# Visual Studio 2010
Project("{FAE04EC0-301F-11D3-BF4B-00C04F79EFBC}") = "ArdupilotMega", "ArdupilotMega.csproj", "{A2E22272-95FE-47B6-B050-9AE7E2055BF5}"
	ProjectSection(ProjectDependencies) = postProject
		{E64A1A41-A5B0-458E-8284-BB63705354DA} = {E64A1A41-A5B0-458E-8284-BB63705354DA}
		{B46F6C6C-9184-41AF-8F8B-E0084752CA7C} = {B46F6C6C-9184-41AF-8F8B-E0084752CA7C}
		{76374F95-C343-4ACC-B86F-7ECFDD668F46} = {76374F95-C343-4ACC-B86F-7ECFDD668F46}
	EndProjectSection
EndProject
Project("{FAE04EC0-301F-11D3-BF4B-00C04F79EFBC}") = "Updater", "Updater\Updater.csproj", "{E64A1A41-A5B0-458E-8284-BB63705354DA}"
EndProject
Project("{FAE04EC0-301F-11D3-BF4B-00C04F79EFBC}") = "wix", "wix\wix.csproj", "{76374F95-C343-4ACC-B86F-7ECFDD668F46}"
EndProject
Project("{FAE04EC0-301F-11D3-BF4B-00C04F79EFBC}") = "3DRRadio", "3DRRadio\3DRRadio.csproj", "{B8943726-04B0-4477-BFDA-E156A0CD98A4}"
EndProject
Project("{FAE04EC0-301F-11D3-BF4B-00C04F79EFBC}") = "AviFile", "ExtLibs\AviFile\AviFile.csproj", "{ABB32A29-AF50-47FA-B243-5FD75A5ABA54}"
EndProject
Project("{FAE04EC0-301F-11D3-BF4B-00C04F79EFBC}") = "Core", "ExtLibs\Core\Core.csproj", "{59129078-7B12-4198-B93E-0AA08D0BB7ED}"
EndProject
Project("{FAE04EC0-301F-11D3-BF4B-00C04F79EFBC}") = "CsAssortedWidgets", "ExtLibs\CsAssortedWidgets\CsAssortedWidgets.csproj", "{3B933839-C505-48D4-A5CE-D9375C88E943}"
EndProject
Project("{FAE04EC0-301F-11D3-BF4B-00C04F79EFBC}") = "OpenTK.GLControl", "ExtLibs\GLControl\OpenTK.GLControl.csproj", "{A625BE88-0000-0000-0000-000000000000}"
EndProject
Project("{FAE04EC0-301F-11D3-BF4B-00C04F79EFBC}") = "GMap.NET.Core", "ExtLibs\GMap.NET.Core\GMap.NET.Core.csproj", "{D0C39D9D-BED0-418B-9A5E-713176CAF40C}"
EndProject
Project("{FAE04EC0-301F-11D3-BF4B-00C04F79EFBC}") = "GMap.NET.WindowsForms", "ExtLibs\GMap.NET.WindowsForms\GMap.NET.WindowsForms.csproj", "{E06DEF77-F933-42FB-AFD7-DB2D0D8D6A98}"
EndProject
Project("{FAE04EC0-301F-11D3-BF4B-00C04F79EFBC}") = "KMLib", "ExtLibs\KMLib\KMLib.csproj", "{29976BA4-A04D-4A80-A866-098C879C2FDE}"
EndProject
Project("{FAE04EC0-301F-11D3-BF4B-00C04F79EFBC}") = "SharpKml", "ExtLibs\SharpKml\SharpKml.csproj", "{53F12A60-E9CC-44BC-8366-1AE3AB2B547D}"
EndProject
Project("{FAE04EC0-301F-11D3-BF4B-00C04F79EFBC}") = "ZedGraph", "ExtLibs\ZedGraph\ZedGraph.csproj", "{2541686B-1673-43BF-AF89-3163945DB009}"
EndProject
Project("{FAE04EC0-301F-11D3-BF4B-00C04F79EFBC}") = "BSE.Windows.Forms", "ExtLibs\BSE.Windows.Forms\BSE.Windows.Forms.csproj", "{9CA367B8-0B98-49D1-84FB-735E612E3BA9}"
EndProject
Project("{FAE04EC0-301F-11D3-BF4B-00C04F79EFBC}") = "MetaDataExtractor", "ExtLibs\MetaDataExtractorCSharp240d\MetaDataExtractor.csproj", "{B46F6C6C-9184-41AF-8F8B-E0084752CA7C}"
EndProject
Project("{FAE04EC0-301F-11D3-BF4B-00C04F79EFBC}") = "BaseClasses", "ExtLibs\BaseClasses\BaseClasses.csproj", "{2A8E8AF5-74E7-49DB-A42E-9360FA7A6CC4}"
EndProject
Global
	GlobalSection(SolutionConfigurationPlatforms) = preSolution
		Debug|x86 = Debug|x86
		Release|x86 = Release|x86
	EndGlobalSection
	GlobalSection(ProjectConfigurationPlatforms) = postSolution
		{A2E22272-95FE-47B6-B050-9AE7E2055BF5}.Debug|x86.ActiveCfg = Debug|x86
		{A2E22272-95FE-47B6-B050-9AE7E2055BF5}.Debug|x86.Build.0 = Debug|x86
		{A2E22272-95FE-47B6-B050-9AE7E2055BF5}.Release|x86.ActiveCfg = Release|x86
		{A2E22272-95FE-47B6-B050-9AE7E2055BF5}.Release|x86.Build.0 = Release|x86
		{E64A1A41-A5B0-458E-8284-BB63705354DA}.Debug|x86.ActiveCfg = Debug|x86
		{E64A1A41-A5B0-458E-8284-BB63705354DA}.Release|x86.ActiveCfg = Release|x86
		{E64A1A41-A5B0-458E-8284-BB63705354DA}.Release|x86.Build.0 = Release|x86
		{76374F95-C343-4ACC-B86F-7ECFDD668F46}.Debug|x86.ActiveCfg = Debug|x86
		{76374F95-C343-4ACC-B86F-7ECFDD668F46}.Release|x86.ActiveCfg = Release|x86
		{76374F95-C343-4ACC-B86F-7ECFDD668F46}.Release|x86.Build.0 = Release|x86
		{B8943726-04B0-4477-BFDA-E156A0CD98A4}.Debug|x86.ActiveCfg = Debug|x86
		{B8943726-04B0-4477-BFDA-E156A0CD98A4}.Release|x86.ActiveCfg = Release|x86
		{B8943726-04B0-4477-BFDA-E156A0CD98A4}.Release|x86.Build.0 = Release|x86
		{ABB32A29-AF50-47FA-B243-5FD75A5ABA54}.Debug|x86.ActiveCfg = Debug|Any CPU
		{ABB32A29-AF50-47FA-B243-5FD75A5ABA54}.Release|x86.ActiveCfg = Release|Any CPU
		{59129078-7B12-4198-B93E-0AA08D0BB7ED}.Debug|x86.ActiveCfg = Debug|Any CPU
		{59129078-7B12-4198-B93E-0AA08D0BB7ED}.Release|x86.ActiveCfg = Release|Any CPU
		{3B933839-C505-48D4-A5CE-D9375C88E943}.Debug|x86.ActiveCfg = Debug|x86
		{3B933839-C505-48D4-A5CE-D9375C88E943}.Release|x86.ActiveCfg = Release|x86
		{3B933839-C505-48D4-A5CE-D9375C88E943}.Release|x86.Build.0 = Release|x86
		{A625BE88-0000-0000-0000-000000000000}.Debug|x86.ActiveCfg = Debug|Any CPU
		{A625BE88-0000-0000-0000-000000000000}.Release|x86.ActiveCfg = Release|Any CPU
		{D0C39D9D-BED0-418B-9A5E-713176CAF40C}.Debug|x86.ActiveCfg = Debug|Any CPU
		{D0C39D9D-BED0-418B-9A5E-713176CAF40C}.Release|x86.ActiveCfg = Release|Any CPU
		{E06DEF77-F933-42FB-AFD7-DB2D0D8D6A98}.Debug|x86.ActiveCfg = Debug|Any CPU
		{E06DEF77-F933-42FB-AFD7-DB2D0D8D6A98}.Release|x86.ActiveCfg = Release|Any CPU
		{29976BA4-A04D-4A80-A866-098C879C2FDE}.Debug|x86.ActiveCfg = Debug|Any CPU
		{29976BA4-A04D-4A80-A866-098C879C2FDE}.Release|x86.ActiveCfg = Release|Any CPU
		{53F12A60-E9CC-44BC-8366-1AE3AB2B547D}.Debug|x86.ActiveCfg = Debug|Any CPU
		{53F12A60-E9CC-44BC-8366-1AE3AB2B547D}.Release|x86.ActiveCfg = Release|Any CPU
		{2541686B-1673-43BF-AF89-3163945DB009}.Debug|x86.ActiveCfg = Debug|Any CPU
		{2541686B-1673-43BF-AF89-3163945DB009}.Release|x86.ActiveCfg = Release|Any CPU
		{9CA367B8-0B98-49D1-84FB-735E612E3BA9}.Debug|x86.ActiveCfg = Debug|Any CPU
		{9CA367B8-0B98-49D1-84FB-735E612E3BA9}.Release|x86.ActiveCfg = Release|Any CPU
		{B46F6C6C-9184-41AF-8F8B-E0084752CA7C}.Debug|x86.ActiveCfg = Debug|Any CPU
		{B46F6C6C-9184-41AF-8F8B-E0084752CA7C}.Release|x86.ActiveCfg = Release|Any CPU
		{2A8E8AF5-74E7-49DB-A42E-9360FA7A6CC4}.Debug|x86.ActiveCfg = Debug|Any CPU
		{2A8E8AF5-74E7-49DB-A42E-9360FA7A6CC4}.Release|x86.ActiveCfg = Release|Any CPU
	EndGlobalSection
	GlobalSection(SolutionProperties) = preSolution
		HideSolutionNode = FALSE
	EndGlobalSection
EndGlobal
