
Microsoft Visual Studio Solution File, Format Version 12.00
# Visual Studio 15
VisualStudioVersion = 15.0.27130.2036
MinimumVisualStudioVersion = 10.0.40219.1
Project("{9A19103F-16F7-4668-BE54-9A1E7A4F7556}") = "MissionPlanner", "MissionPlanner.csproj", "{A2E22272-95FE-47B6-B050-9AE7E2055BF5}"
EndProject
Project("{FAE04EC0-301F-11D3-BF4B-00C04F79EFBC}") = "Updater", "Updater\Updater.csproj", "{E64A1A41-A5B0-458E-8284-BB63705354DA}"
EndProject
Project("{FAE04EC0-301F-11D3-BF4B-00C04F79EFBC}") = "wix", "wix\wix.csproj", "{76374F95-C343-4ACC-B86F-7ECFDD668F46}"
EndProject
Project("{2150E333-8FDC-42A3-9474-1A3956D46DE8}") = "Plugins", "Plugins", "{9B3AC501-5FCB-4A2A-A628-BE0985DB2BD4}"
EndProject
Project("{9A19103F-16F7-4668-BE54-9A1E7A4F7556}") = "MissionPlanner.Stats", "ExtLibs\MissionPlanner.Stats\MissionPlanner.Stats.csproj", "{6A6F4345-0A45-413E-B6D6-FD73660DAD4C}"
EndProject
Project("{9A19103F-16F7-4668-BE54-9A1E7A4F7556}") = "TrackerHomeGPS", "ExtLibs\TrackerHome\TrackerHomeGPS.csproj", "{94C380C1-566A-4D86-855B-2E987851BF0A}"
EndProject
Project("{9A19103F-16F7-4668-BE54-9A1E7A4F7556}") = "MissionPlanner.SimpleGrid", "ExtLibs\SimpleGrid\MissionPlanner.SimpleGrid.csproj", "{28D0BEF6-D69C-43AB-A22C-724F116D50EA}"
EndProject
Project("{9A19103F-16F7-4668-BE54-9A1E7A4F7556}") = "MissionPlanner.Gridv2", "ExtLibs\MissionPlanner.Gridv2\MissionPlanner.Gridv2.csproj", "{A7AA6037-BF11-473E-94F9-717276FE080C}"
EndProject
Project("{2150E333-8FDC-42A3-9474-1A3956D46DE8}") = "ExtLibs", "ExtLibs", "{7E264F12-9EC3-4CDC-A187-6879C2B2BFCF}"
EndProject
Project("{9A19103F-16F7-4668-BE54-9A1E7A4F7556}") = "AviFile", "ExtLibs\AviFile\AviFile.csproj", "{ABB32A29-AF50-47FA-B243-5FD75A5ABA54}"
EndProject
Project("{9A19103F-16F7-4668-BE54-9A1E7A4F7556}") = "Core", "ExtLibs\Core\Core.csproj", "{59129078-7B12-4198-B93E-0AA08D0BB7ED}"
EndProject
Project("{9A19103F-16F7-4668-BE54-9A1E7A4F7556}") = "KMLib", "ExtLibs\KMLib\KMLib.csproj", "{29976BA4-A04D-4A80-A866-098C879C2FDE}"
EndProject
Project("{9A19103F-16F7-4668-BE54-9A1E7A4F7556}") = "SharpKml", "ExtLibs\SharpKml\SharpKml.csproj", "{53F12A60-E9CC-44BC-8366-1AE3AB2B547D}"
EndProject
Project("{FAE04EC0-301F-11D3-BF4B-00C04F79EFBC}") = "ZedGraph", "ExtLibs\ZedGraph\ZedGraph.csproj", "{2541686B-1673-43BF-AF89-3163945DB009}"
EndProject
Project("{FAE04EC0-301F-11D3-BF4B-00C04F79EFBC}") = "BSE.Windows.Forms", "ExtLibs\BSE.Windows.Forms\BSE.Windows.Forms.csproj", "{9CA367B8-0B98-49D1-84FB-735E612E3BA9}"
EndProject
Project("{9A19103F-16F7-4668-BE54-9A1E7A4F7556}") = "MetaDataExtractor", "ExtLibs\MetaDataExtractorCSharp240d\MetaDataExtractor.csproj", "{B46F6C6C-9184-41AF-8F8B-E0084752CA7C}"
EndProject
Project("{FAE04EC0-301F-11D3-BF4B-00C04F79EFBC}") = "BaseClasses", "ExtLibs\BaseClasses\BaseClasses.csproj", "{2A8E8AF5-74E7-49DB-A42E-9360FA7A6CC4}"
EndProject
Project("{FAE04EC0-301F-11D3-BF4B-00C04F79EFBC}") = "MissionPlanner.Controls", "ExtLibs\Controls\MissionPlanner.Controls.csproj", "{C8B88795-6D01-494D-83AD-6944BD4C5023}"
EndProject
Project("{9A19103F-16F7-4668-BE54-9A1E7A4F7556}") = "MissionPlanner.Comms", "ExtLibs\Comms\MissionPlanner.Comms.csproj", "{825E7A10-390C-4A2B-B3A8-491D14966912}"
EndProject
Project("{9A19103F-16F7-4668-BE54-9A1E7A4F7556}") = "MissionPlanner.Utilities", "ExtLibs\Utilities\MissionPlanner.Utilities.csproj", "{1378A66C-38E4-46F5-A05F-DC04EF7D4D16}"
EndProject
Project("{9A19103F-16F7-4668-BE54-9A1E7A4F7556}") = "GeoUtility", "ExtLibs\GeoUtility\GeoUtility.csproj", "{7F7994CE-823F-4A04-BBEA-D0A3808FF56D}"
EndProject
Project("{9A19103F-16F7-4668-BE54-9A1E7A4F7556}") = "px4uploader", "ExtLibs\px4uploader\px4uploader.csproj", "{664FC484-2A94-4B0D-808F-A71F88E06B11}"
EndProject
Project("{9A19103F-16F7-4668-BE54-9A1E7A4F7556}") = "GMap.NET.Core", "ExtLibs\GMap.NET.Core\GMap.NET.Core.csproj", "{D0C39D9D-BED0-418B-9A5E-713176CAF40C}"
EndProject
Project("{FAE04EC0-301F-11D3-BF4B-00C04F79EFBC}") = "GMap.NET.WindowsForms", "ExtLibs\GMap.NET.WindowsForms\GMap.NET.WindowsForms.csproj", "{E06DEF77-F933-42FB-AFD7-DB2D0D8D6A98}"
EndProject
Project("{2150E333-8FDC-42A3-9474-1A3956D46DE8}") = ".nuget", ".nuget", "{6A21E082-A0A2-48A3-A631-CF3FE0382DF7}"
	ProjectSection(SolutionItems) = preProject
		.nuget\NuGet.Config = .nuget\NuGet.Config
		.nuget\NuGet.exe = .nuget\NuGet.exe
		.nuget\NuGet.targets = .nuget\NuGet.targets
	EndProjectSection
EndProject
Project("{9A19103F-16F7-4668-BE54-9A1E7A4F7556}") = "tlogThumbnailHandler", "ExtLibs\tlogThumbnailHandler\tlogThumbnailHandler.csproj", "{ABA78B2E-77C3-4377-8568-9542AC227971}"
EndProject
Project("{9A19103F-16F7-4668-BE54-9A1E7A4F7556}") = "ExtGuided", "ExtLibs\ExtGuided\ExtGuided.csproj", "{B5211B56-CA30-4B2A-843B-832849F18CEA}"
EndProject
Project("{9A19103F-16F7-4668-BE54-9A1E7A4F7556}") = "LibVLC.NET", "ExtLibs\LibVLC.NET\LibVLC.NET.csproj", "{BB06DFF7-4F41-4B9D-A3C3-3B6D2B8702B6}"
EndProject
Project("{FAE04EC0-301F-11D3-BF4B-00C04F79EFBC}") = "SikRadio", "SikRadio\SikRadio.csproj", "{B8943726-04B0-4477-BFDA-E156A0CD98A4}"
EndProject
Project("{9A19103F-16F7-4668-BE54-9A1E7A4F7556}") = "ManagedNativeWifi.Simple", "ExtLibs\ManagedNativeWifi.Simple\ManagedNativeWifi.Simple.csproj", "{CCE510F7-1DA6-40F2-8921-B86ED41BB85E}"
EndProject
Project("{9A19103F-16F7-4668-BE54-9A1E7A4F7556}") = "SharpAdbClient", "ExtLibs\SharpAdbClient\SharpAdbClient.csproj", "{65473257-E70F-410B-9269-D0C0F771EA87}"
EndProject
Project("{FAE04EC0-301F-11D3-BF4B-00C04F79EFBC}") = "AltitudeAngelWings", "ExtLibs\AltitudeAngelWings\AltitudeAngelWings.csproj", "{098F542C-7C70-4B9C-B2E2-AC5DC5E0294B}"
EndProject
Project("{9A19103F-16F7-4668-BE54-9A1E7A4F7556}") = "solo", "ExtLibs\solo\solo.csproj", "{CF402948-A3F4-4962-8A57-E40B46759D25}"
EndProject
Project("{9A19103F-16F7-4668-BE54-9A1E7A4F7556}") = "GDAL.NET", "ExtLibs\GDAL\GDAL.NET.csproj", "{766FCF85-4809-44DB-B316-6C4902C65245}"
EndProject
Project("{9A19103F-16F7-4668-BE54-9A1E7A4F7556}") = "MAVLink", "ExtLibs\Mavlink\MAVLink.csproj", "{13D2EC90-C41F-48A1-AADA-859B6DC24EDC}"
EndProject
Project("{9A19103F-16F7-4668-BE54-9A1E7A4F7556}") = "Arduino", "ExtLibs\Arduino\Arduino.csproj", "{DFA3C3B7-F098-4567-A780-A37DC52CA577}"
EndProject
Project("{9A19103F-16F7-4668-BE54-9A1E7A4F7556}") = "Zeroconf", "ExtLibs\Zeroconf\Zeroconf\Zeroconf.csproj", "{F4B60F03-F4C8-42CD-A46D-712838DC184B}"
EndProject
Project("{9A19103F-16F7-4668-BE54-9A1E7A4F7556}") = "Installer", "ExtLibs\Installer\Installer.csproj", "{FF6AA762-7AD3-4F38-94B1-EA75D7B1F217}"
EndProject
Project("{FAE04EC0-301F-11D3-BF4B-00C04F79EFBC}") = "md5sum", "ExtLibs\md5sum\md5sum.csproj", "{624AFC60-565F-4F01-BD51-BCCE7AA09BE9}"
EndProject
Project("{9A19103F-16F7-4668-BE54-9A1E7A4F7556}") = "SvgNet", "ExtLibs\SvgNet\SvgNet.csproj", "{BB4C8021-B5E1-4DE2-82CB-14BDFB9837E4}"
EndProject
Project("{9A19103F-16F7-4668-BE54-9A1E7A4F7556}") = "MissionPlanner.Maps", "ExtLibs\Maps\MissionPlanner.Maps.csproj", "{6C4FF9C3-7AFF-4274-B8FC-4A93A1FAADEA}"
EndProject
Project("{9A19103F-16F7-4668-BE54-9A1E7A4F7556}") = "MissionPlanner.ArduPilot", "ExtLibs\ArduPilot\MissionPlanner.ArduPilot.csproj", "{CA6345D3-7A6D-478B-A0ED-A58E50DCAA83}"
EndProject
Global
	GlobalSection(Performance) = preSolution
		HasPerformanceSessions = true
	EndGlobalSection
	GlobalSection(SolutionConfigurationPlatforms) = preSolution
		Debug|Any CPU = Debug|Any CPU
		Debug|x64 = Debug|x64
		Debug|x86 = Debug|x86
		Release|Any CPU = Release|Any CPU
		Release|x64 = Release|x64
		Release|x86 = Release|x86
	EndGlobalSection
	GlobalSection(ProjectConfigurationPlatforms) = postSolution
		{A2E22272-95FE-47B6-B050-9AE7E2055BF5}.Debug|Any CPU.ActiveCfg = Debug|Any CPU
		{A2E22272-95FE-47B6-B050-9AE7E2055BF5}.Debug|Any CPU.Build.0 = Debug|Any CPU
		{A2E22272-95FE-47B6-B050-9AE7E2055BF5}.Debug|x64.ActiveCfg = Debug|Any CPU
		{A2E22272-95FE-47B6-B050-9AE7E2055BF5}.Debug|x64.Build.0 = Debug|Any CPU
		{A2E22272-95FE-47B6-B050-9AE7E2055BF5}.Debug|x86.ActiveCfg = Debug|Any CPU
		{A2E22272-95FE-47B6-B050-9AE7E2055BF5}.Debug|x86.Build.0 = Debug|Any CPU
		{A2E22272-95FE-47B6-B050-9AE7E2055BF5}.Release|Any CPU.ActiveCfg = Release|Any CPU
		{A2E22272-95FE-47B6-B050-9AE7E2055BF5}.Release|Any CPU.Build.0 = Release|Any CPU
		{A2E22272-95FE-47B6-B050-9AE7E2055BF5}.Release|x64.ActiveCfg = Release|Any CPU
		{A2E22272-95FE-47B6-B050-9AE7E2055BF5}.Release|x64.Build.0 = Release|Any CPU
		{A2E22272-95FE-47B6-B050-9AE7E2055BF5}.Release|x86.ActiveCfg = Release|Any CPU
		{A2E22272-95FE-47B6-B050-9AE7E2055BF5}.Release|x86.Build.0 = Release|Any CPU
		{E64A1A41-A5B0-458E-8284-BB63705354DA}.Debug|Any CPU.ActiveCfg = Debug|Any CPU
		{E64A1A41-A5B0-458E-8284-BB63705354DA}.Debug|Any CPU.Build.0 = Debug|Any CPU
		{E64A1A41-A5B0-458E-8284-BB63705354DA}.Debug|x64.ActiveCfg = Debug|Any CPU
		{E64A1A41-A5B0-458E-8284-BB63705354DA}.Debug|x64.Build.0 = Debug|Any CPU
		{E64A1A41-A5B0-458E-8284-BB63705354DA}.Debug|x86.ActiveCfg = Debug|Any CPU
		{E64A1A41-A5B0-458E-8284-BB63705354DA}.Debug|x86.Build.0 = Debug|Any CPU
		{E64A1A41-A5B0-458E-8284-BB63705354DA}.Release|Any CPU.ActiveCfg = Release|Any CPU
		{E64A1A41-A5B0-458E-8284-BB63705354DA}.Release|Any CPU.Build.0 = Release|Any CPU
		{E64A1A41-A5B0-458E-8284-BB63705354DA}.Release|x64.ActiveCfg = Release|Any CPU
		{E64A1A41-A5B0-458E-8284-BB63705354DA}.Release|x64.Build.0 = Release|Any CPU
		{E64A1A41-A5B0-458E-8284-BB63705354DA}.Release|x86.ActiveCfg = Release|Any CPU
		{E64A1A41-A5B0-458E-8284-BB63705354DA}.Release|x86.Build.0 = Release|Any CPU
		{76374F95-C343-4ACC-B86F-7ECFDD668F46}.Debug|Any CPU.ActiveCfg = Debug|Any CPU
		{76374F95-C343-4ACC-B86F-7ECFDD668F46}.Debug|Any CPU.Build.0 = Debug|Any CPU
		{76374F95-C343-4ACC-B86F-7ECFDD668F46}.Debug|x64.ActiveCfg = Debug|Any CPU
		{76374F95-C343-4ACC-B86F-7ECFDD668F46}.Debug|x64.Build.0 = Debug|Any CPU
		{76374F95-C343-4ACC-B86F-7ECFDD668F46}.Debug|x86.ActiveCfg = Debug|Any CPU
		{76374F95-C343-4ACC-B86F-7ECFDD668F46}.Debug|x86.Build.0 = Debug|Any CPU
		{76374F95-C343-4ACC-B86F-7ECFDD668F46}.Release|Any CPU.ActiveCfg = Release|Any CPU
		{76374F95-C343-4ACC-B86F-7ECFDD668F46}.Release|Any CPU.Build.0 = Release|Any CPU
		{76374F95-C343-4ACC-B86F-7ECFDD668F46}.Release|x64.ActiveCfg = Release|Any CPU
		{76374F95-C343-4ACC-B86F-7ECFDD668F46}.Release|x64.Build.0 = Release|Any CPU
		{76374F95-C343-4ACC-B86F-7ECFDD668F46}.Release|x86.ActiveCfg = Release|Any CPU
		{76374F95-C343-4ACC-B86F-7ECFDD668F46}.Release|x86.Build.0 = Release|Any CPU
		{6A6F4345-0A45-413E-B6D6-FD73660DAD4C}.Debug|Any CPU.ActiveCfg = Debug|Any CPU
		{6A6F4345-0A45-413E-B6D6-FD73660DAD4C}.Debug|Any CPU.Build.0 = Debug|Any CPU
		{6A6F4345-0A45-413E-B6D6-FD73660DAD4C}.Debug|x64.ActiveCfg = Debug|Any CPU
		{6A6F4345-0A45-413E-B6D6-FD73660DAD4C}.Debug|x64.Build.0 = Debug|Any CPU
		{6A6F4345-0A45-413E-B6D6-FD73660DAD4C}.Debug|x86.ActiveCfg = Debug|Any CPU
		{6A6F4345-0A45-413E-B6D6-FD73660DAD4C}.Debug|x86.Build.0 = Debug|Any CPU
		{6A6F4345-0A45-413E-B6D6-FD73660DAD4C}.Release|Any CPU.ActiveCfg = Release|Any CPU
		{6A6F4345-0A45-413E-B6D6-FD73660DAD4C}.Release|Any CPU.Build.0 = Release|Any CPU
		{6A6F4345-0A45-413E-B6D6-FD73660DAD4C}.Release|x64.ActiveCfg = Release|Any CPU
		{6A6F4345-0A45-413E-B6D6-FD73660DAD4C}.Release|x64.Build.0 = Release|Any CPU
		{6A6F4345-0A45-413E-B6D6-FD73660DAD4C}.Release|x86.ActiveCfg = Release|Any CPU
		{6A6F4345-0A45-413E-B6D6-FD73660DAD4C}.Release|x86.Build.0 = Release|Any CPU
		{94C380C1-566A-4D86-855B-2E987851BF0A}.Debug|Any CPU.ActiveCfg = Debug|Any CPU
		{94C380C1-566A-4D86-855B-2E987851BF0A}.Debug|Any CPU.Build.0 = Debug|Any CPU
		{94C380C1-566A-4D86-855B-2E987851BF0A}.Debug|x64.ActiveCfg = Debug|Any CPU
		{94C380C1-566A-4D86-855B-2E987851BF0A}.Debug|x64.Build.0 = Debug|Any CPU
		{94C380C1-566A-4D86-855B-2E987851BF0A}.Debug|x86.ActiveCfg = Debug|Any CPU
		{94C380C1-566A-4D86-855B-2E987851BF0A}.Debug|x86.Build.0 = Debug|Any CPU
		{94C380C1-566A-4D86-855B-2E987851BF0A}.Release|Any CPU.ActiveCfg = Release|Any CPU
		{94C380C1-566A-4D86-855B-2E987851BF0A}.Release|Any CPU.Build.0 = Release|Any CPU
		{94C380C1-566A-4D86-855B-2E987851BF0A}.Release|x64.ActiveCfg = Release|Any CPU
		{94C380C1-566A-4D86-855B-2E987851BF0A}.Release|x64.Build.0 = Release|Any CPU
		{94C380C1-566A-4D86-855B-2E987851BF0A}.Release|x86.ActiveCfg = Release|Any CPU
		{94C380C1-566A-4D86-855B-2E987851BF0A}.Release|x86.Build.0 = Release|Any CPU
		{28D0BEF6-D69C-43AB-A22C-724F116D50EA}.Debug|Any CPU.ActiveCfg = Debug|Any CPU
		{28D0BEF6-D69C-43AB-A22C-724F116D50EA}.Debug|Any CPU.Build.0 = Debug|Any CPU
		{28D0BEF6-D69C-43AB-A22C-724F116D50EA}.Debug|x64.ActiveCfg = Debug|Any CPU
		{28D0BEF6-D69C-43AB-A22C-724F116D50EA}.Debug|x64.Build.0 = Debug|Any CPU
		{28D0BEF6-D69C-43AB-A22C-724F116D50EA}.Debug|x86.ActiveCfg = Debug|Any CPU
		{28D0BEF6-D69C-43AB-A22C-724F116D50EA}.Debug|x86.Build.0 = Debug|Any CPU
		{28D0BEF6-D69C-43AB-A22C-724F116D50EA}.Release|Any CPU.ActiveCfg = Release|Any CPU
		{28D0BEF6-D69C-43AB-A22C-724F116D50EA}.Release|Any CPU.Build.0 = Release|Any CPU
		{28D0BEF6-D69C-43AB-A22C-724F116D50EA}.Release|x64.ActiveCfg = Release|Any CPU
		{28D0BEF6-D69C-43AB-A22C-724F116D50EA}.Release|x64.Build.0 = Release|Any CPU
		{28D0BEF6-D69C-43AB-A22C-724F116D50EA}.Release|x86.ActiveCfg = Release|Any CPU
		{28D0BEF6-D69C-43AB-A22C-724F116D50EA}.Release|x86.Build.0 = Release|Any CPU
		{A7AA6037-BF11-473E-94F9-717276FE080C}.Debug|Any CPU.ActiveCfg = Debug|Any CPU
		{A7AA6037-BF11-473E-94F9-717276FE080C}.Debug|Any CPU.Build.0 = Debug|Any CPU
		{A7AA6037-BF11-473E-94F9-717276FE080C}.Debug|x64.ActiveCfg = Debug|Any CPU
		{A7AA6037-BF11-473E-94F9-717276FE080C}.Debug|x64.Build.0 = Debug|Any CPU
		{A7AA6037-BF11-473E-94F9-717276FE080C}.Debug|x86.ActiveCfg = Debug|Any CPU
		{A7AA6037-BF11-473E-94F9-717276FE080C}.Debug|x86.Build.0 = Debug|Any CPU
		{A7AA6037-BF11-473E-94F9-717276FE080C}.Release|Any CPU.ActiveCfg = Release|Any CPU
		{A7AA6037-BF11-473E-94F9-717276FE080C}.Release|Any CPU.Build.0 = Release|Any CPU
		{A7AA6037-BF11-473E-94F9-717276FE080C}.Release|x64.ActiveCfg = Release|Any CPU
		{A7AA6037-BF11-473E-94F9-717276FE080C}.Release|x64.Build.0 = Release|Any CPU
		{A7AA6037-BF11-473E-94F9-717276FE080C}.Release|x86.ActiveCfg = Release|Any CPU
		{A7AA6037-BF11-473E-94F9-717276FE080C}.Release|x86.Build.0 = Release|Any CPU
		{ABB32A29-AF50-47FA-B243-5FD75A5ABA54}.Debug|Any CPU.ActiveCfg = Debug|Any CPU
		{ABB32A29-AF50-47FA-B243-5FD75A5ABA54}.Debug|Any CPU.Build.0 = Debug|Any CPU
		{ABB32A29-AF50-47FA-B243-5FD75A5ABA54}.Debug|x64.ActiveCfg = Debug|Any CPU
		{ABB32A29-AF50-47FA-B243-5FD75A5ABA54}.Debug|x64.Build.0 = Debug|Any CPU
		{ABB32A29-AF50-47FA-B243-5FD75A5ABA54}.Debug|x86.ActiveCfg = Debug|Any CPU
		{ABB32A29-AF50-47FA-B243-5FD75A5ABA54}.Debug|x86.Build.0 = Debug|Any CPU
		{ABB32A29-AF50-47FA-B243-5FD75A5ABA54}.Release|Any CPU.ActiveCfg = Release|Any CPU
		{ABB32A29-AF50-47FA-B243-5FD75A5ABA54}.Release|Any CPU.Build.0 = Release|Any CPU
		{ABB32A29-AF50-47FA-B243-5FD75A5ABA54}.Release|x64.ActiveCfg = Release|Any CPU
		{ABB32A29-AF50-47FA-B243-5FD75A5ABA54}.Release|x64.Build.0 = Release|Any CPU
		{ABB32A29-AF50-47FA-B243-5FD75A5ABA54}.Release|x86.ActiveCfg = Release|Any CPU
		{ABB32A29-AF50-47FA-B243-5FD75A5ABA54}.Release|x86.Build.0 = Release|Any CPU
		{59129078-7B12-4198-B93E-0AA08D0BB7ED}.Debug|Any CPU.ActiveCfg = Debug|Any CPU
		{59129078-7B12-4198-B93E-0AA08D0BB7ED}.Debug|Any CPU.Build.0 = Debug|Any CPU
		{59129078-7B12-4198-B93E-0AA08D0BB7ED}.Debug|x64.ActiveCfg = Debug|Any CPU
		{59129078-7B12-4198-B93E-0AA08D0BB7ED}.Debug|x64.Build.0 = Debug|Any CPU
		{59129078-7B12-4198-B93E-0AA08D0BB7ED}.Debug|x86.ActiveCfg = Debug|Any CPU
		{59129078-7B12-4198-B93E-0AA08D0BB7ED}.Debug|x86.Build.0 = Debug|Any CPU
		{59129078-7B12-4198-B93E-0AA08D0BB7ED}.Release|Any CPU.ActiveCfg = Release|Any CPU
		{59129078-7B12-4198-B93E-0AA08D0BB7ED}.Release|Any CPU.Build.0 = Release|Any CPU
		{59129078-7B12-4198-B93E-0AA08D0BB7ED}.Release|x64.ActiveCfg = Release|Any CPU
		{59129078-7B12-4198-B93E-0AA08D0BB7ED}.Release|x64.Build.0 = Release|Any CPU
		{59129078-7B12-4198-B93E-0AA08D0BB7ED}.Release|x86.ActiveCfg = Release|Any CPU
		{59129078-7B12-4198-B93E-0AA08D0BB7ED}.Release|x86.Build.0 = Release|Any CPU
		{29976BA4-A04D-4A80-A866-098C879C2FDE}.Debug|Any CPU.ActiveCfg = Debug|Any CPU
		{29976BA4-A04D-4A80-A866-098C879C2FDE}.Debug|Any CPU.Build.0 = Debug|Any CPU
		{29976BA4-A04D-4A80-A866-098C879C2FDE}.Debug|x64.ActiveCfg = Debug|Any CPU
		{29976BA4-A04D-4A80-A866-098C879C2FDE}.Debug|x64.Build.0 = Debug|Any CPU
		{29976BA4-A04D-4A80-A866-098C879C2FDE}.Debug|x86.ActiveCfg = Debug|Any CPU
		{29976BA4-A04D-4A80-A866-098C879C2FDE}.Debug|x86.Build.0 = Debug|Any CPU
		{29976BA4-A04D-4A80-A866-098C879C2FDE}.Release|Any CPU.ActiveCfg = Release|Any CPU
		{29976BA4-A04D-4A80-A866-098C879C2FDE}.Release|Any CPU.Build.0 = Release|Any CPU
		{29976BA4-A04D-4A80-A866-098C879C2FDE}.Release|x64.ActiveCfg = Release|Any CPU
		{29976BA4-A04D-4A80-A866-098C879C2FDE}.Release|x64.Build.0 = Release|Any CPU
		{29976BA4-A04D-4A80-A866-098C879C2FDE}.Release|x86.ActiveCfg = Release|Any CPU
		{29976BA4-A04D-4A80-A866-098C879C2FDE}.Release|x86.Build.0 = Release|Any CPU
		{53F12A60-E9CC-44BC-8366-1AE3AB2B547D}.Debug|Any CPU.ActiveCfg = Debug|Any CPU
		{53F12A60-E9CC-44BC-8366-1AE3AB2B547D}.Debug|Any CPU.Build.0 = Debug|Any CPU
		{53F12A60-E9CC-44BC-8366-1AE3AB2B547D}.Debug|x64.ActiveCfg = Debug|Any CPU
		{53F12A60-E9CC-44BC-8366-1AE3AB2B547D}.Debug|x64.Build.0 = Debug|Any CPU
		{53F12A60-E9CC-44BC-8366-1AE3AB2B547D}.Debug|x86.ActiveCfg = Debug|Any CPU
		{53F12A60-E9CC-44BC-8366-1AE3AB2B547D}.Debug|x86.Build.0 = Debug|Any CPU
		{53F12A60-E9CC-44BC-8366-1AE3AB2B547D}.Release|Any CPU.ActiveCfg = Release|Any CPU
		{53F12A60-E9CC-44BC-8366-1AE3AB2B547D}.Release|Any CPU.Build.0 = Release|Any CPU
		{53F12A60-E9CC-44BC-8366-1AE3AB2B547D}.Release|x64.ActiveCfg = Release|Any CPU
		{53F12A60-E9CC-44BC-8366-1AE3AB2B547D}.Release|x64.Build.0 = Release|Any CPU
		{53F12A60-E9CC-44BC-8366-1AE3AB2B547D}.Release|x86.ActiveCfg = Release|Any CPU
		{53F12A60-E9CC-44BC-8366-1AE3AB2B547D}.Release|x86.Build.0 = Release|Any CPU
		{2541686B-1673-43BF-AF89-3163945DB009}.Debug|Any CPU.ActiveCfg = Debug|Any CPU
		{2541686B-1673-43BF-AF89-3163945DB009}.Debug|Any CPU.Build.0 = Debug|Any CPU
		{2541686B-1673-43BF-AF89-3163945DB009}.Debug|x64.ActiveCfg = Debug|Any CPU
		{2541686B-1673-43BF-AF89-3163945DB009}.Debug|x64.Build.0 = Debug|Any CPU
		{2541686B-1673-43BF-AF89-3163945DB009}.Debug|x86.ActiveCfg = Debug|Any CPU
		{2541686B-1673-43BF-AF89-3163945DB009}.Debug|x86.Build.0 = Debug|Any CPU
		{2541686B-1673-43BF-AF89-3163945DB009}.Release|Any CPU.ActiveCfg = Release|Any CPU
		{2541686B-1673-43BF-AF89-3163945DB009}.Release|Any CPU.Build.0 = Release|Any CPU
		{2541686B-1673-43BF-AF89-3163945DB009}.Release|x64.ActiveCfg = Release|Any CPU
		{2541686B-1673-43BF-AF89-3163945DB009}.Release|x64.Build.0 = Release|Any CPU
		{2541686B-1673-43BF-AF89-3163945DB009}.Release|x86.ActiveCfg = Release|Any CPU
		{2541686B-1673-43BF-AF89-3163945DB009}.Release|x86.Build.0 = Release|Any CPU
		{9CA367B8-0B98-49D1-84FB-735E612E3BA9}.Debug|Any CPU.ActiveCfg = Debug|Any CPU
		{9CA367B8-0B98-49D1-84FB-735E612E3BA9}.Debug|Any CPU.Build.0 = Debug|Any CPU
		{9CA367B8-0B98-49D1-84FB-735E612E3BA9}.Debug|x64.ActiveCfg = Debug|Any CPU
		{9CA367B8-0B98-49D1-84FB-735E612E3BA9}.Debug|x64.Build.0 = Debug|Any CPU
		{9CA367B8-0B98-49D1-84FB-735E612E3BA9}.Debug|x86.ActiveCfg = Debug|Any CPU
		{9CA367B8-0B98-49D1-84FB-735E612E3BA9}.Debug|x86.Build.0 = Debug|Any CPU
		{9CA367B8-0B98-49D1-84FB-735E612E3BA9}.Release|Any CPU.ActiveCfg = Release|Any CPU
		{9CA367B8-0B98-49D1-84FB-735E612E3BA9}.Release|Any CPU.Build.0 = Release|Any CPU
		{9CA367B8-0B98-49D1-84FB-735E612E3BA9}.Release|x64.ActiveCfg = Release|Any CPU
		{9CA367B8-0B98-49D1-84FB-735E612E3BA9}.Release|x64.Build.0 = Release|Any CPU
		{9CA367B8-0B98-49D1-84FB-735E612E3BA9}.Release|x86.ActiveCfg = Release|Any CPU
		{9CA367B8-0B98-49D1-84FB-735E612E3BA9}.Release|x86.Build.0 = Release|Any CPU
		{B46F6C6C-9184-41AF-8F8B-E0084752CA7C}.Debug|Any CPU.ActiveCfg = Debug|Any CPU
		{B46F6C6C-9184-41AF-8F8B-E0084752CA7C}.Debug|Any CPU.Build.0 = Debug|Any CPU
		{B46F6C6C-9184-41AF-8F8B-E0084752CA7C}.Debug|x64.ActiveCfg = Debug|Any CPU
		{B46F6C6C-9184-41AF-8F8B-E0084752CA7C}.Debug|x64.Build.0 = Debug|Any CPU
		{B46F6C6C-9184-41AF-8F8B-E0084752CA7C}.Debug|x86.ActiveCfg = Debug|Any CPU
		{B46F6C6C-9184-41AF-8F8B-E0084752CA7C}.Debug|x86.Build.0 = Debug|Any CPU
		{B46F6C6C-9184-41AF-8F8B-E0084752CA7C}.Release|Any CPU.ActiveCfg = Release|Any CPU
		{B46F6C6C-9184-41AF-8F8B-E0084752CA7C}.Release|Any CPU.Build.0 = Release|Any CPU
		{B46F6C6C-9184-41AF-8F8B-E0084752CA7C}.Release|x64.ActiveCfg = Release|Any CPU
		{B46F6C6C-9184-41AF-8F8B-E0084752CA7C}.Release|x64.Build.0 = Release|Any CPU
		{B46F6C6C-9184-41AF-8F8B-E0084752CA7C}.Release|x86.ActiveCfg = Release|Any CPU
		{B46F6C6C-9184-41AF-8F8B-E0084752CA7C}.Release|x86.Build.0 = Release|Any CPU
		{2A8E8AF5-74E7-49DB-A42E-9360FA7A6CC4}.Debug|Any CPU.ActiveCfg = Debug|Any CPU
		{2A8E8AF5-74E7-49DB-A42E-9360FA7A6CC4}.Debug|Any CPU.Build.0 = Debug|Any CPU
		{2A8E8AF5-74E7-49DB-A42E-9360FA7A6CC4}.Debug|x64.ActiveCfg = Debug|Any CPU
		{2A8E8AF5-74E7-49DB-A42E-9360FA7A6CC4}.Debug|x64.Build.0 = Debug|Any CPU
		{2A8E8AF5-74E7-49DB-A42E-9360FA7A6CC4}.Debug|x86.ActiveCfg = Debug|Any CPU
		{2A8E8AF5-74E7-49DB-A42E-9360FA7A6CC4}.Debug|x86.Build.0 = Debug|Any CPU
		{2A8E8AF5-74E7-49DB-A42E-9360FA7A6CC4}.Release|Any CPU.ActiveCfg = Release|Any CPU
		{2A8E8AF5-74E7-49DB-A42E-9360FA7A6CC4}.Release|Any CPU.Build.0 = Release|Any CPU
		{2A8E8AF5-74E7-49DB-A42E-9360FA7A6CC4}.Release|x64.ActiveCfg = Release|Any CPU
		{2A8E8AF5-74E7-49DB-A42E-9360FA7A6CC4}.Release|x64.Build.0 = Release|Any CPU
		{2A8E8AF5-74E7-49DB-A42E-9360FA7A6CC4}.Release|x86.ActiveCfg = Release|Any CPU
		{2A8E8AF5-74E7-49DB-A42E-9360FA7A6CC4}.Release|x86.Build.0 = Release|Any CPU
		{C8B88795-6D01-494D-83AD-6944BD4C5023}.Debug|Any CPU.ActiveCfg = Debug|Any CPU
		{C8B88795-6D01-494D-83AD-6944BD4C5023}.Debug|Any CPU.Build.0 = Debug|Any CPU
		{C8B88795-6D01-494D-83AD-6944BD4C5023}.Debug|x64.ActiveCfg = Debug|Any CPU
		{C8B88795-6D01-494D-83AD-6944BD4C5023}.Debug|x64.Build.0 = Debug|Any CPU
		{C8B88795-6D01-494D-83AD-6944BD4C5023}.Debug|x86.ActiveCfg = Debug|Any CPU
		{C8B88795-6D01-494D-83AD-6944BD4C5023}.Debug|x86.Build.0 = Debug|Any CPU
		{C8B88795-6D01-494D-83AD-6944BD4C5023}.Release|Any CPU.ActiveCfg = Release|Any CPU
		{C8B88795-6D01-494D-83AD-6944BD4C5023}.Release|Any CPU.Build.0 = Release|Any CPU
		{C8B88795-6D01-494D-83AD-6944BD4C5023}.Release|x64.ActiveCfg = Release|Any CPU
		{C8B88795-6D01-494D-83AD-6944BD4C5023}.Release|x64.Build.0 = Release|Any CPU
		{C8B88795-6D01-494D-83AD-6944BD4C5023}.Release|x86.ActiveCfg = Release|Any CPU
		{C8B88795-6D01-494D-83AD-6944BD4C5023}.Release|x86.Build.0 = Release|Any CPU
		{825E7A10-390C-4A2B-B3A8-491D14966912}.Debug|Any CPU.ActiveCfg = Debug|Any CPU
		{825E7A10-390C-4A2B-B3A8-491D14966912}.Debug|Any CPU.Build.0 = Debug|Any CPU
		{825E7A10-390C-4A2B-B3A8-491D14966912}.Debug|x64.ActiveCfg = Debug|Any CPU
		{825E7A10-390C-4A2B-B3A8-491D14966912}.Debug|x64.Build.0 = Debug|Any CPU
		{825E7A10-390C-4A2B-B3A8-491D14966912}.Debug|x86.ActiveCfg = Debug|Any CPU
		{825E7A10-390C-4A2B-B3A8-491D14966912}.Debug|x86.Build.0 = Debug|Any CPU
		{825E7A10-390C-4A2B-B3A8-491D14966912}.Release|Any CPU.ActiveCfg = Release|Any CPU
		{825E7A10-390C-4A2B-B3A8-491D14966912}.Release|Any CPU.Build.0 = Release|Any CPU
		{825E7A10-390C-4A2B-B3A8-491D14966912}.Release|x64.ActiveCfg = Release|Any CPU
		{825E7A10-390C-4A2B-B3A8-491D14966912}.Release|x64.Build.0 = Release|Any CPU
		{825E7A10-390C-4A2B-B3A8-491D14966912}.Release|x86.ActiveCfg = Release|Any CPU
		{825E7A10-390C-4A2B-B3A8-491D14966912}.Release|x86.Build.0 = Release|Any CPU
		{1378A66C-38E4-46F5-A05F-DC04EF7D4D16}.Debug|Any CPU.ActiveCfg = Debug|Any CPU
		{1378A66C-38E4-46F5-A05F-DC04EF7D4D16}.Debug|Any CPU.Build.0 = Debug|Any CPU
		{1378A66C-38E4-46F5-A05F-DC04EF7D4D16}.Debug|x64.ActiveCfg = Debug|Any CPU
		{1378A66C-38E4-46F5-A05F-DC04EF7D4D16}.Debug|x64.Build.0 = Debug|Any CPU
		{1378A66C-38E4-46F5-A05F-DC04EF7D4D16}.Debug|x86.ActiveCfg = Debug|Any CPU
		{1378A66C-38E4-46F5-A05F-DC04EF7D4D16}.Debug|x86.Build.0 = Debug|Any CPU
		{1378A66C-38E4-46F5-A05F-DC04EF7D4D16}.Release|Any CPU.ActiveCfg = Release|Any CPU
		{1378A66C-38E4-46F5-A05F-DC04EF7D4D16}.Release|Any CPU.Build.0 = Release|Any CPU
		{1378A66C-38E4-46F5-A05F-DC04EF7D4D16}.Release|x64.ActiveCfg = Release|Any CPU
		{1378A66C-38E4-46F5-A05F-DC04EF7D4D16}.Release|x64.Build.0 = Release|Any CPU
		{1378A66C-38E4-46F5-A05F-DC04EF7D4D16}.Release|x86.ActiveCfg = Release|Any CPU
		{1378A66C-38E4-46F5-A05F-DC04EF7D4D16}.Release|x86.Build.0 = Release|Any CPU
		{7F7994CE-823F-4A04-BBEA-D0A3808FF56D}.Debug|Any CPU.ActiveCfg = Debug|Any CPU
		{7F7994CE-823F-4A04-BBEA-D0A3808FF56D}.Debug|Any CPU.Build.0 = Debug|Any CPU
		{7F7994CE-823F-4A04-BBEA-D0A3808FF56D}.Debug|x64.ActiveCfg = Debug|Any CPU
		{7F7994CE-823F-4A04-BBEA-D0A3808FF56D}.Debug|x64.Build.0 = Debug|Any CPU
		{7F7994CE-823F-4A04-BBEA-D0A3808FF56D}.Debug|x86.ActiveCfg = Debug|Any CPU
		{7F7994CE-823F-4A04-BBEA-D0A3808FF56D}.Debug|x86.Build.0 = Debug|Any CPU
		{7F7994CE-823F-4A04-BBEA-D0A3808FF56D}.Release|Any CPU.ActiveCfg = Release|Any CPU
		{7F7994CE-823F-4A04-BBEA-D0A3808FF56D}.Release|Any CPU.Build.0 = Release|Any CPU
		{7F7994CE-823F-4A04-BBEA-D0A3808FF56D}.Release|x64.ActiveCfg = Release|Any CPU
		{7F7994CE-823F-4A04-BBEA-D0A3808FF56D}.Release|x64.Build.0 = Release|Any CPU
		{7F7994CE-823F-4A04-BBEA-D0A3808FF56D}.Release|x86.ActiveCfg = Release|Any CPU
		{7F7994CE-823F-4A04-BBEA-D0A3808FF56D}.Release|x86.Build.0 = Release|Any CPU
		{664FC484-2A94-4B0D-808F-A71F88E06B11}.Debug|Any CPU.ActiveCfg = Debug|Any CPU
		{664FC484-2A94-4B0D-808F-A71F88E06B11}.Debug|Any CPU.Build.0 = Debug|Any CPU
		{664FC484-2A94-4B0D-808F-A71F88E06B11}.Debug|x64.ActiveCfg = Debug|Any CPU
		{664FC484-2A94-4B0D-808F-A71F88E06B11}.Debug|x64.Build.0 = Debug|Any CPU
		{664FC484-2A94-4B0D-808F-A71F88E06B11}.Debug|x86.ActiveCfg = Debug|Any CPU
		{664FC484-2A94-4B0D-808F-A71F88E06B11}.Debug|x86.Build.0 = Debug|Any CPU
		{664FC484-2A94-4B0D-808F-A71F88E06B11}.Release|Any CPU.ActiveCfg = Release|Any CPU
		{664FC484-2A94-4B0D-808F-A71F88E06B11}.Release|Any CPU.Build.0 = Release|Any CPU
		{664FC484-2A94-4B0D-808F-A71F88E06B11}.Release|x64.ActiveCfg = Release|Any CPU
		{664FC484-2A94-4B0D-808F-A71F88E06B11}.Release|x64.Build.0 = Release|Any CPU
		{664FC484-2A94-4B0D-808F-A71F88E06B11}.Release|x86.ActiveCfg = Release|Any CPU
		{664FC484-2A94-4B0D-808F-A71F88E06B11}.Release|x86.Build.0 = Release|Any CPU
		{D0C39D9D-BED0-418B-9A5E-713176CAF40C}.Debug|Any CPU.ActiveCfg = Debug|Any CPU
		{D0C39D9D-BED0-418B-9A5E-713176CAF40C}.Debug|Any CPU.Build.0 = Debug|Any CPU
		{D0C39D9D-BED0-418B-9A5E-713176CAF40C}.Debug|x64.ActiveCfg = Debug|Any CPU
		{D0C39D9D-BED0-418B-9A5E-713176CAF40C}.Debug|x64.Build.0 = Debug|Any CPU
		{D0C39D9D-BED0-418B-9A5E-713176CAF40C}.Debug|x86.ActiveCfg = Debug|Any CPU
		{D0C39D9D-BED0-418B-9A5E-713176CAF40C}.Debug|x86.Build.0 = Debug|Any CPU
		{D0C39D9D-BED0-418B-9A5E-713176CAF40C}.Release|Any CPU.ActiveCfg = Release|Any CPU
		{D0C39D9D-BED0-418B-9A5E-713176CAF40C}.Release|Any CPU.Build.0 = Release|Any CPU
		{D0C39D9D-BED0-418B-9A5E-713176CAF40C}.Release|x64.ActiveCfg = Release|Any CPU
		{D0C39D9D-BED0-418B-9A5E-713176CAF40C}.Release|x64.Build.0 = Release|Any CPU
		{D0C39D9D-BED0-418B-9A5E-713176CAF40C}.Release|x86.ActiveCfg = Release|Any CPU
		{D0C39D9D-BED0-418B-9A5E-713176CAF40C}.Release|x86.Build.0 = Release|Any CPU
		{E06DEF77-F933-42FB-AFD7-DB2D0D8D6A98}.Debug|Any CPU.ActiveCfg = Debug|Any CPU
		{E06DEF77-F933-42FB-AFD7-DB2D0D8D6A98}.Debug|Any CPU.Build.0 = Debug|Any CPU
		{E06DEF77-F933-42FB-AFD7-DB2D0D8D6A98}.Debug|x64.ActiveCfg = Debug|Any CPU
		{E06DEF77-F933-42FB-AFD7-DB2D0D8D6A98}.Debug|x64.Build.0 = Debug|Any CPU
		{E06DEF77-F933-42FB-AFD7-DB2D0D8D6A98}.Debug|x86.ActiveCfg = Debug|Any CPU
		{E06DEF77-F933-42FB-AFD7-DB2D0D8D6A98}.Debug|x86.Build.0 = Debug|Any CPU
		{E06DEF77-F933-42FB-AFD7-DB2D0D8D6A98}.Release|Any CPU.ActiveCfg = Release|Any CPU
		{E06DEF77-F933-42FB-AFD7-DB2D0D8D6A98}.Release|Any CPU.Build.0 = Release|Any CPU
		{E06DEF77-F933-42FB-AFD7-DB2D0D8D6A98}.Release|x64.ActiveCfg = Release|Any CPU
		{E06DEF77-F933-42FB-AFD7-DB2D0D8D6A98}.Release|x64.Build.0 = Release|Any CPU
		{E06DEF77-F933-42FB-AFD7-DB2D0D8D6A98}.Release|x86.ActiveCfg = Release|Any CPU
		{E06DEF77-F933-42FB-AFD7-DB2D0D8D6A98}.Release|x86.Build.0 = Release|Any CPU
		{ABA78B2E-77C3-4377-8568-9542AC227971}.Debug|Any CPU.ActiveCfg = Debug|Any CPU
		{ABA78B2E-77C3-4377-8568-9542AC227971}.Debug|Any CPU.Build.0 = Debug|Any CPU
		{ABA78B2E-77C3-4377-8568-9542AC227971}.Debug|x64.ActiveCfg = Debug|Any CPU
		{ABA78B2E-77C3-4377-8568-9542AC227971}.Debug|x64.Build.0 = Debug|Any CPU
		{ABA78B2E-77C3-4377-8568-9542AC227971}.Debug|x86.ActiveCfg = Debug|Any CPU
		{ABA78B2E-77C3-4377-8568-9542AC227971}.Debug|x86.Build.0 = Debug|Any CPU
		{ABA78B2E-77C3-4377-8568-9542AC227971}.Release|Any CPU.ActiveCfg = Release|Any CPU
		{ABA78B2E-77C3-4377-8568-9542AC227971}.Release|Any CPU.Build.0 = Release|Any CPU
		{ABA78B2E-77C3-4377-8568-9542AC227971}.Release|x64.ActiveCfg = Release|Any CPU
		{ABA78B2E-77C3-4377-8568-9542AC227971}.Release|x64.Build.0 = Release|Any CPU
		{ABA78B2E-77C3-4377-8568-9542AC227971}.Release|x86.ActiveCfg = Release|Any CPU
		{ABA78B2E-77C3-4377-8568-9542AC227971}.Release|x86.Build.0 = Release|Any CPU
		{B5211B56-CA30-4B2A-843B-832849F18CEA}.Debug|Any CPU.ActiveCfg = Debug|Any CPU
		{B5211B56-CA30-4B2A-843B-832849F18CEA}.Debug|Any CPU.Build.0 = Debug|Any CPU
		{B5211B56-CA30-4B2A-843B-832849F18CEA}.Debug|x64.ActiveCfg = Debug|Any CPU
		{B5211B56-CA30-4B2A-843B-832849F18CEA}.Debug|x64.Build.0 = Debug|Any CPU
		{B5211B56-CA30-4B2A-843B-832849F18CEA}.Debug|x86.ActiveCfg = Debug|Any CPU
		{B5211B56-CA30-4B2A-843B-832849F18CEA}.Debug|x86.Build.0 = Debug|Any CPU
		{B5211B56-CA30-4B2A-843B-832849F18CEA}.Release|Any CPU.ActiveCfg = Release|Any CPU
		{B5211B56-CA30-4B2A-843B-832849F18CEA}.Release|Any CPU.Build.0 = Release|Any CPU
		{B5211B56-CA30-4B2A-843B-832849F18CEA}.Release|x64.ActiveCfg = Release|Any CPU
		{B5211B56-CA30-4B2A-843B-832849F18CEA}.Release|x64.Build.0 = Release|Any CPU
		{B5211B56-CA30-4B2A-843B-832849F18CEA}.Release|x86.ActiveCfg = Release|Any CPU
		{B5211B56-CA30-4B2A-843B-832849F18CEA}.Release|x86.Build.0 = Release|Any CPU
		{BB06DFF7-4F41-4B9D-A3C3-3B6D2B8702B6}.Debug|Any CPU.ActiveCfg = Debug|Any CPU
		{BB06DFF7-4F41-4B9D-A3C3-3B6D2B8702B6}.Debug|Any CPU.Build.0 = Debug|Any CPU
		{BB06DFF7-4F41-4B9D-A3C3-3B6D2B8702B6}.Debug|x64.ActiveCfg = Debug|Any CPU
		{BB06DFF7-4F41-4B9D-A3C3-3B6D2B8702B6}.Debug|x64.Build.0 = Debug|Any CPU
		{BB06DFF7-4F41-4B9D-A3C3-3B6D2B8702B6}.Debug|x86.ActiveCfg = Debug|Any CPU
		{BB06DFF7-4F41-4B9D-A3C3-3B6D2B8702B6}.Debug|x86.Build.0 = Debug|Any CPU
		{BB06DFF7-4F41-4B9D-A3C3-3B6D2B8702B6}.Release|Any CPU.ActiveCfg = Release|Any CPU
		{BB06DFF7-4F41-4B9D-A3C3-3B6D2B8702B6}.Release|Any CPU.Build.0 = Release|Any CPU
		{BB06DFF7-4F41-4B9D-A3C3-3B6D2B8702B6}.Release|x64.ActiveCfg = Release|Any CPU
		{BB06DFF7-4F41-4B9D-A3C3-3B6D2B8702B6}.Release|x64.Build.0 = Release|Any CPU
		{BB06DFF7-4F41-4B9D-A3C3-3B6D2B8702B6}.Release|x86.ActiveCfg = Release|Any CPU
		{BB06DFF7-4F41-4B9D-A3C3-3B6D2B8702B6}.Release|x86.Build.0 = Release|Any CPU
		{B8943726-04B0-4477-BFDA-E156A0CD98A4}.Debug|Any CPU.ActiveCfg = Debug|Any CPU
		{B8943726-04B0-4477-BFDA-E156A0CD98A4}.Debug|Any CPU.Build.0 = Debug|Any CPU
		{B8943726-04B0-4477-BFDA-E156A0CD98A4}.Debug|x64.ActiveCfg = Debug|Any CPU
		{B8943726-04B0-4477-BFDA-E156A0CD98A4}.Debug|x64.Build.0 = Debug|Any CPU
		{B8943726-04B0-4477-BFDA-E156A0CD98A4}.Debug|x86.ActiveCfg = Debug|Any CPU
		{B8943726-04B0-4477-BFDA-E156A0CD98A4}.Debug|x86.Build.0 = Debug|Any CPU
		{B8943726-04B0-4477-BFDA-E156A0CD98A4}.Release|Any CPU.ActiveCfg = Release|Any CPU
		{B8943726-04B0-4477-BFDA-E156A0CD98A4}.Release|Any CPU.Build.0 = Release|Any CPU
		{B8943726-04B0-4477-BFDA-E156A0CD98A4}.Release|x64.ActiveCfg = Release|Any CPU
		{B8943726-04B0-4477-BFDA-E156A0CD98A4}.Release|x64.Build.0 = Release|Any CPU
		{B8943726-04B0-4477-BFDA-E156A0CD98A4}.Release|x86.ActiveCfg = Release|Any CPU
		{B8943726-04B0-4477-BFDA-E156A0CD98A4}.Release|x86.Build.0 = Release|Any CPU
		{CCE510F7-1DA6-40F2-8921-B86ED41BB85E}.Debug|Any CPU.ActiveCfg = Debug|Any CPU
		{CCE510F7-1DA6-40F2-8921-B86ED41BB85E}.Debug|Any CPU.Build.0 = Debug|Any CPU
		{CCE510F7-1DA6-40F2-8921-B86ED41BB85E}.Debug|x64.ActiveCfg = Debug|Any CPU
		{CCE510F7-1DA6-40F2-8921-B86ED41BB85E}.Debug|x64.Build.0 = Debug|Any CPU
		{CCE510F7-1DA6-40F2-8921-B86ED41BB85E}.Debug|x86.ActiveCfg = Debug|Any CPU
		{CCE510F7-1DA6-40F2-8921-B86ED41BB85E}.Debug|x86.Build.0 = Debug|Any CPU
		{CCE510F7-1DA6-40F2-8921-B86ED41BB85E}.Release|Any CPU.ActiveCfg = Release|Any CPU
		{CCE510F7-1DA6-40F2-8921-B86ED41BB85E}.Release|Any CPU.Build.0 = Release|Any CPU
		{CCE510F7-1DA6-40F2-8921-B86ED41BB85E}.Release|x64.ActiveCfg = Release|Any CPU
		{CCE510F7-1DA6-40F2-8921-B86ED41BB85E}.Release|x64.Build.0 = Release|Any CPU
		{CCE510F7-1DA6-40F2-8921-B86ED41BB85E}.Release|x86.ActiveCfg = Release|Any CPU
		{CCE510F7-1DA6-40F2-8921-B86ED41BB85E}.Release|x86.Build.0 = Release|Any CPU
		{65473257-E70F-410B-9269-D0C0F771EA87}.Debug|Any CPU.ActiveCfg = Debug|Any CPU
		{65473257-E70F-410B-9269-D0C0F771EA87}.Debug|Any CPU.Build.0 = Debug|Any CPU
		{65473257-E70F-410B-9269-D0C0F771EA87}.Debug|x64.ActiveCfg = Debug|Any CPU
		{65473257-E70F-410B-9269-D0C0F771EA87}.Debug|x64.Build.0 = Debug|Any CPU
		{65473257-E70F-410B-9269-D0C0F771EA87}.Debug|x86.ActiveCfg = Debug|Any CPU
		{65473257-E70F-410B-9269-D0C0F771EA87}.Debug|x86.Build.0 = Debug|Any CPU
		{65473257-E70F-410B-9269-D0C0F771EA87}.Release|Any CPU.ActiveCfg = Release|Any CPU
		{65473257-E70F-410B-9269-D0C0F771EA87}.Release|Any CPU.Build.0 = Release|Any CPU
		{65473257-E70F-410B-9269-D0C0F771EA87}.Release|x64.ActiveCfg = Release|Any CPU
		{65473257-E70F-410B-9269-D0C0F771EA87}.Release|x64.Build.0 = Release|Any CPU
		{65473257-E70F-410B-9269-D0C0F771EA87}.Release|x86.ActiveCfg = Release|Any CPU
		{65473257-E70F-410B-9269-D0C0F771EA87}.Release|x86.Build.0 = Release|Any CPU
		{098F542C-7C70-4B9C-B2E2-AC5DC5E0294B}.Debug|Any CPU.ActiveCfg = Debug|Any CPU
		{098F542C-7C70-4B9C-B2E2-AC5DC5E0294B}.Debug|Any CPU.Build.0 = Debug|Any CPU
		{098F542C-7C70-4B9C-B2E2-AC5DC5E0294B}.Debug|x64.ActiveCfg = Debug|Any CPU
		{098F542C-7C70-4B9C-B2E2-AC5DC5E0294B}.Debug|x64.Build.0 = Debug|Any CPU
		{098F542C-7C70-4B9C-B2E2-AC5DC5E0294B}.Debug|x86.ActiveCfg = Debug|Any CPU
		{098F542C-7C70-4B9C-B2E2-AC5DC5E0294B}.Debug|x86.Build.0 = Debug|Any CPU
		{098F542C-7C70-4B9C-B2E2-AC5DC5E0294B}.Release|Any CPU.ActiveCfg = Release|Any CPU
		{098F542C-7C70-4B9C-B2E2-AC5DC5E0294B}.Release|Any CPU.Build.0 = Release|Any CPU
		{098F542C-7C70-4B9C-B2E2-AC5DC5E0294B}.Release|x64.ActiveCfg = Release|Any CPU
		{098F542C-7C70-4B9C-B2E2-AC5DC5E0294B}.Release|x64.Build.0 = Release|Any CPU
		{098F542C-7C70-4B9C-B2E2-AC5DC5E0294B}.Release|x86.ActiveCfg = Release|Any CPU
		{098F542C-7C70-4B9C-B2E2-AC5DC5E0294B}.Release|x86.Build.0 = Release|Any CPU
		{CF402948-A3F4-4962-8A57-E40B46759D25}.Debug|Any CPU.ActiveCfg = Debug|Any CPU
		{CF402948-A3F4-4962-8A57-E40B46759D25}.Debug|Any CPU.Build.0 = Debug|Any CPU
		{CF402948-A3F4-4962-8A57-E40B46759D25}.Debug|x64.ActiveCfg = Debug|Any CPU
		{CF402948-A3F4-4962-8A57-E40B46759D25}.Debug|x64.Build.0 = Debug|Any CPU
		{CF402948-A3F4-4962-8A57-E40B46759D25}.Debug|x86.ActiveCfg = Debug|Any CPU
		{CF402948-A3F4-4962-8A57-E40B46759D25}.Debug|x86.Build.0 = Debug|Any CPU
		{CF402948-A3F4-4962-8A57-E40B46759D25}.Release|Any CPU.ActiveCfg = Release|Any CPU
		{CF402948-A3F4-4962-8A57-E40B46759D25}.Release|Any CPU.Build.0 = Release|Any CPU
		{CF402948-A3F4-4962-8A57-E40B46759D25}.Release|x64.ActiveCfg = Release|Any CPU
		{CF402948-A3F4-4962-8A57-E40B46759D25}.Release|x64.Build.0 = Release|Any CPU
		{CF402948-A3F4-4962-8A57-E40B46759D25}.Release|x86.ActiveCfg = Release|Any CPU
		{CF402948-A3F4-4962-8A57-E40B46759D25}.Release|x86.Build.0 = Release|Any CPU
		{766FCF85-4809-44DB-B316-6C4902C65245}.Debug|Any CPU.ActiveCfg = Debug|Any CPU
		{766FCF85-4809-44DB-B316-6C4902C65245}.Debug|Any CPU.Build.0 = Debug|Any CPU
		{766FCF85-4809-44DB-B316-6C4902C65245}.Debug|x64.ActiveCfg = Debug|Any CPU
		{766FCF85-4809-44DB-B316-6C4902C65245}.Debug|x64.Build.0 = Debug|Any CPU
		{766FCF85-4809-44DB-B316-6C4902C65245}.Debug|x86.ActiveCfg = Debug|Any CPU
		{766FCF85-4809-44DB-B316-6C4902C65245}.Debug|x86.Build.0 = Debug|Any CPU
		{766FCF85-4809-44DB-B316-6C4902C65245}.Release|Any CPU.ActiveCfg = Release|Any CPU
		{766FCF85-4809-44DB-B316-6C4902C65245}.Release|Any CPU.Build.0 = Release|Any CPU
		{766FCF85-4809-44DB-B316-6C4902C65245}.Release|x64.ActiveCfg = Release|Any CPU
		{766FCF85-4809-44DB-B316-6C4902C65245}.Release|x64.Build.0 = Release|Any CPU
		{766FCF85-4809-44DB-B316-6C4902C65245}.Release|x86.ActiveCfg = Release|Any CPU
		{766FCF85-4809-44DB-B316-6C4902C65245}.Release|x86.Build.0 = Release|Any CPU
		{13D2EC90-C41F-48A1-AADA-859B6DC24EDC}.Debug|Any CPU.ActiveCfg = Debug|Any CPU
		{13D2EC90-C41F-48A1-AADA-859B6DC24EDC}.Debug|Any CPU.Build.0 = Debug|Any CPU
		{13D2EC90-C41F-48A1-AADA-859B6DC24EDC}.Debug|x64.ActiveCfg = Debug|Any CPU
		{13D2EC90-C41F-48A1-AADA-859B6DC24EDC}.Debug|x64.Build.0 = Debug|Any CPU
		{13D2EC90-C41F-48A1-AADA-859B6DC24EDC}.Debug|x86.ActiveCfg = Debug|Any CPU
		{13D2EC90-C41F-48A1-AADA-859B6DC24EDC}.Debug|x86.Build.0 = Debug|Any CPU
		{13D2EC90-C41F-48A1-AADA-859B6DC24EDC}.Release|Any CPU.ActiveCfg = Release|Any CPU
		{13D2EC90-C41F-48A1-AADA-859B6DC24EDC}.Release|Any CPU.Build.0 = Release|Any CPU
		{13D2EC90-C41F-48A1-AADA-859B6DC24EDC}.Release|x64.ActiveCfg = Release|Any CPU
		{13D2EC90-C41F-48A1-AADA-859B6DC24EDC}.Release|x64.Build.0 = Release|Any CPU
		{13D2EC90-C41F-48A1-AADA-859B6DC24EDC}.Release|x86.ActiveCfg = Release|Any CPU
		{13D2EC90-C41F-48A1-AADA-859B6DC24EDC}.Release|x86.Build.0 = Release|Any CPU
		{DFA3C3B7-F098-4567-A780-A37DC52CA577}.Debug|Any CPU.ActiveCfg = Debug|Any CPU
		{DFA3C3B7-F098-4567-A780-A37DC52CA577}.Debug|Any CPU.Build.0 = Debug|Any CPU
		{DFA3C3B7-F098-4567-A780-A37DC52CA577}.Debug|x64.ActiveCfg = Debug|Any CPU
		{DFA3C3B7-F098-4567-A780-A37DC52CA577}.Debug|x64.Build.0 = Debug|Any CPU
		{DFA3C3B7-F098-4567-A780-A37DC52CA577}.Debug|x86.ActiveCfg = Debug|Any CPU
		{DFA3C3B7-F098-4567-A780-A37DC52CA577}.Debug|x86.Build.0 = Debug|Any CPU
		{DFA3C3B7-F098-4567-A780-A37DC52CA577}.Release|Any CPU.ActiveCfg = Release|Any CPU
		{DFA3C3B7-F098-4567-A780-A37DC52CA577}.Release|Any CPU.Build.0 = Release|Any CPU
		{DFA3C3B7-F098-4567-A780-A37DC52CA577}.Release|x64.ActiveCfg = Release|Any CPU
		{DFA3C3B7-F098-4567-A780-A37DC52CA577}.Release|x64.Build.0 = Release|Any CPU
		{DFA3C3B7-F098-4567-A780-A37DC52CA577}.Release|x86.ActiveCfg = Release|Any CPU
		{DFA3C3B7-F098-4567-A780-A37DC52CA577}.Release|x86.Build.0 = Release|Any CPU
		{F4B60F03-F4C8-42CD-A46D-712838DC184B}.Debug|Any CPU.ActiveCfg = Debug|Any CPU
		{F4B60F03-F4C8-42CD-A46D-712838DC184B}.Debug|Any CPU.Build.0 = Debug|Any CPU
		{F4B60F03-F4C8-42CD-A46D-712838DC184B}.Debug|x64.ActiveCfg = Debug|Any CPU
		{F4B60F03-F4C8-42CD-A46D-712838DC184B}.Debug|x64.Build.0 = Debug|Any CPU
		{F4B60F03-F4C8-42CD-A46D-712838DC184B}.Debug|x86.ActiveCfg = Debug|Any CPU
		{F4B60F03-F4C8-42CD-A46D-712838DC184B}.Debug|x86.Build.0 = Debug|Any CPU
		{F4B60F03-F4C8-42CD-A46D-712838DC184B}.Release|Any CPU.ActiveCfg = Release|Any CPU
		{F4B60F03-F4C8-42CD-A46D-712838DC184B}.Release|Any CPU.Build.0 = Release|Any CPU
		{F4B60F03-F4C8-42CD-A46D-712838DC184B}.Release|x64.ActiveCfg = Release|Any CPU
		{F4B60F03-F4C8-42CD-A46D-712838DC184B}.Release|x64.Build.0 = Release|Any CPU
		{F4B60F03-F4C8-42CD-A46D-712838DC184B}.Release|x86.ActiveCfg = Release|Any CPU
		{F4B60F03-F4C8-42CD-A46D-712838DC184B}.Release|x86.Build.0 = Release|Any CPU
		{FF6AA762-7AD3-4F38-94B1-EA75D7B1F217}.Debug|Any CPU.ActiveCfg = Debug|Any CPU
		{FF6AA762-7AD3-4F38-94B1-EA75D7B1F217}.Debug|Any CPU.Build.0 = Debug|Any CPU
		{FF6AA762-7AD3-4F38-94B1-EA75D7B1F217}.Debug|x64.ActiveCfg = Debug|Any CPU
		{FF6AA762-7AD3-4F38-94B1-EA75D7B1F217}.Debug|x64.Build.0 = Debug|Any CPU
		{FF6AA762-7AD3-4F38-94B1-EA75D7B1F217}.Debug|x86.ActiveCfg = Debug|Any CPU
		{FF6AA762-7AD3-4F38-94B1-EA75D7B1F217}.Debug|x86.Build.0 = Debug|Any CPU
		{FF6AA762-7AD3-4F38-94B1-EA75D7B1F217}.Release|Any CPU.ActiveCfg = Release|Any CPU
		{FF6AA762-7AD3-4F38-94B1-EA75D7B1F217}.Release|Any CPU.Build.0 = Release|Any CPU
		{FF6AA762-7AD3-4F38-94B1-EA75D7B1F217}.Release|x64.ActiveCfg = Release|Any CPU
		{FF6AA762-7AD3-4F38-94B1-EA75D7B1F217}.Release|x64.Build.0 = Release|Any CPU
		{FF6AA762-7AD3-4F38-94B1-EA75D7B1F217}.Release|x86.ActiveCfg = Release|Any CPU
		{FF6AA762-7AD3-4F38-94B1-EA75D7B1F217}.Release|x86.Build.0 = Release|Any CPU
		{624AFC60-565F-4F01-BD51-BCCE7AA09BE9}.Debug|Any CPU.ActiveCfg = Debug|Any CPU
		{624AFC60-565F-4F01-BD51-BCCE7AA09BE9}.Debug|Any CPU.Build.0 = Debug|Any CPU
		{624AFC60-565F-4F01-BD51-BCCE7AA09BE9}.Debug|x64.ActiveCfg = Debug|Any CPU
		{624AFC60-565F-4F01-BD51-BCCE7AA09BE9}.Debug|x64.Build.0 = Debug|Any CPU
		{624AFC60-565F-4F01-BD51-BCCE7AA09BE9}.Debug|x86.ActiveCfg = Debug|Any CPU
		{624AFC60-565F-4F01-BD51-BCCE7AA09BE9}.Debug|x86.Build.0 = Debug|Any CPU
		{624AFC60-565F-4F01-BD51-BCCE7AA09BE9}.Release|Any CPU.ActiveCfg = Release|Any CPU
		{624AFC60-565F-4F01-BD51-BCCE7AA09BE9}.Release|Any CPU.Build.0 = Release|Any CPU
		{624AFC60-565F-4F01-BD51-BCCE7AA09BE9}.Release|x64.ActiveCfg = Release|Any CPU
		{624AFC60-565F-4F01-BD51-BCCE7AA09BE9}.Release|x64.Build.0 = Release|Any CPU
		{624AFC60-565F-4F01-BD51-BCCE7AA09BE9}.Release|x86.ActiveCfg = Release|Any CPU
		{624AFC60-565F-4F01-BD51-BCCE7AA09BE9}.Release|x86.Build.0 = Release|Any CPU
		{BB4C8021-B5E1-4DE2-82CB-14BDFB9837E4}.Debug|Any CPU.ActiveCfg = Debug|Any CPU
		{BB4C8021-B5E1-4DE2-82CB-14BDFB9837E4}.Debug|Any CPU.Build.0 = Debug|Any CPU
		{BB4C8021-B5E1-4DE2-82CB-14BDFB9837E4}.Debug|x64.ActiveCfg = Debug|Any CPU
		{BB4C8021-B5E1-4DE2-82CB-14BDFB9837E4}.Debug|x64.Build.0 = Debug|Any CPU
		{BB4C8021-B5E1-4DE2-82CB-14BDFB9837E4}.Debug|x86.ActiveCfg = Debug|Any CPU
		{BB4C8021-B5E1-4DE2-82CB-14BDFB9837E4}.Debug|x86.Build.0 = Debug|Any CPU
		{BB4C8021-B5E1-4DE2-82CB-14BDFB9837E4}.Release|Any CPU.ActiveCfg = Release|Any CPU
		{BB4C8021-B5E1-4DE2-82CB-14BDFB9837E4}.Release|Any CPU.Build.0 = Release|Any CPU
		{BB4C8021-B5E1-4DE2-82CB-14BDFB9837E4}.Release|x64.ActiveCfg = Release|Any CPU
		{BB4C8021-B5E1-4DE2-82CB-14BDFB9837E4}.Release|x64.Build.0 = Release|Any CPU
		{BB4C8021-B5E1-4DE2-82CB-14BDFB9837E4}.Release|x86.ActiveCfg = Release|Any CPU
		{BB4C8021-B5E1-4DE2-82CB-14BDFB9837E4}.Release|x86.Build.0 = Release|Any CPU
		{6C4FF9C3-7AFF-4274-B8FC-4A93A1FAADEA}.Debug|Any CPU.ActiveCfg = Debug|Any CPU
		{6C4FF9C3-7AFF-4274-B8FC-4A93A1FAADEA}.Debug|Any CPU.Build.0 = Debug|Any CPU
		{6C4FF9C3-7AFF-4274-B8FC-4A93A1FAADEA}.Debug|x64.ActiveCfg = Debug|Any CPU
		{6C4FF9C3-7AFF-4274-B8FC-4A93A1FAADEA}.Debug|x64.Build.0 = Debug|Any CPU
		{6C4FF9C3-7AFF-4274-B8FC-4A93A1FAADEA}.Debug|x86.ActiveCfg = Debug|Any CPU
		{6C4FF9C3-7AFF-4274-B8FC-4A93A1FAADEA}.Debug|x86.Build.0 = Debug|Any CPU
		{6C4FF9C3-7AFF-4274-B8FC-4A93A1FAADEA}.Release|Any CPU.ActiveCfg = Release|Any CPU
		{6C4FF9C3-7AFF-4274-B8FC-4A93A1FAADEA}.Release|Any CPU.Build.0 = Release|Any CPU
		{6C4FF9C3-7AFF-4274-B8FC-4A93A1FAADEA}.Release|x64.ActiveCfg = Release|Any CPU
		{6C4FF9C3-7AFF-4274-B8FC-4A93A1FAADEA}.Release|x64.Build.0 = Release|Any CPU
		{6C4FF9C3-7AFF-4274-B8FC-4A93A1FAADEA}.Release|x86.ActiveCfg = Release|Any CPU
		{6C4FF9C3-7AFF-4274-B8FC-4A93A1FAADEA}.Release|x86.Build.0 = Release|Any CPU
		{CA6345D3-7A6D-478B-A0ED-A58E50DCAA83}.Debug|Any CPU.ActiveCfg = Debug|Any CPU
		{CA6345D3-7A6D-478B-A0ED-A58E50DCAA83}.Debug|Any CPU.Build.0 = Debug|Any CPU
		{CA6345D3-7A6D-478B-A0ED-A58E50DCAA83}.Debug|x64.ActiveCfg = Debug|Any CPU
		{CA6345D3-7A6D-478B-A0ED-A58E50DCAA83}.Debug|x64.Build.0 = Debug|Any CPU
		{CA6345D3-7A6D-478B-A0ED-A58E50DCAA83}.Debug|x86.ActiveCfg = Debug|Any CPU
		{CA6345D3-7A6D-478B-A0ED-A58E50DCAA83}.Debug|x86.Build.0 = Debug|Any CPU
		{CA6345D3-7A6D-478B-A0ED-A58E50DCAA83}.Release|Any CPU.ActiveCfg = Release|Any CPU
		{CA6345D3-7A6D-478B-A0ED-A58E50DCAA83}.Release|Any CPU.Build.0 = Release|Any CPU
		{CA6345D3-7A6D-478B-A0ED-A58E50DCAA83}.Release|x64.ActiveCfg = Release|Any CPU
		{CA6345D3-7A6D-478B-A0ED-A58E50DCAA83}.Release|x64.Build.0 = Release|Any CPU
		{CA6345D3-7A6D-478B-A0ED-A58E50DCAA83}.Release|x86.ActiveCfg = Release|Any CPU
		{CA6345D3-7A6D-478B-A0ED-A58E50DCAA83}.Release|x86.Build.0 = Release|Any CPU
	EndGlobalSection
	GlobalSection(SolutionProperties) = preSolution
		HideSolutionNode = FALSE
	EndGlobalSection
	GlobalSection(NestedProjects) = preSolution
		{6A6F4345-0A45-413E-B6D6-FD73660DAD4C} = {9B3AC501-5FCB-4A2A-A628-BE0985DB2BD4}
		{94C380C1-566A-4D86-855B-2E987851BF0A} = {9B3AC501-5FCB-4A2A-A628-BE0985DB2BD4}
		{28D0BEF6-D69C-43AB-A22C-724F116D50EA} = {9B3AC501-5FCB-4A2A-A628-BE0985DB2BD4}
		{A7AA6037-BF11-473E-94F9-717276FE080C} = {9B3AC501-5FCB-4A2A-A628-BE0985DB2BD4}
		{ABB32A29-AF50-47FA-B243-5FD75A5ABA54} = {7E264F12-9EC3-4CDC-A187-6879C2B2BFCF}
		{59129078-7B12-4198-B93E-0AA08D0BB7ED} = {7E264F12-9EC3-4CDC-A187-6879C2B2BFCF}
		{29976BA4-A04D-4A80-A866-098C879C2FDE} = {7E264F12-9EC3-4CDC-A187-6879C2B2BFCF}
		{53F12A60-E9CC-44BC-8366-1AE3AB2B547D} = {7E264F12-9EC3-4CDC-A187-6879C2B2BFCF}
		{2541686B-1673-43BF-AF89-3163945DB009} = {7E264F12-9EC3-4CDC-A187-6879C2B2BFCF}
		{9CA367B8-0B98-49D1-84FB-735E612E3BA9} = {7E264F12-9EC3-4CDC-A187-6879C2B2BFCF}
		{B46F6C6C-9184-41AF-8F8B-E0084752CA7C} = {7E264F12-9EC3-4CDC-A187-6879C2B2BFCF}
		{2A8E8AF5-74E7-49DB-A42E-9360FA7A6CC4} = {7E264F12-9EC3-4CDC-A187-6879C2B2BFCF}
		{C8B88795-6D01-494D-83AD-6944BD4C5023} = {7E264F12-9EC3-4CDC-A187-6879C2B2BFCF}
		{825E7A10-390C-4A2B-B3A8-491D14966912} = {7E264F12-9EC3-4CDC-A187-6879C2B2BFCF}
		{1378A66C-38E4-46F5-A05F-DC04EF7D4D16} = {7E264F12-9EC3-4CDC-A187-6879C2B2BFCF}
		{7F7994CE-823F-4A04-BBEA-D0A3808FF56D} = {7E264F12-9EC3-4CDC-A187-6879C2B2BFCF}
		{664FC484-2A94-4B0D-808F-A71F88E06B11} = {7E264F12-9EC3-4CDC-A187-6879C2B2BFCF}
		{D0C39D9D-BED0-418B-9A5E-713176CAF40C} = {7E264F12-9EC3-4CDC-A187-6879C2B2BFCF}
		{E06DEF77-F933-42FB-AFD7-DB2D0D8D6A98} = {7E264F12-9EC3-4CDC-A187-6879C2B2BFCF}
		{ABA78B2E-77C3-4377-8568-9542AC227971} = {7E264F12-9EC3-4CDC-A187-6879C2B2BFCF}
		{B5211B56-CA30-4B2A-843B-832849F18CEA} = {9B3AC501-5FCB-4A2A-A628-BE0985DB2BD4}
		{BB06DFF7-4F41-4B9D-A3C3-3B6D2B8702B6} = {7E264F12-9EC3-4CDC-A187-6879C2B2BFCF}
		{CCE510F7-1DA6-40F2-8921-B86ED41BB85E} = {7E264F12-9EC3-4CDC-A187-6879C2B2BFCF}
		{65473257-E70F-410B-9269-D0C0F771EA87} = {7E264F12-9EC3-4CDC-A187-6879C2B2BFCF}
		{098F542C-7C70-4B9C-B2E2-AC5DC5E0294B} = {7E264F12-9EC3-4CDC-A187-6879C2B2BFCF}
		{CF402948-A3F4-4962-8A57-E40B46759D25} = {7E264F12-9EC3-4CDC-A187-6879C2B2BFCF}
		{766FCF85-4809-44DB-B316-6C4902C65245} = {7E264F12-9EC3-4CDC-A187-6879C2B2BFCF}
		{13D2EC90-C41F-48A1-AADA-859B6DC24EDC} = {7E264F12-9EC3-4CDC-A187-6879C2B2BFCF}
		{DFA3C3B7-F098-4567-A780-A37DC52CA577} = {7E264F12-9EC3-4CDC-A187-6879C2B2BFCF}
		{F4B60F03-F4C8-42CD-A46D-712838DC184B} = {7E264F12-9EC3-4CDC-A187-6879C2B2BFCF}
		{FF6AA762-7AD3-4F38-94B1-EA75D7B1F217} = {7E264F12-9EC3-4CDC-A187-6879C2B2BFCF}
		{624AFC60-565F-4F01-BD51-BCCE7AA09BE9} = {7E264F12-9EC3-4CDC-A187-6879C2B2BFCF}
		{BB4C8021-B5E1-4DE2-82CB-14BDFB9837E4} = {7E264F12-9EC3-4CDC-A187-6879C2B2BFCF}
		{6C4FF9C3-7AFF-4274-B8FC-4A93A1FAADEA} = {7E264F12-9EC3-4CDC-A187-6879C2B2BFCF}
		{CA6345D3-7A6D-478B-A0ED-A58E50DCAA83} = {7E264F12-9EC3-4CDC-A187-6879C2B2BFCF}
	EndGlobalSection
	GlobalSection(ExtensibilityGlobals) = postSolution
		SolutionGuid = {F7AF94B5-83B0-46CD-B258-67F2404F82FC}
	EndGlobalSection
	GlobalSection(Performance) = preSolution
		HasPerformanceSessions = true
	EndGlobalSection
	GlobalSection(Performance) = preSolution
		HasPerformanceSessions = true
	EndGlobalSection
	GlobalSection(Performance) = preSolution
		HasPerformanceSessions = true
	EndGlobalSection
	GlobalSection(Performance) = preSolution
		HasPerformanceSessions = true
	EndGlobalSection
	GlobalSection(Performance) = preSolution
		HasPerformanceSessions = true
	EndGlobalSection
	GlobalSection(Performance) = preSolution
		HasPerformanceSessions = true
	EndGlobalSection
	GlobalSection(Performance) = preSolution
		HasPerformanceSessions = true
	EndGlobalSection
	GlobalSection(Performance) = preSolution
		HasPerformanceSessions = true
	EndGlobalSection
	GlobalSection(MonoDevelopProperties) = preSolution
		StartupItem = MissionPlanner.csproj
	EndGlobalSection
EndGlobal
