
Microsoft Visual Studio Solution File, Format Version 12.00
# Visual Studio Version 16
VisualStudioVersion = 16.0.29721.120
MinimumVisualStudioVersion = 10.0.40219.1
Project("{FAE04EC0-301F-11D3-BF4B-00C04F79EFBC}") = "ImageVisualizer16.UI", "ImageVisualizer16.UI\ImageVisualizer16.UI.csproj", "{63D1D741-7C82-447B-B5F8-68B3BE3470D2}"
EndProject
Project("{9A19103F-16F7-4668-BE54-9A1E7A4F7556}") = "ImageVisualizer16.Common", "ImageVisualizer16.Common\ImageVisualizer16.Common.csproj", "{B271E1B1-BB78-4864-8DB5-BC48FB1CB132}"
EndProject
Project("{9A19103F-16F7-4668-BE54-9A1E7A4F7556}") = "ImageVisualizer16.DebuggeeSide", "ImageVisualizer16.DebuggeeSide\ImageVisualizer16.DebuggeeSide.csproj", "{552D4CE4-EF94-4232-B8EA-C5F26E930220}"
EndProject
Project("{FAE04EC0-301F-11D3-BF4B-00C04F79EFBC}") = "ImageVisualizerSkiaPackage", "ImageVisualizerPackage\ImageVisualizerSkiaPackage.csproj", "{FB4C20B3-659C-4D7E-9832-7BFB165DF2E0}"
EndProject
Project("{930C7802-8A8C-48F9-8165-68863BCCD9DD}") = "SetupVisualizerSkia", "SetupVisualizer\SetupVisualizerSkia.wixproj", "{49BAF40F-9365-482B-BC8E-43557931B415}"
EndProject
Project("{2150E333-8FDC-42A3-9474-1A3956D46DE8}") = "Solution Items", "Solution Items", "{6AE77D16-314C-4016-A4C0-016E1EEF6F80}"
	ProjectSection(SolutionItems) = preProject
		README.md = README.md
	EndProjectSection
EndProject
Global
	GlobalSection(SolutionConfigurationPlatforms) = preSolution
		Debug|Any CPU = Debug|Any CPU
		Debug|x86 = Debug|x86
		Release|Any CPU = Release|Any CPU
		Release|x86 = Release|x86
	EndGlobalSection
	GlobalSection(ProjectConfigurationPlatforms) = postSolution
		{63D1D741-7C82-447B-B5F8-68B3BE3470D2}.Debug|Any CPU.ActiveCfg = Debug|Any CPU
		{63D1D741-7C82-447B-B5F8-68B3BE3470D2}.Debug|Any CPU.Build.0 = Debug|Any CPU
		{63D1D741-7C82-447B-B5F8-68B3BE3470D2}.Debug|x86.ActiveCfg = Debug|Any CPU
		{63D1D741-7C82-447B-B5F8-68B3BE3470D2}.Debug|x86.Build.0 = Debug|Any CPU
		{63D1D741-7C82-447B-B5F8-68B3BE3470D2}.Release|Any CPU.ActiveCfg = Release|Any CPU
		{63D1D741-7C82-447B-B5F8-68B3BE3470D2}.Release|Any CPU.Build.0 = Release|Any CPU
		{63D1D741-7C82-447B-B5F8-68B3BE3470D2}.Release|x86.ActiveCfg = Release|Any CPU
		{63D1D741-7C82-447B-B5F8-68B3BE3470D2}.Release|x86.Build.0 = Release|Any CPU
		{B271E1B1-BB78-4864-8DB5-BC48FB1CB132}.Debug|Any CPU.ActiveCfg = Debug|Any CPU
		{B271E1B1-BB78-4864-8DB5-BC48FB1CB132}.Debug|Any CPU.Build.0 = Debug|Any CPU
		{B271E1B1-BB78-4864-8DB5-BC48FB1CB132}.Debug|x86.ActiveCfg = Debug|Any CPU
		{B271E1B1-BB78-4864-8DB5-BC48FB1CB132}.Debug|x86.Build.0 = Debug|Any CPU
		{B271E1B1-BB78-4864-8DB5-BC48FB1CB132}.Release|Any CPU.ActiveCfg = Release|Any CPU
		{B271E1B1-BB78-4864-8DB5-BC48FB1CB132}.Release|Any CPU.Build.0 = Release|Any CPU
		{B271E1B1-BB78-4864-8DB5-BC48FB1CB132}.Release|x86.ActiveCfg = Release|Any CPU
		{B271E1B1-BB78-4864-8DB5-BC48FB1CB132}.Release|x86.Build.0 = Release|Any CPU
		{552D4CE4-EF94-4232-B8EA-C5F26E930220}.Debug|Any CPU.ActiveCfg = Debug|Any CPU
		{552D4CE4-EF94-4232-B8EA-C5F26E930220}.Debug|Any CPU.Build.0 = Debug|Any CPU
		{552D4CE4-EF94-4232-B8EA-C5F26E930220}.Debug|x86.ActiveCfg = Debug|Any CPU
		{552D4CE4-EF94-4232-B8EA-C5F26E930220}.Debug|x86.Build.0 = Debug|Any CPU
		{552D4CE4-EF94-4232-B8EA-C5F26E930220}.Release|Any CPU.ActiveCfg = Release|Any CPU
		{552D4CE4-EF94-4232-B8EA-C5F26E930220}.Release|Any CPU.Build.0 = Release|Any CPU
		{552D4CE4-EF94-4232-B8EA-C5F26E930220}.Release|x86.ActiveCfg = Release|Any CPU
		{552D4CE4-EF94-4232-B8EA-C5F26E930220}.Release|x86.Build.0 = Release|Any CPU
		{FB4C20B3-659C-4D7E-9832-7BFB165DF2E0}.Debug|Any CPU.ActiveCfg = Debug|Any CPU
		{FB4C20B3-659C-4D7E-9832-7BFB165DF2E0}.Debug|Any CPU.Build.0 = Debug|Any CPU
		{FB4C20B3-659C-4D7E-9832-7BFB165DF2E0}.Debug|x86.ActiveCfg = Debug|Any CPU
		{FB4C20B3-659C-4D7E-9832-7BFB165DF2E0}.Debug|x86.Build.0 = Debug|Any CPU
		{FB4C20B3-659C-4D7E-9832-7BFB165DF2E0}.Release|Any CPU.ActiveCfg = Release|Any CPU
		{FB4C20B3-659C-4D7E-9832-7BFB165DF2E0}.Release|Any CPU.Build.0 = Release|Any CPU
		{FB4C20B3-659C-4D7E-9832-7BFB165DF2E0}.Release|x86.ActiveCfg = Release|Any CPU
		{FB4C20B3-659C-4D7E-9832-7BFB165DF2E0}.Release|x86.Build.0 = Release|Any CPU
		{49BAF40F-9365-482B-BC8E-43557931B415}.Debug|Any CPU.ActiveCfg = Debug|x86
		{49BAF40F-9365-482B-BC8E-43557931B415}.Debug|Any CPU.Build.0 = Debug|x86
		{49BAF40F-9365-482B-BC8E-43557931B415}.Debug|x86.ActiveCfg = Debug|x86
		{49BAF40F-9365-482B-BC8E-43557931B415}.Debug|x86.Build.0 = Debug|x86
		{49BAF40F-9365-482B-BC8E-43557931B415}.Release|Any CPU.ActiveCfg = Release|x86
		{49BAF40F-9365-482B-BC8E-43557931B415}.Release|Any CPU.Build.0 = Release|x86
		{49BAF40F-9365-482B-BC8E-43557931B415}.Release|x86.ActiveCfg = Release|x86
		{49BAF40F-9365-482B-BC8E-43557931B415}.Release|x86.Build.0 = Release|x86
	EndGlobalSection
	GlobalSection(SolutionProperties) = preSolution
		HideSolutionNode = FALSE
	EndGlobalSection
	GlobalSection(ExtensibilityGlobals) = postSolution
		SolutionGuid = {1AC0DA32-B915-4CD0-BB7B-8676AD8EDD30}
	EndGlobalSection
EndGlobal
