
Microsoft Visual Studio Solution File, Format Version 12.00
# Visual Studio Version 16
VisualStudioVersion = 16.0.29006.145
MinimumVisualStudioVersion = 10.0.40219.1
Project("{D954291E-2A0B-460D-934E-DC6B0785DB48}") = "SkiaSharpTest.Shared", "SkiaSharpTest\SkiaSharpTest.Shared\SkiaSharpTest.Shared.shproj", "{6279C845-92F8-4333-AB99-3D213163593C}"
EndProject
Project("{FAE04EC0-301F-11D3-BF4B-00C04F79EFBC}") = "SkiaSharpTest.Droid", "SkiaSharpTest\SkiaSharpTest.Droid\SkiaSharpTest.Droid.csproj", "{7ACCE748-B2D6-4010-9E2D-C36EE736A904}"
EndProject
Project("{FAE04EC0-301F-11D3-BF4B-00C04F79EFBC}") = "SkiaSharpTest.iOS", "SkiaSharpTest\SkiaSharpTest.iOS\SkiaSharpTest.iOS.csproj", "{2119437E-6E80-4406-9281-2D45E3FD22C5}"
EndProject
Project("{FAE04EC0-301F-11D3-BF4B-00C04F79EFBC}") = "SkiaSharpTest.UWP", "SkiaSharpTest\SkiaSharpTest.UWP\SkiaSharpTest.UWP.csproj", "{E798BA38-04BF-4085-96ED-DE8C2C0D6AB1}"
EndProject
Project("{9A19103F-16F7-4668-BE54-9A1E7A4F7556}") = "SkiaSharpTest.Wasm", "SkiaSharpTest\SkiaSharpTest.Wasm\SkiaSharpTest.Wasm.csproj", "{20363580-7906-4674-A521-C88A02857B71}"
EndProject
Project("{9A19103F-16F7-4668-BE54-9A1E7A4F7556}") = "MissionPlannerLib", "..\..\..\MissionPlannerLib.csproj", "{9AB081C4-9E8A-4559-B721-74EB0447CFE5}"
EndProject
Project("{9A19103F-16F7-4668-BE54-9A1E7A4F7556}") = "System.Drawing.android", "..\..\System.Drawing.android\System.Drawing.android.csproj", "{26D9D348-B2AA-4B2E-972A-A43A7C5F9A12}"
EndProject
Project("{9A19103F-16F7-4668-BE54-9A1E7A4F7556}") = "MissionPlanner.Drawing.Common", "..\..\MissionPlanner.Drawing.Common\MissionPlanner.Drawing.Common.csproj", "{B30DE998-4B2F-4C4D-A405-5FDF7C70D2E8}"
EndProject
Project("{9A19103F-16F7-4668-BE54-9A1E7A4F7556}") = "MissionPlanner.Drawing", "..\..\MissionPlanner.Drawing\MissionPlanner.Drawing.csproj", "{6F22A982-B427-4D41-83D1-A22DCF2E5F7B}"
EndProject
Project("{9A19103F-16F7-4668-BE54-9A1E7A4F7556}") = "System.Windows.Forms-net_4_x", "..\..\mono\mcs\class\System.Windows.Forms\System.Windows.Forms-net_4_x.csproj", "{EA753991-1F21-4410-BF83-276E248C4EC1}"
EndProject
Project("{9A19103F-16F7-4668-BE54-9A1E7A4F7556}") = "MissionPlanner.Comms", "..\..\Comms\MissionPlanner.Comms.csproj", "{A2BB1DFF-1234-4648-9D24-14532A4C4505}"
EndProject
Project("{9A19103F-16F7-4668-BE54-9A1E7A4F7556}") = "MissionPlanner.Utilities", "..\..\Utilities\MissionPlanner.Utilities.csproj", "{AAA79876-6032-4FB2-A4CF-BCEFE9C2AA63}"
EndProject
Global
	GlobalSection(SharedMSBuildProjectFiles) = preSolution
		SkiaSharpTest\SkiaSharpTest.Shared\SkiaSharpTest.Shared.projitems*{20363580-7906-4674-a521-c88a02857b71}*SharedItemsImports = 5
		SkiaSharpTest\SkiaSharpTest.Shared\SkiaSharpTest.Shared.projitems*{2119437e-6e80-4406-9281-2d45e3fd22c5}*SharedItemsImports = 4
		SkiaSharpTest\SkiaSharpTest.Shared\SkiaSharpTest.Shared.projitems*{6279c845-92f8-4333-ab99-3d213163593c}*SharedItemsImports = 13
		SkiaSharpTest\SkiaSharpTest.Shared\SkiaSharpTest.Shared.projitems*{7acce748-b2d6-4010-9e2d-c36ee736a904}*SharedItemsImports = 4
		SkiaSharpTest\SkiaSharpTest.Shared\SkiaSharpTest.Shared.projitems*{e798ba38-04bf-4085-96ed-de8c2c0d6ab1}*SharedItemsImports = 4
	EndGlobalSection
	GlobalSection(SolutionConfigurationPlatforms) = preSolution
		Ad-Hoc|Any CPU = Ad-Hoc|Any CPU
		Ad-Hoc|ARM = Ad-Hoc|ARM
		Ad-Hoc|iPhone = Ad-Hoc|iPhone
		Ad-Hoc|iPhoneSimulator = Ad-Hoc|iPhoneSimulator
		Ad-Hoc|x64 = Ad-Hoc|x64
		Ad-Hoc|x86 = Ad-Hoc|x86
		AppStore|Any CPU = AppStore|Any CPU
		AppStore|ARM = AppStore|ARM
		AppStore|iPhone = AppStore|iPhone
		AppStore|iPhoneSimulator = AppStore|iPhoneSimulator
		AppStore|x64 = AppStore|x64
		AppStore|x86 = AppStore|x86
		Debug|Any CPU = Debug|Any CPU
		Debug|ARM = Debug|ARM
		Debug|iPhone = Debug|iPhone
		Debug|iPhoneSimulator = Debug|iPhoneSimulator
		Debug|x64 = Debug|x64
		Debug|x86 = Debug|x86
		Release|Any CPU = Release|Any CPU
		Release|ARM = Release|ARM
		Release|iPhone = Release|iPhone
		Release|iPhoneSimulator = Release|iPhoneSimulator
		Release|x64 = Release|x64
		Release|x86 = Release|x86
	EndGlobalSection
	GlobalSection(ProjectConfigurationPlatforms) = postSolution
		{7ACCE748-B2D6-4010-9E2D-C36EE736A904}.Ad-Hoc|Any CPU.ActiveCfg = Release|Any CPU
		{7ACCE748-B2D6-4010-9E2D-C36EE736A904}.Ad-Hoc|Any CPU.Build.0 = Release|Any CPU
		{7ACCE748-B2D6-4010-9E2D-C36EE736A904}.Ad-Hoc|Any CPU.Deploy.0 = Release|Any CPU
		{7ACCE748-B2D6-4010-9E2D-C36EE736A904}.Ad-Hoc|ARM.ActiveCfg = Release|Any CPU
		{7ACCE748-B2D6-4010-9E2D-C36EE736A904}.Ad-Hoc|ARM.Build.0 = Release|Any CPU
		{7ACCE748-B2D6-4010-9E2D-C36EE736A904}.Ad-Hoc|ARM.Deploy.0 = Release|Any CPU
		{7ACCE748-B2D6-4010-9E2D-C36EE736A904}.Ad-Hoc|iPhone.ActiveCfg = Release|Any CPU
		{7ACCE748-B2D6-4010-9E2D-C36EE736A904}.Ad-Hoc|iPhone.Build.0 = Release|Any CPU
		{7ACCE748-B2D6-4010-9E2D-C36EE736A904}.Ad-Hoc|iPhone.Deploy.0 = Release|Any CPU
		{7ACCE748-B2D6-4010-9E2D-C36EE736A904}.Ad-Hoc|iPhoneSimulator.ActiveCfg = Release|Any CPU
		{7ACCE748-B2D6-4010-9E2D-C36EE736A904}.Ad-Hoc|iPhoneSimulator.Build.0 = Release|Any CPU
		{7ACCE748-B2D6-4010-9E2D-C36EE736A904}.Ad-Hoc|iPhoneSimulator.Deploy.0 = Release|Any CPU
		{7ACCE748-B2D6-4010-9E2D-C36EE736A904}.Ad-Hoc|x64.ActiveCfg = Release|Any CPU
		{7ACCE748-B2D6-4010-9E2D-C36EE736A904}.Ad-Hoc|x64.Build.0 = Release|Any CPU
		{7ACCE748-B2D6-4010-9E2D-C36EE736A904}.Ad-Hoc|x64.Deploy.0 = Release|Any CPU
		{7ACCE748-B2D6-4010-9E2D-C36EE736A904}.Ad-Hoc|x86.ActiveCfg = Release|Any CPU
		{7ACCE748-B2D6-4010-9E2D-C36EE736A904}.Ad-Hoc|x86.Build.0 = Release|Any CPU
		{7ACCE748-B2D6-4010-9E2D-C36EE736A904}.Ad-Hoc|x86.Deploy.0 = Release|Any CPU
		{7ACCE748-B2D6-4010-9E2D-C36EE736A904}.AppStore|Any CPU.ActiveCfg = Release|Any CPU
		{7ACCE748-B2D6-4010-9E2D-C36EE736A904}.AppStore|Any CPU.Build.0 = Release|Any CPU
		{7ACCE748-B2D6-4010-9E2D-C36EE736A904}.AppStore|Any CPU.Deploy.0 = Release|Any CPU
		{7ACCE748-B2D6-4010-9E2D-C36EE736A904}.AppStore|ARM.ActiveCfg = Release|Any CPU
		{7ACCE748-B2D6-4010-9E2D-C36EE736A904}.AppStore|ARM.Build.0 = Release|Any CPU
		{7ACCE748-B2D6-4010-9E2D-C36EE736A904}.AppStore|ARM.Deploy.0 = Release|Any CPU
		{7ACCE748-B2D6-4010-9E2D-C36EE736A904}.AppStore|iPhone.ActiveCfg = Release|Any CPU
		{7ACCE748-B2D6-4010-9E2D-C36EE736A904}.AppStore|iPhone.Build.0 = Release|Any CPU
		{7ACCE748-B2D6-4010-9E2D-C36EE736A904}.AppStore|iPhone.Deploy.0 = Release|Any CPU
		{7ACCE748-B2D6-4010-9E2D-C36EE736A904}.AppStore|iPhoneSimulator.ActiveCfg = Release|Any CPU
		{7ACCE748-B2D6-4010-9E2D-C36EE736A904}.AppStore|iPhoneSimulator.Build.0 = Release|Any CPU
		{7ACCE748-B2D6-4010-9E2D-C36EE736A904}.AppStore|iPhoneSimulator.Deploy.0 = Release|Any CPU
		{7ACCE748-B2D6-4010-9E2D-C36EE736A904}.AppStore|x64.ActiveCfg = Release|Any CPU
		{7ACCE748-B2D6-4010-9E2D-C36EE736A904}.AppStore|x64.Build.0 = Release|Any CPU
		{7ACCE748-B2D6-4010-9E2D-C36EE736A904}.AppStore|x64.Deploy.0 = Release|Any CPU
		{7ACCE748-B2D6-4010-9E2D-C36EE736A904}.AppStore|x86.ActiveCfg = Release|Any CPU
		{7ACCE748-B2D6-4010-9E2D-C36EE736A904}.AppStore|x86.Build.0 = Release|Any CPU
		{7ACCE748-B2D6-4010-9E2D-C36EE736A904}.AppStore|x86.Deploy.0 = Release|Any CPU
		{7ACCE748-B2D6-4010-9E2D-C36EE736A904}.Debug|Any CPU.ActiveCfg = Debug|Any CPU
		{7ACCE748-B2D6-4010-9E2D-C36EE736A904}.Debug|Any CPU.Build.0 = Debug|Any CPU
		{7ACCE748-B2D6-4010-9E2D-C36EE736A904}.Debug|Any CPU.Deploy.0 = Debug|Any CPU
		{7ACCE748-B2D6-4010-9E2D-C36EE736A904}.Debug|ARM.ActiveCfg = Debug|Any CPU
		{7ACCE748-B2D6-4010-9E2D-C36EE736A904}.Debug|ARM.Build.0 = Debug|Any CPU
		{7ACCE748-B2D6-4010-9E2D-C36EE736A904}.Debug|ARM.Deploy.0 = Debug|Any CPU
		{7ACCE748-B2D6-4010-9E2D-C36EE736A904}.Debug|iPhone.ActiveCfg = Debug|Any CPU
		{7ACCE748-B2D6-4010-9E2D-C36EE736A904}.Debug|iPhone.Build.0 = Debug|Any CPU
		{7ACCE748-B2D6-4010-9E2D-C36EE736A904}.Debug|iPhone.Deploy.0 = Debug|Any CPU
		{7ACCE748-B2D6-4010-9E2D-C36EE736A904}.Debug|iPhoneSimulator.ActiveCfg = Debug|Any CPU
		{7ACCE748-B2D6-4010-9E2D-C36EE736A904}.Debug|iPhoneSimulator.Build.0 = Debug|Any CPU
		{7ACCE748-B2D6-4010-9E2D-C36EE736A904}.Debug|iPhoneSimulator.Deploy.0 = Debug|Any CPU
		{7ACCE748-B2D6-4010-9E2D-C36EE736A904}.Debug|x64.ActiveCfg = Debug|Any CPU
		{7ACCE748-B2D6-4010-9E2D-C36EE736A904}.Debug|x64.Build.0 = Debug|Any CPU
		{7ACCE748-B2D6-4010-9E2D-C36EE736A904}.Debug|x64.Deploy.0 = Debug|Any CPU
		{7ACCE748-B2D6-4010-9E2D-C36EE736A904}.Debug|x86.ActiveCfg = Debug|Any CPU
		{7ACCE748-B2D6-4010-9E2D-C36EE736A904}.Debug|x86.Build.0 = Debug|Any CPU
		{7ACCE748-B2D6-4010-9E2D-C36EE736A904}.Debug|x86.Deploy.0 = Debug|Any CPU
		{7ACCE748-B2D6-4010-9E2D-C36EE736A904}.Release|Any CPU.ActiveCfg = Release|Any CPU
		{7ACCE748-B2D6-4010-9E2D-C36EE736A904}.Release|Any CPU.Build.0 = Release|Any CPU
		{7ACCE748-B2D6-4010-9E2D-C36EE736A904}.Release|Any CPU.Deploy.0 = Release|Any CPU
		{7ACCE748-B2D6-4010-9E2D-C36EE736A904}.Release|ARM.ActiveCfg = Release|Any CPU
		{7ACCE748-B2D6-4010-9E2D-C36EE736A904}.Release|ARM.Build.0 = Release|Any CPU
		{7ACCE748-B2D6-4010-9E2D-C36EE736A904}.Release|ARM.Deploy.0 = Release|Any CPU
		{7ACCE748-B2D6-4010-9E2D-C36EE736A904}.Release|iPhone.ActiveCfg = Release|Any CPU
		{7ACCE748-B2D6-4010-9E2D-C36EE736A904}.Release|iPhone.Build.0 = Release|Any CPU
		{7ACCE748-B2D6-4010-9E2D-C36EE736A904}.Release|iPhone.Deploy.0 = Release|Any CPU
		{7ACCE748-B2D6-4010-9E2D-C36EE736A904}.Release|iPhoneSimulator.ActiveCfg = Release|Any CPU
		{7ACCE748-B2D6-4010-9E2D-C36EE736A904}.Release|iPhoneSimulator.Build.0 = Release|Any CPU
		{7ACCE748-B2D6-4010-9E2D-C36EE736A904}.Release|iPhoneSimulator.Deploy.0 = Release|Any CPU
		{7ACCE748-B2D6-4010-9E2D-C36EE736A904}.Release|x64.ActiveCfg = Release|Any CPU
		{7ACCE748-B2D6-4010-9E2D-C36EE736A904}.Release|x64.Build.0 = Release|Any CPU
		{7ACCE748-B2D6-4010-9E2D-C36EE736A904}.Release|x64.Deploy.0 = Release|Any CPU
		{7ACCE748-B2D6-4010-9E2D-C36EE736A904}.Release|x86.ActiveCfg = Release|Any CPU
		{7ACCE748-B2D6-4010-9E2D-C36EE736A904}.Release|x86.Build.0 = Release|Any CPU
		{7ACCE748-B2D6-4010-9E2D-C36EE736A904}.Release|x86.Deploy.0 = Release|Any CPU
		{2119437E-6E80-4406-9281-2D45E3FD22C5}.Ad-Hoc|Any CPU.ActiveCfg = Ad-Hoc|iPhone
		{2119437E-6E80-4406-9281-2D45E3FD22C5}.Ad-Hoc|ARM.ActiveCfg = Ad-Hoc|iPhone
		{2119437E-6E80-4406-9281-2D45E3FD22C5}.Ad-Hoc|iPhone.ActiveCfg = Ad-Hoc|iPhone
		{2119437E-6E80-4406-9281-2D45E3FD22C5}.Ad-Hoc|iPhone.Build.0 = Ad-Hoc|iPhone
		{2119437E-6E80-4406-9281-2D45E3FD22C5}.Ad-Hoc|iPhoneSimulator.ActiveCfg = Ad-Hoc|iPhoneSimulator
		{2119437E-6E80-4406-9281-2D45E3FD22C5}.Ad-Hoc|iPhoneSimulator.Build.0 = Ad-Hoc|iPhoneSimulator
		{2119437E-6E80-4406-9281-2D45E3FD22C5}.Ad-Hoc|x64.ActiveCfg = Ad-Hoc|iPhone
		{2119437E-6E80-4406-9281-2D45E3FD22C5}.Ad-Hoc|x86.ActiveCfg = Ad-Hoc|iPhone
		{2119437E-6E80-4406-9281-2D45E3FD22C5}.AppStore|Any CPU.ActiveCfg = AppStore|iPhone
		{2119437E-6E80-4406-9281-2D45E3FD22C5}.AppStore|ARM.ActiveCfg = AppStore|iPhone
		{2119437E-6E80-4406-9281-2D45E3FD22C5}.AppStore|iPhone.ActiveCfg = AppStore|iPhone
		{2119437E-6E80-4406-9281-2D45E3FD22C5}.AppStore|iPhone.Build.0 = AppStore|iPhone
		{2119437E-6E80-4406-9281-2D45E3FD22C5}.AppStore|iPhoneSimulator.ActiveCfg = AppStore|iPhoneSimulator
		{2119437E-6E80-4406-9281-2D45E3FD22C5}.AppStore|iPhoneSimulator.Build.0 = AppStore|iPhoneSimulator
		{2119437E-6E80-4406-9281-2D45E3FD22C5}.AppStore|x64.ActiveCfg = AppStore|iPhone
		{2119437E-6E80-4406-9281-2D45E3FD22C5}.AppStore|x86.ActiveCfg = AppStore|iPhone
		{2119437E-6E80-4406-9281-2D45E3FD22C5}.Debug|Any CPU.ActiveCfg = Debug|iPhone
		{2119437E-6E80-4406-9281-2D45E3FD22C5}.Debug|ARM.ActiveCfg = Debug|iPhone
		{2119437E-6E80-4406-9281-2D45E3FD22C5}.Debug|iPhone.ActiveCfg = Debug|iPhone
		{2119437E-6E80-4406-9281-2D45E3FD22C5}.Debug|iPhone.Build.0 = Debug|iPhone
		{2119437E-6E80-4406-9281-2D45E3FD22C5}.Debug|iPhoneSimulator.ActiveCfg = Debug|iPhoneSimulator
		{2119437E-6E80-4406-9281-2D45E3FD22C5}.Debug|iPhoneSimulator.Build.0 = Debug|iPhoneSimulator
		{2119437E-6E80-4406-9281-2D45E3FD22C5}.Debug|x64.ActiveCfg = Debug|iPhone
		{2119437E-6E80-4406-9281-2D45E3FD22C5}.Debug|x86.ActiveCfg = Debug|iPhone
		{2119437E-6E80-4406-9281-2D45E3FD22C5}.Release|Any CPU.ActiveCfg = Release|iPhone
		{2119437E-6E80-4406-9281-2D45E3FD22C5}.Release|ARM.ActiveCfg = Release|iPhone
		{2119437E-6E80-4406-9281-2D45E3FD22C5}.Release|iPhone.ActiveCfg = Release|iPhone
		{2119437E-6E80-4406-9281-2D45E3FD22C5}.Release|iPhone.Build.0 = Release|iPhone
		{2119437E-6E80-4406-9281-2D45E3FD22C5}.Release|iPhoneSimulator.ActiveCfg = Release|iPhoneSimulator
		{2119437E-6E80-4406-9281-2D45E3FD22C5}.Release|iPhoneSimulator.Build.0 = Release|iPhoneSimulator
		{2119437E-6E80-4406-9281-2D45E3FD22C5}.Release|x64.ActiveCfg = Release|iPhone
		{2119437E-6E80-4406-9281-2D45E3FD22C5}.Release|x86.ActiveCfg = Release|iPhone
		{E798BA38-04BF-4085-96ED-DE8C2C0D6AB1}.Ad-Hoc|Any CPU.ActiveCfg = Release|x64
		{E798BA38-04BF-4085-96ED-DE8C2C0D6AB1}.Ad-Hoc|Any CPU.Build.0 = Release|x64
		{E798BA38-04BF-4085-96ED-DE8C2C0D6AB1}.Ad-Hoc|Any CPU.Deploy.0 = Release|x64
		{E798BA38-04BF-4085-96ED-DE8C2C0D6AB1}.Ad-Hoc|ARM.ActiveCfg = Release|ARM
		{E798BA38-04BF-4085-96ED-DE8C2C0D6AB1}.Ad-Hoc|ARM.Build.0 = Release|ARM
		{E798BA38-04BF-4085-96ED-DE8C2C0D6AB1}.Ad-Hoc|ARM.Deploy.0 = Release|ARM
		{E798BA38-04BF-4085-96ED-DE8C2C0D6AB1}.Ad-Hoc|iPhone.ActiveCfg = Release|x64
		{E798BA38-04BF-4085-96ED-DE8C2C0D6AB1}.Ad-Hoc|iPhone.Build.0 = Release|x64
		{E798BA38-04BF-4085-96ED-DE8C2C0D6AB1}.Ad-Hoc|iPhone.Deploy.0 = Release|x64
		{E798BA38-04BF-4085-96ED-DE8C2C0D6AB1}.Ad-Hoc|iPhoneSimulator.ActiveCfg = Release|x64
		{E798BA38-04BF-4085-96ED-DE8C2C0D6AB1}.Ad-Hoc|iPhoneSimulator.Build.0 = Release|x64
		{E798BA38-04BF-4085-96ED-DE8C2C0D6AB1}.Ad-Hoc|iPhoneSimulator.Deploy.0 = Release|x64
		{E798BA38-04BF-4085-96ED-DE8C2C0D6AB1}.Ad-Hoc|x64.ActiveCfg = Release|x64
		{E798BA38-04BF-4085-96ED-DE8C2C0D6AB1}.Ad-Hoc|x64.Build.0 = Release|x64
		{E798BA38-04BF-4085-96ED-DE8C2C0D6AB1}.Ad-Hoc|x64.Deploy.0 = Release|x64
		{E798BA38-04BF-4085-96ED-DE8C2C0D6AB1}.Ad-Hoc|x86.ActiveCfg = Release|x86
		{E798BA38-04BF-4085-96ED-DE8C2C0D6AB1}.Ad-Hoc|x86.Build.0 = Release|x86
		{E798BA38-04BF-4085-96ED-DE8C2C0D6AB1}.Ad-Hoc|x86.Deploy.0 = Release|x86
		{E798BA38-04BF-4085-96ED-DE8C2C0D6AB1}.AppStore|Any CPU.ActiveCfg = Release|x64
		{E798BA38-04BF-4085-96ED-DE8C2C0D6AB1}.AppStore|Any CPU.Build.0 = Release|x64
		{E798BA38-04BF-4085-96ED-DE8C2C0D6AB1}.AppStore|Any CPU.Deploy.0 = Release|x64
		{E798BA38-04BF-4085-96ED-DE8C2C0D6AB1}.AppStore|ARM.ActiveCfg = Release|ARM
		{E798BA38-04BF-4085-96ED-DE8C2C0D6AB1}.AppStore|ARM.Build.0 = Release|ARM
		{E798BA38-04BF-4085-96ED-DE8C2C0D6AB1}.AppStore|ARM.Deploy.0 = Release|ARM
		{E798BA38-04BF-4085-96ED-DE8C2C0D6AB1}.AppStore|iPhone.ActiveCfg = Release|x64
		{E798BA38-04BF-4085-96ED-DE8C2C0D6AB1}.AppStore|iPhone.Build.0 = Release|x64
		{E798BA38-04BF-4085-96ED-DE8C2C0D6AB1}.AppStore|iPhone.Deploy.0 = Release|x64
		{E798BA38-04BF-4085-96ED-DE8C2C0D6AB1}.AppStore|iPhoneSimulator.ActiveCfg = Release|x64
		{E798BA38-04BF-4085-96ED-DE8C2C0D6AB1}.AppStore|iPhoneSimulator.Build.0 = Release|x64
		{E798BA38-04BF-4085-96ED-DE8C2C0D6AB1}.AppStore|iPhoneSimulator.Deploy.0 = Release|x64
		{E798BA38-04BF-4085-96ED-DE8C2C0D6AB1}.AppStore|x64.ActiveCfg = Release|x64
		{E798BA38-04BF-4085-96ED-DE8C2C0D6AB1}.AppStore|x64.Build.0 = Release|x64
		{E798BA38-04BF-4085-96ED-DE8C2C0D6AB1}.AppStore|x64.Deploy.0 = Release|x64
		{E798BA38-04BF-4085-96ED-DE8C2C0D6AB1}.AppStore|x86.ActiveCfg = Release|x86
		{E798BA38-04BF-4085-96ED-DE8C2C0D6AB1}.AppStore|x86.Build.0 = Release|x86
		{E798BA38-04BF-4085-96ED-DE8C2C0D6AB1}.AppStore|x86.Deploy.0 = Release|x86
		{E798BA38-04BF-4085-96ED-DE8C2C0D6AB1}.Debug|Any CPU.ActiveCfg = Debug|x86
		{E798BA38-04BF-4085-96ED-DE8C2C0D6AB1}.Debug|ARM.ActiveCfg = Debug|ARM
		{E798BA38-04BF-4085-96ED-DE8C2C0D6AB1}.Debug|ARM.Build.0 = Debug|ARM
		{E798BA38-04BF-4085-96ED-DE8C2C0D6AB1}.Debug|ARM.Deploy.0 = Debug|ARM
		{E798BA38-04BF-4085-96ED-DE8C2C0D6AB1}.Debug|iPhone.ActiveCfg = Debug|x86
		{E798BA38-04BF-4085-96ED-DE8C2C0D6AB1}.Debug|iPhoneSimulator.ActiveCfg = Debug|x86
		{E798BA38-04BF-4085-96ED-DE8C2C0D6AB1}.Debug|x64.ActiveCfg = Debug|x64
		{E798BA38-04BF-4085-96ED-DE8C2C0D6AB1}.Debug|x64.Build.0 = Debug|x64
		{E798BA38-04BF-4085-96ED-DE8C2C0D6AB1}.Debug|x64.Deploy.0 = Debug|x64
		{E798BA38-04BF-4085-96ED-DE8C2C0D6AB1}.Debug|x86.ActiveCfg = Debug|x86
		{E798BA38-04BF-4085-96ED-DE8C2C0D6AB1}.Debug|x86.Build.0 = Debug|x86
		{E798BA38-04BF-4085-96ED-DE8C2C0D6AB1}.Debug|x86.Deploy.0 = Debug|x86
		{E798BA38-04BF-4085-96ED-DE8C2C0D6AB1}.Release|Any CPU.ActiveCfg = Release|x86
		{E798BA38-04BF-4085-96ED-DE8C2C0D6AB1}.Release|ARM.ActiveCfg = Release|ARM
		{E798BA38-04BF-4085-96ED-DE8C2C0D6AB1}.Release|ARM.Build.0 = Release|ARM
		{E798BA38-04BF-4085-96ED-DE8C2C0D6AB1}.Release|ARM.Deploy.0 = Release|ARM
		{E798BA38-04BF-4085-96ED-DE8C2C0D6AB1}.Release|iPhone.ActiveCfg = Release|x86
		{E798BA38-04BF-4085-96ED-DE8C2C0D6AB1}.Release|iPhoneSimulator.ActiveCfg = Release|x86
		{E798BA38-04BF-4085-96ED-DE8C2C0D6AB1}.Release|x64.ActiveCfg = Release|x64
		{E798BA38-04BF-4085-96ED-DE8C2C0D6AB1}.Release|x64.Build.0 = Release|x64
		{E798BA38-04BF-4085-96ED-DE8C2C0D6AB1}.Release|x64.Deploy.0 = Release|x64
		{E798BA38-04BF-4085-96ED-DE8C2C0D6AB1}.Release|x86.ActiveCfg = Release|x86
		{E798BA38-04BF-4085-96ED-DE8C2C0D6AB1}.Release|x86.Build.0 = Release|x86
		{E798BA38-04BF-4085-96ED-DE8C2C0D6AB1}.Release|x86.Deploy.0 = Release|x86
		{20363580-7906-4674-A521-C88A02857B71}.Ad-Hoc|Any CPU.ActiveCfg = Debug|Any CPU
		{20363580-7906-4674-A521-C88A02857B71}.Ad-Hoc|Any CPU.Build.0 = Debug|Any CPU
		{20363580-7906-4674-A521-C88A02857B71}.Ad-Hoc|ARM.ActiveCfg = Debug|Any CPU
		{20363580-7906-4674-A521-C88A02857B71}.Ad-Hoc|ARM.Build.0 = Debug|Any CPU
		{20363580-7906-4674-A521-C88A02857B71}.Ad-Hoc|iPhone.ActiveCfg = Debug|Any CPU
		{20363580-7906-4674-A521-C88A02857B71}.Ad-Hoc|iPhone.Build.0 = Debug|Any CPU
		{20363580-7906-4674-A521-C88A02857B71}.Ad-Hoc|iPhoneSimulator.ActiveCfg = Debug|Any CPU
		{20363580-7906-4674-A521-C88A02857B71}.Ad-Hoc|iPhoneSimulator.Build.0 = Debug|Any CPU
		{20363580-7906-4674-A521-C88A02857B71}.Ad-Hoc|x64.ActiveCfg = Debug|Any CPU
		{20363580-7906-4674-A521-C88A02857B71}.Ad-Hoc|x64.Build.0 = Debug|Any CPU
		{20363580-7906-4674-A521-C88A02857B71}.Ad-Hoc|x86.ActiveCfg = Debug|Any CPU
		{20363580-7906-4674-A521-C88A02857B71}.Ad-Hoc|x86.Build.0 = Debug|Any CPU
		{20363580-7906-4674-A521-C88A02857B71}.AppStore|Any CPU.ActiveCfg = Debug|Any CPU
		{20363580-7906-4674-A521-C88A02857B71}.AppStore|Any CPU.Build.0 = Debug|Any CPU
		{20363580-7906-4674-A521-C88A02857B71}.AppStore|ARM.ActiveCfg = Debug|Any CPU
		{20363580-7906-4674-A521-C88A02857B71}.AppStore|ARM.Build.0 = Debug|Any CPU
		{20363580-7906-4674-A521-C88A02857B71}.AppStore|iPhone.ActiveCfg = Debug|Any CPU
		{20363580-7906-4674-A521-C88A02857B71}.AppStore|iPhone.Build.0 = Debug|Any CPU
		{20363580-7906-4674-A521-C88A02857B71}.AppStore|iPhoneSimulator.ActiveCfg = Debug|Any CPU
		{20363580-7906-4674-A521-C88A02857B71}.AppStore|iPhoneSimulator.Build.0 = Debug|Any CPU
		{20363580-7906-4674-A521-C88A02857B71}.AppStore|x64.ActiveCfg = Debug|Any CPU
		{20363580-7906-4674-A521-C88A02857B71}.AppStore|x64.Build.0 = Debug|Any CPU
		{20363580-7906-4674-A521-C88A02857B71}.AppStore|x86.ActiveCfg = Debug|Any CPU
		{20363580-7906-4674-A521-C88A02857B71}.AppStore|x86.Build.0 = Debug|Any CPU
		{20363580-7906-4674-A521-C88A02857B71}.Debug|Any CPU.ActiveCfg = Debug|Any CPU
		{20363580-7906-4674-A521-C88A02857B71}.Debug|Any CPU.Build.0 = Debug|Any CPU
		{20363580-7906-4674-A521-C88A02857B71}.Debug|ARM.ActiveCfg = Debug|Any CPU
		{20363580-7906-4674-A521-C88A02857B71}.Debug|ARM.Build.0 = Debug|Any CPU
		{20363580-7906-4674-A521-C88A02857B71}.Debug|iPhone.ActiveCfg = Debug|Any CPU
		{20363580-7906-4674-A521-C88A02857B71}.Debug|iPhone.Build.0 = Debug|Any CPU
		{20363580-7906-4674-A521-C88A02857B71}.Debug|iPhoneSimulator.ActiveCfg = Debug|Any CPU
		{20363580-7906-4674-A521-C88A02857B71}.Debug|iPhoneSimulator.Build.0 = Debug|Any CPU
		{20363580-7906-4674-A521-C88A02857B71}.Debug|x64.ActiveCfg = Debug|Any CPU
		{20363580-7906-4674-A521-C88A02857B71}.Debug|x64.Build.0 = Debug|Any CPU
		{20363580-7906-4674-A521-C88A02857B71}.Debug|x86.ActiveCfg = Debug|Any CPU
		{20363580-7906-4674-A521-C88A02857B71}.Debug|x86.Build.0 = Debug|Any CPU
		{20363580-7906-4674-A521-C88A02857B71}.Release|Any CPU.ActiveCfg = Release|Any CPU
		{20363580-7906-4674-A521-C88A02857B71}.Release|ARM.ActiveCfg = Release|Any CPU
		{20363580-7906-4674-A521-C88A02857B71}.Release|ARM.Build.0 = Release|Any CPU
		{20363580-7906-4674-A521-C88A02857B71}.Release|iPhone.ActiveCfg = Release|Any CPU
		{20363580-7906-4674-A521-C88A02857B71}.Release|iPhone.Build.0 = Release|Any CPU
		{20363580-7906-4674-A521-C88A02857B71}.Release|iPhoneSimulator.ActiveCfg = Release|Any CPU
		{20363580-7906-4674-A521-C88A02857B71}.Release|iPhoneSimulator.Build.0 = Release|Any CPU
		{20363580-7906-4674-A521-C88A02857B71}.Release|x64.ActiveCfg = Release|Any CPU
		{20363580-7906-4674-A521-C88A02857B71}.Release|x64.Build.0 = Release|Any CPU
		{20363580-7906-4674-A521-C88A02857B71}.Release|x86.ActiveCfg = Release|Any CPU
		{20363580-7906-4674-A521-C88A02857B71}.Release|x86.Build.0 = Release|Any CPU
		{9AB081C4-9E8A-4559-B721-74EB0447CFE5}.Ad-Hoc|Any CPU.ActiveCfg = Debug|Any CPU
		{9AB081C4-9E8A-4559-B721-74EB0447CFE5}.Ad-Hoc|Any CPU.Build.0 = Debug|Any CPU
		{9AB081C4-9E8A-4559-B721-74EB0447CFE5}.Ad-Hoc|ARM.ActiveCfg = Debug|Any CPU
		{9AB081C4-9E8A-4559-B721-74EB0447CFE5}.Ad-Hoc|ARM.Build.0 = Debug|Any CPU
		{9AB081C4-9E8A-4559-B721-74EB0447CFE5}.Ad-Hoc|iPhone.ActiveCfg = Debug|Any CPU
		{9AB081C4-9E8A-4559-B721-74EB0447CFE5}.Ad-Hoc|iPhone.Build.0 = Debug|Any CPU
		{9AB081C4-9E8A-4559-B721-74EB0447CFE5}.Ad-Hoc|iPhoneSimulator.ActiveCfg = Debug|Any CPU
		{9AB081C4-9E8A-4559-B721-74EB0447CFE5}.Ad-Hoc|iPhoneSimulator.Build.0 = Debug|Any CPU
		{9AB081C4-9E8A-4559-B721-74EB0447CFE5}.Ad-Hoc|x64.ActiveCfg = Debug|Any CPU
		{9AB081C4-9E8A-4559-B721-74EB0447CFE5}.Ad-Hoc|x64.Build.0 = Debug|Any CPU
		{9AB081C4-9E8A-4559-B721-74EB0447CFE5}.Ad-Hoc|x86.ActiveCfg = Debug|Any CPU
		{9AB081C4-9E8A-4559-B721-74EB0447CFE5}.Ad-Hoc|x86.Build.0 = Debug|Any CPU
		{9AB081C4-9E8A-4559-B721-74EB0447CFE5}.AppStore|Any CPU.ActiveCfg = Debug|Any CPU
		{9AB081C4-9E8A-4559-B721-74EB0447CFE5}.AppStore|Any CPU.Build.0 = Debug|Any CPU
		{9AB081C4-9E8A-4559-B721-74EB0447CFE5}.AppStore|ARM.ActiveCfg = Debug|Any CPU
		{9AB081C4-9E8A-4559-B721-74EB0447CFE5}.AppStore|ARM.Build.0 = Debug|Any CPU
		{9AB081C4-9E8A-4559-B721-74EB0447CFE5}.AppStore|iPhone.ActiveCfg = Debug|Any CPU
		{9AB081C4-9E8A-4559-B721-74EB0447CFE5}.AppStore|iPhone.Build.0 = Debug|Any CPU
		{9AB081C4-9E8A-4559-B721-74EB0447CFE5}.AppStore|iPhoneSimulator.ActiveCfg = Debug|Any CPU
		{9AB081C4-9E8A-4559-B721-74EB0447CFE5}.AppStore|iPhoneSimulator.Build.0 = Debug|Any CPU
		{9AB081C4-9E8A-4559-B721-74EB0447CFE5}.AppStore|x64.ActiveCfg = Debug|Any CPU
		{9AB081C4-9E8A-4559-B721-74EB0447CFE5}.AppStore|x64.Build.0 = Debug|Any CPU
		{9AB081C4-9E8A-4559-B721-74EB0447CFE5}.AppStore|x86.ActiveCfg = Debug|Any CPU
		{9AB081C4-9E8A-4559-B721-74EB0447CFE5}.AppStore|x86.Build.0 = Debug|Any CPU
		{9AB081C4-9E8A-4559-B721-74EB0447CFE5}.Debug|Any CPU.ActiveCfg = Debug|Any CPU
		{9AB081C4-9E8A-4559-B721-74EB0447CFE5}.Debug|Any CPU.Build.0 = Debug|Any CPU
		{9AB081C4-9E8A-4559-B721-74EB0447CFE5}.Debug|ARM.ActiveCfg = Debug|Any CPU
		{9AB081C4-9E8A-4559-B721-74EB0447CFE5}.Debug|ARM.Build.0 = Debug|Any CPU
		{9AB081C4-9E8A-4559-B721-74EB0447CFE5}.Debug|iPhone.ActiveCfg = Debug|Any CPU
		{9AB081C4-9E8A-4559-B721-74EB0447CFE5}.Debug|iPhone.Build.0 = Debug|Any CPU
		{9AB081C4-9E8A-4559-B721-74EB0447CFE5}.Debug|iPhoneSimulator.ActiveCfg = Debug|Any CPU
		{9AB081C4-9E8A-4559-B721-74EB0447CFE5}.Debug|iPhoneSimulator.Build.0 = Debug|Any CPU
		{9AB081C4-9E8A-4559-B721-74EB0447CFE5}.Debug|x64.ActiveCfg = Debug|Any CPU
		{9AB081C4-9E8A-4559-B721-74EB0447CFE5}.Debug|x64.Build.0 = Debug|Any CPU
		{9AB081C4-9E8A-4559-B721-74EB0447CFE5}.Debug|x86.ActiveCfg = Debug|Any CPU
		{9AB081C4-9E8A-4559-B721-74EB0447CFE5}.Debug|x86.Build.0 = Debug|Any CPU
		{9AB081C4-9E8A-4559-B721-74EB0447CFE5}.Release|Any CPU.ActiveCfg = Release|Any CPU
		{9AB081C4-9E8A-4559-B721-74EB0447CFE5}.Release|Any CPU.Build.0 = Release|Any CPU
		{9AB081C4-9E8A-4559-B721-74EB0447CFE5}.Release|ARM.ActiveCfg = Release|Any CPU
		{9AB081C4-9E8A-4559-B721-74EB0447CFE5}.Release|ARM.Build.0 = Release|Any CPU
		{9AB081C4-9E8A-4559-B721-74EB0447CFE5}.Release|iPhone.ActiveCfg = Release|Any CPU
		{9AB081C4-9E8A-4559-B721-74EB0447CFE5}.Release|iPhone.Build.0 = Release|Any CPU
		{9AB081C4-9E8A-4559-B721-74EB0447CFE5}.Release|iPhoneSimulator.ActiveCfg = Release|Any CPU
		{9AB081C4-9E8A-4559-B721-74EB0447CFE5}.Release|iPhoneSimulator.Build.0 = Release|Any CPU
		{9AB081C4-9E8A-4559-B721-74EB0447CFE5}.Release|x64.ActiveCfg = Release|Any CPU
		{9AB081C4-9E8A-4559-B721-74EB0447CFE5}.Release|x64.Build.0 = Release|Any CPU
		{9AB081C4-9E8A-4559-B721-74EB0447CFE5}.Release|x86.ActiveCfg = Release|Any CPU
		{9AB081C4-9E8A-4559-B721-74EB0447CFE5}.Release|x86.Build.0 = Release|Any CPU
		{26D9D348-B2AA-4B2E-972A-A43A7C5F9A12}.Ad-Hoc|Any CPU.ActiveCfg = Debug|Any CPU
		{26D9D348-B2AA-4B2E-972A-A43A7C5F9A12}.Ad-Hoc|Any CPU.Build.0 = Debug|Any CPU
		{26D9D348-B2AA-4B2E-972A-A43A7C5F9A12}.Ad-Hoc|ARM.ActiveCfg = Debug|Any CPU
		{26D9D348-B2AA-4B2E-972A-A43A7C5F9A12}.Ad-Hoc|ARM.Build.0 = Debug|Any CPU
		{26D9D348-B2AA-4B2E-972A-A43A7C5F9A12}.Ad-Hoc|iPhone.ActiveCfg = Debug|Any CPU
		{26D9D348-B2AA-4B2E-972A-A43A7C5F9A12}.Ad-Hoc|iPhone.Build.0 = Debug|Any CPU
		{26D9D348-B2AA-4B2E-972A-A43A7C5F9A12}.Ad-Hoc|iPhoneSimulator.ActiveCfg = Debug|Any CPU
		{26D9D348-B2AA-4B2E-972A-A43A7C5F9A12}.Ad-Hoc|iPhoneSimulator.Build.0 = Debug|Any CPU
		{26D9D348-B2AA-4B2E-972A-A43A7C5F9A12}.Ad-Hoc|x64.ActiveCfg = Debug|Any CPU
		{26D9D348-B2AA-4B2E-972A-A43A7C5F9A12}.Ad-Hoc|x64.Build.0 = Debug|Any CPU
		{26D9D348-B2AA-4B2E-972A-A43A7C5F9A12}.Ad-Hoc|x86.ActiveCfg = Debug|Any CPU
		{26D9D348-B2AA-4B2E-972A-A43A7C5F9A12}.Ad-Hoc|x86.Build.0 = Debug|Any CPU
		{26D9D348-B2AA-4B2E-972A-A43A7C5F9A12}.AppStore|Any CPU.ActiveCfg = Debug|Any CPU
		{26D9D348-B2AA-4B2E-972A-A43A7C5F9A12}.AppStore|Any CPU.Build.0 = Debug|Any CPU
		{26D9D348-B2AA-4B2E-972A-A43A7C5F9A12}.AppStore|ARM.ActiveCfg = Debug|Any CPU
		{26D9D348-B2AA-4B2E-972A-A43A7C5F9A12}.AppStore|ARM.Build.0 = Debug|Any CPU
		{26D9D348-B2AA-4B2E-972A-A43A7C5F9A12}.AppStore|iPhone.ActiveCfg = Debug|Any CPU
		{26D9D348-B2AA-4B2E-972A-A43A7C5F9A12}.AppStore|iPhone.Build.0 = Debug|Any CPU
		{26D9D348-B2AA-4B2E-972A-A43A7C5F9A12}.AppStore|iPhoneSimulator.ActiveCfg = Debug|Any CPU
		{26D9D348-B2AA-4B2E-972A-A43A7C5F9A12}.AppStore|iPhoneSimulator.Build.0 = Debug|Any CPU
		{26D9D348-B2AA-4B2E-972A-A43A7C5F9A12}.AppStore|x64.ActiveCfg = Debug|Any CPU
		{26D9D348-B2AA-4B2E-972A-A43A7C5F9A12}.AppStore|x64.Build.0 = Debug|Any CPU
		{26D9D348-B2AA-4B2E-972A-A43A7C5F9A12}.AppStore|x86.ActiveCfg = Debug|Any CPU
		{26D9D348-B2AA-4B2E-972A-A43A7C5F9A12}.AppStore|x86.Build.0 = Debug|Any CPU
		{26D9D348-B2AA-4B2E-972A-A43A7C5F9A12}.Debug|Any CPU.ActiveCfg = Debug|Any CPU
		{26D9D348-B2AA-4B2E-972A-A43A7C5F9A12}.Debug|Any CPU.Build.0 = Debug|Any CPU
		{26D9D348-B2AA-4B2E-972A-A43A7C5F9A12}.Debug|ARM.ActiveCfg = Debug|Any CPU
		{26D9D348-B2AA-4B2E-972A-A43A7C5F9A12}.Debug|ARM.Build.0 = Debug|Any CPU
		{26D9D348-B2AA-4B2E-972A-A43A7C5F9A12}.Debug|iPhone.ActiveCfg = Debug|Any CPU
		{26D9D348-B2AA-4B2E-972A-A43A7C5F9A12}.Debug|iPhone.Build.0 = Debug|Any CPU
		{26D9D348-B2AA-4B2E-972A-A43A7C5F9A12}.Debug|iPhoneSimulator.ActiveCfg = Debug|Any CPU
		{26D9D348-B2AA-4B2E-972A-A43A7C5F9A12}.Debug|iPhoneSimulator.Build.0 = Debug|Any CPU
		{26D9D348-B2AA-4B2E-972A-A43A7C5F9A12}.Debug|x64.ActiveCfg = Debug|Any CPU
		{26D9D348-B2AA-4B2E-972A-A43A7C5F9A12}.Debug|x64.Build.0 = Debug|Any CPU
		{26D9D348-B2AA-4B2E-972A-A43A7C5F9A12}.Debug|x86.ActiveCfg = Debug|Any CPU
		{26D9D348-B2AA-4B2E-972A-A43A7C5F9A12}.Debug|x86.Build.0 = Debug|Any CPU
		{26D9D348-B2AA-4B2E-972A-A43A7C5F9A12}.Release|Any CPU.ActiveCfg = Release|Any CPU
		{26D9D348-B2AA-4B2E-972A-A43A7C5F9A12}.Release|Any CPU.Build.0 = Release|Any CPU
		{26D9D348-B2AA-4B2E-972A-A43A7C5F9A12}.Release|ARM.ActiveCfg = Release|Any CPU
		{26D9D348-B2AA-4B2E-972A-A43A7C5F9A12}.Release|ARM.Build.0 = Release|Any CPU
		{26D9D348-B2AA-4B2E-972A-A43A7C5F9A12}.Release|iPhone.ActiveCfg = Release|Any CPU
		{26D9D348-B2AA-4B2E-972A-A43A7C5F9A12}.Release|iPhone.Build.0 = Release|Any CPU
		{26D9D348-B2AA-4B2E-972A-A43A7C5F9A12}.Release|iPhoneSimulator.ActiveCfg = Release|Any CPU
		{26D9D348-B2AA-4B2E-972A-A43A7C5F9A12}.Release|iPhoneSimulator.Build.0 = Release|Any CPU
		{26D9D348-B2AA-4B2E-972A-A43A7C5F9A12}.Release|x64.ActiveCfg = Release|Any CPU
		{26D9D348-B2AA-4B2E-972A-A43A7C5F9A12}.Release|x64.Build.0 = Release|Any CPU
		{26D9D348-B2AA-4B2E-972A-A43A7C5F9A12}.Release|x86.ActiveCfg = Release|Any CPU
		{26D9D348-B2AA-4B2E-972A-A43A7C5F9A12}.Release|x86.Build.0 = Release|Any CPU
		{B30DE998-4B2F-4C4D-A405-5FDF7C70D2E8}.Ad-Hoc|Any CPU.ActiveCfg = Debug|Any CPU
		{B30DE998-4B2F-4C4D-A405-5FDF7C70D2E8}.Ad-Hoc|Any CPU.Build.0 = Debug|Any CPU
		{B30DE998-4B2F-4C4D-A405-5FDF7C70D2E8}.Ad-Hoc|ARM.ActiveCfg = Debug|Any CPU
		{B30DE998-4B2F-4C4D-A405-5FDF7C70D2E8}.Ad-Hoc|ARM.Build.0 = Debug|Any CPU
		{B30DE998-4B2F-4C4D-A405-5FDF7C70D2E8}.Ad-Hoc|iPhone.ActiveCfg = Debug|Any CPU
		{B30DE998-4B2F-4C4D-A405-5FDF7C70D2E8}.Ad-Hoc|iPhone.Build.0 = Debug|Any CPU
		{B30DE998-4B2F-4C4D-A405-5FDF7C70D2E8}.Ad-Hoc|iPhoneSimulator.ActiveCfg = Debug|Any CPU
		{B30DE998-4B2F-4C4D-A405-5FDF7C70D2E8}.Ad-Hoc|iPhoneSimulator.Build.0 = Debug|Any CPU
		{B30DE998-4B2F-4C4D-A405-5FDF7C70D2E8}.Ad-Hoc|x64.ActiveCfg = Debug|Any CPU
		{B30DE998-4B2F-4C4D-A405-5FDF7C70D2E8}.Ad-Hoc|x64.Build.0 = Debug|Any CPU
		{B30DE998-4B2F-4C4D-A405-5FDF7C70D2E8}.Ad-Hoc|x86.ActiveCfg = Debug|Any CPU
		{B30DE998-4B2F-4C4D-A405-5FDF7C70D2E8}.Ad-Hoc|x86.Build.0 = Debug|Any CPU
		{B30DE998-4B2F-4C4D-A405-5FDF7C70D2E8}.AppStore|Any CPU.ActiveCfg = Debug|Any CPU
		{B30DE998-4B2F-4C4D-A405-5FDF7C70D2E8}.AppStore|Any CPU.Build.0 = Debug|Any CPU
		{B30DE998-4B2F-4C4D-A405-5FDF7C70D2E8}.AppStore|ARM.ActiveCfg = Debug|Any CPU
		{B30DE998-4B2F-4C4D-A405-5FDF7C70D2E8}.AppStore|ARM.Build.0 = Debug|Any CPU
		{B30DE998-4B2F-4C4D-A405-5FDF7C70D2E8}.AppStore|iPhone.ActiveCfg = Debug|Any CPU
		{B30DE998-4B2F-4C4D-A405-5FDF7C70D2E8}.AppStore|iPhone.Build.0 = Debug|Any CPU
		{B30DE998-4B2F-4C4D-A405-5FDF7C70D2E8}.AppStore|iPhoneSimulator.ActiveCfg = Debug|Any CPU
		{B30DE998-4B2F-4C4D-A405-5FDF7C70D2E8}.AppStore|iPhoneSimulator.Build.0 = Debug|Any CPU
		{B30DE998-4B2F-4C4D-A405-5FDF7C70D2E8}.AppStore|x64.ActiveCfg = Debug|Any CPU
		{B30DE998-4B2F-4C4D-A405-5FDF7C70D2E8}.AppStore|x64.Build.0 = Debug|Any CPU
		{B30DE998-4B2F-4C4D-A405-5FDF7C70D2E8}.AppStore|x86.ActiveCfg = Debug|Any CPU
		{B30DE998-4B2F-4C4D-A405-5FDF7C70D2E8}.AppStore|x86.Build.0 = Debug|Any CPU
		{B30DE998-4B2F-4C4D-A405-5FDF7C70D2E8}.Debug|Any CPU.ActiveCfg = Debug|Any CPU
		{B30DE998-4B2F-4C4D-A405-5FDF7C70D2E8}.Debug|Any CPU.Build.0 = Debug|Any CPU
		{B30DE998-4B2F-4C4D-A405-5FDF7C70D2E8}.Debug|ARM.ActiveCfg = Debug|Any CPU
		{B30DE998-4B2F-4C4D-A405-5FDF7C70D2E8}.Debug|ARM.Build.0 = Debug|Any CPU
		{B30DE998-4B2F-4C4D-A405-5FDF7C70D2E8}.Debug|iPhone.ActiveCfg = Debug|Any CPU
		{B30DE998-4B2F-4C4D-A405-5FDF7C70D2E8}.Debug|iPhone.Build.0 = Debug|Any CPU
		{B30DE998-4B2F-4C4D-A405-5FDF7C70D2E8}.Debug|iPhoneSimulator.ActiveCfg = Debug|Any CPU
		{B30DE998-4B2F-4C4D-A405-5FDF7C70D2E8}.Debug|iPhoneSimulator.Build.0 = Debug|Any CPU
		{B30DE998-4B2F-4C4D-A405-5FDF7C70D2E8}.Debug|x64.ActiveCfg = Debug|Any CPU
		{B30DE998-4B2F-4C4D-A405-5FDF7C70D2E8}.Debug|x64.Build.0 = Debug|Any CPU
		{B30DE998-4B2F-4C4D-A405-5FDF7C70D2E8}.Debug|x86.ActiveCfg = Debug|Any CPU
		{B30DE998-4B2F-4C4D-A405-5FDF7C70D2E8}.Debug|x86.Build.0 = Debug|Any CPU
		{B30DE998-4B2F-4C4D-A405-5FDF7C70D2E8}.Release|Any CPU.ActiveCfg = Release|Any CPU
		{B30DE998-4B2F-4C4D-A405-5FDF7C70D2E8}.Release|Any CPU.Build.0 = Release|Any CPU
		{B30DE998-4B2F-4C4D-A405-5FDF7C70D2E8}.Release|ARM.ActiveCfg = Release|Any CPU
		{B30DE998-4B2F-4C4D-A405-5FDF7C70D2E8}.Release|ARM.Build.0 = Release|Any CPU
		{B30DE998-4B2F-4C4D-A405-5FDF7C70D2E8}.Release|iPhone.ActiveCfg = Release|Any CPU
		{B30DE998-4B2F-4C4D-A405-5FDF7C70D2E8}.Release|iPhone.Build.0 = Release|Any CPU
		{B30DE998-4B2F-4C4D-A405-5FDF7C70D2E8}.Release|iPhoneSimulator.ActiveCfg = Release|Any CPU
		{B30DE998-4B2F-4C4D-A405-5FDF7C70D2E8}.Release|iPhoneSimulator.Build.0 = Release|Any CPU
		{B30DE998-4B2F-4C4D-A405-5FDF7C70D2E8}.Release|x64.ActiveCfg = Release|Any CPU
		{B30DE998-4B2F-4C4D-A405-5FDF7C70D2E8}.Release|x64.Build.0 = Release|Any CPU
		{B30DE998-4B2F-4C4D-A405-5FDF7C70D2E8}.Release|x86.ActiveCfg = Release|Any CPU
		{B30DE998-4B2F-4C4D-A405-5FDF7C70D2E8}.Release|x86.Build.0 = Release|Any CPU
		{6F22A982-B427-4D41-83D1-A22DCF2E5F7B}.Ad-Hoc|Any CPU.ActiveCfg = Debug|Any CPU
		{6F22A982-B427-4D41-83D1-A22DCF2E5F7B}.Ad-Hoc|Any CPU.Build.0 = Debug|Any CPU
		{6F22A982-B427-4D41-83D1-A22DCF2E5F7B}.Ad-Hoc|ARM.ActiveCfg = Debug|Any CPU
		{6F22A982-B427-4D41-83D1-A22DCF2E5F7B}.Ad-Hoc|ARM.Build.0 = Debug|Any CPU
		{6F22A982-B427-4D41-83D1-A22DCF2E5F7B}.Ad-Hoc|iPhone.ActiveCfg = Debug|Any CPU
		{6F22A982-B427-4D41-83D1-A22DCF2E5F7B}.Ad-Hoc|iPhone.Build.0 = Debug|Any CPU
		{6F22A982-B427-4D41-83D1-A22DCF2E5F7B}.Ad-Hoc|iPhoneSimulator.ActiveCfg = Debug|Any CPU
		{6F22A982-B427-4D41-83D1-A22DCF2E5F7B}.Ad-Hoc|iPhoneSimulator.Build.0 = Debug|Any CPU
		{6F22A982-B427-4D41-83D1-A22DCF2E5F7B}.Ad-Hoc|x64.ActiveCfg = Debug|Any CPU
		{6F22A982-B427-4D41-83D1-A22DCF2E5F7B}.Ad-Hoc|x64.Build.0 = Debug|Any CPU
		{6F22A982-B427-4D41-83D1-A22DCF2E5F7B}.Ad-Hoc|x86.ActiveCfg = Debug|Any CPU
		{6F22A982-B427-4D41-83D1-A22DCF2E5F7B}.Ad-Hoc|x86.Build.0 = Debug|Any CPU
		{6F22A982-B427-4D41-83D1-A22DCF2E5F7B}.AppStore|Any CPU.ActiveCfg = Debug|Any CPU
		{6F22A982-B427-4D41-83D1-A22DCF2E5F7B}.AppStore|Any CPU.Build.0 = Debug|Any CPU
		{6F22A982-B427-4D41-83D1-A22DCF2E5F7B}.AppStore|ARM.ActiveCfg = Debug|Any CPU
		{6F22A982-B427-4D41-83D1-A22DCF2E5F7B}.AppStore|ARM.Build.0 = Debug|Any CPU
		{6F22A982-B427-4D41-83D1-A22DCF2E5F7B}.AppStore|iPhone.ActiveCfg = Debug|Any CPU
		{6F22A982-B427-4D41-83D1-A22DCF2E5F7B}.AppStore|iPhone.Build.0 = Debug|Any CPU
		{6F22A982-B427-4D41-83D1-A22DCF2E5F7B}.AppStore|iPhoneSimulator.ActiveCfg = Debug|Any CPU
		{6F22A982-B427-4D41-83D1-A22DCF2E5F7B}.AppStore|iPhoneSimulator.Build.0 = Debug|Any CPU
		{6F22A982-B427-4D41-83D1-A22DCF2E5F7B}.AppStore|x64.ActiveCfg = Debug|Any CPU
		{6F22A982-B427-4D41-83D1-A22DCF2E5F7B}.AppStore|x64.Build.0 = Debug|Any CPU
		{6F22A982-B427-4D41-83D1-A22DCF2E5F7B}.AppStore|x86.ActiveCfg = Debug|Any CPU
		{6F22A982-B427-4D41-83D1-A22DCF2E5F7B}.AppStore|x86.Build.0 = Debug|Any CPU
		{6F22A982-B427-4D41-83D1-A22DCF2E5F7B}.Debug|Any CPU.ActiveCfg = Debug|Any CPU
		{6F22A982-B427-4D41-83D1-A22DCF2E5F7B}.Debug|Any CPU.Build.0 = Debug|Any CPU
		{6F22A982-B427-4D41-83D1-A22DCF2E5F7B}.Debug|ARM.ActiveCfg = Debug|Any CPU
		{6F22A982-B427-4D41-83D1-A22DCF2E5F7B}.Debug|ARM.Build.0 = Debug|Any CPU
		{6F22A982-B427-4D41-83D1-A22DCF2E5F7B}.Debug|iPhone.ActiveCfg = Debug|Any CPU
		{6F22A982-B427-4D41-83D1-A22DCF2E5F7B}.Debug|iPhone.Build.0 = Debug|Any CPU
		{6F22A982-B427-4D41-83D1-A22DCF2E5F7B}.Debug|iPhoneSimulator.ActiveCfg = Debug|Any CPU
		{6F22A982-B427-4D41-83D1-A22DCF2E5F7B}.Debug|iPhoneSimulator.Build.0 = Debug|Any CPU
		{6F22A982-B427-4D41-83D1-A22DCF2E5F7B}.Debug|x64.ActiveCfg = Debug|Any CPU
		{6F22A982-B427-4D41-83D1-A22DCF2E5F7B}.Debug|x64.Build.0 = Debug|Any CPU
		{6F22A982-B427-4D41-83D1-A22DCF2E5F7B}.Debug|x86.ActiveCfg = Debug|Any CPU
		{6F22A982-B427-4D41-83D1-A22DCF2E5F7B}.Debug|x86.Build.0 = Debug|Any CPU
		{6F22A982-B427-4D41-83D1-A22DCF2E5F7B}.Release|Any CPU.ActiveCfg = Release|Any CPU
		{6F22A982-B427-4D41-83D1-A22DCF2E5F7B}.Release|Any CPU.Build.0 = Release|Any CPU
		{6F22A982-B427-4D41-83D1-A22DCF2E5F7B}.Release|ARM.ActiveCfg = Release|Any CPU
		{6F22A982-B427-4D41-83D1-A22DCF2E5F7B}.Release|ARM.Build.0 = Release|Any CPU
		{6F22A982-B427-4D41-83D1-A22DCF2E5F7B}.Release|iPhone.ActiveCfg = Release|Any CPU
		{6F22A982-B427-4D41-83D1-A22DCF2E5F7B}.Release|iPhone.Build.0 = Release|Any CPU
		{6F22A982-B427-4D41-83D1-A22DCF2E5F7B}.Release|iPhoneSimulator.ActiveCfg = Release|Any CPU
		{6F22A982-B427-4D41-83D1-A22DCF2E5F7B}.Release|iPhoneSimulator.Build.0 = Release|Any CPU
		{6F22A982-B427-4D41-83D1-A22DCF2E5F7B}.Release|x64.ActiveCfg = Release|Any CPU
		{6F22A982-B427-4D41-83D1-A22DCF2E5F7B}.Release|x64.Build.0 = Release|Any CPU
		{6F22A982-B427-4D41-83D1-A22DCF2E5F7B}.Release|x86.ActiveCfg = Release|Any CPU
		{6F22A982-B427-4D41-83D1-A22DCF2E5F7B}.Release|x86.Build.0 = Release|Any CPU
		{EA753991-1F21-4410-BF83-276E248C4EC1}.Ad-Hoc|Any CPU.ActiveCfg = Debug|Any CPU
		{EA753991-1F21-4410-BF83-276E248C4EC1}.Ad-Hoc|Any CPU.Build.0 = Debug|Any CPU
		{EA753991-1F21-4410-BF83-276E248C4EC1}.Ad-Hoc|ARM.ActiveCfg = Debug|Any CPU
		{EA753991-1F21-4410-BF83-276E248C4EC1}.Ad-Hoc|ARM.Build.0 = Debug|Any CPU
		{EA753991-1F21-4410-BF83-276E248C4EC1}.Ad-Hoc|iPhone.ActiveCfg = Debug|Any CPU
		{EA753991-1F21-4410-BF83-276E248C4EC1}.Ad-Hoc|iPhone.Build.0 = Debug|Any CPU
		{EA753991-1F21-4410-BF83-276E248C4EC1}.Ad-Hoc|iPhoneSimulator.ActiveCfg = Debug|Any CPU
		{EA753991-1F21-4410-BF83-276E248C4EC1}.Ad-Hoc|iPhoneSimulator.Build.0 = Debug|Any CPU
		{EA753991-1F21-4410-BF83-276E248C4EC1}.Ad-Hoc|x64.ActiveCfg = Debug|Any CPU
		{EA753991-1F21-4410-BF83-276E248C4EC1}.Ad-Hoc|x64.Build.0 = Debug|Any CPU
		{EA753991-1F21-4410-BF83-276E248C4EC1}.Ad-Hoc|x86.ActiveCfg = Debug|Any CPU
		{EA753991-1F21-4410-BF83-276E248C4EC1}.Ad-Hoc|x86.Build.0 = Debug|Any CPU
		{EA753991-1F21-4410-BF83-276E248C4EC1}.AppStore|Any CPU.ActiveCfg = Debug|Any CPU
		{EA753991-1F21-4410-BF83-276E248C4EC1}.AppStore|Any CPU.Build.0 = Debug|Any CPU
		{EA753991-1F21-4410-BF83-276E248C4EC1}.AppStore|ARM.ActiveCfg = Debug|Any CPU
		{EA753991-1F21-4410-BF83-276E248C4EC1}.AppStore|ARM.Build.0 = Debug|Any CPU
		{EA753991-1F21-4410-BF83-276E248C4EC1}.AppStore|iPhone.ActiveCfg = Debug|Any CPU
		{EA753991-1F21-4410-BF83-276E248C4EC1}.AppStore|iPhone.Build.0 = Debug|Any CPU
		{EA753991-1F21-4410-BF83-276E248C4EC1}.AppStore|iPhoneSimulator.ActiveCfg = Debug|Any CPU
		{EA753991-1F21-4410-BF83-276E248C4EC1}.AppStore|iPhoneSimulator.Build.0 = Debug|Any CPU
		{EA753991-1F21-4410-BF83-276E248C4EC1}.AppStore|x64.ActiveCfg = Debug|Any CPU
		{EA753991-1F21-4410-BF83-276E248C4EC1}.AppStore|x64.Build.0 = Debug|Any CPU
		{EA753991-1F21-4410-BF83-276E248C4EC1}.AppStore|x86.ActiveCfg = Debug|Any CPU
		{EA753991-1F21-4410-BF83-276E248C4EC1}.AppStore|x86.Build.0 = Debug|Any CPU
		{EA753991-1F21-4410-BF83-276E248C4EC1}.Debug|Any CPU.ActiveCfg = Debug|Any CPU
		{EA753991-1F21-4410-BF83-276E248C4EC1}.Debug|Any CPU.Build.0 = Debug|Any CPU
		{EA753991-1F21-4410-BF83-276E248C4EC1}.Debug|ARM.ActiveCfg = Debug|Any CPU
		{EA753991-1F21-4410-BF83-276E248C4EC1}.Debug|ARM.Build.0 = Debug|Any CPU
		{EA753991-1F21-4410-BF83-276E248C4EC1}.Debug|iPhone.ActiveCfg = Debug|Any CPU
		{EA753991-1F21-4410-BF83-276E248C4EC1}.Debug|iPhone.Build.0 = Debug|Any CPU
		{EA753991-1F21-4410-BF83-276E248C4EC1}.Debug|iPhoneSimulator.ActiveCfg = Debug|Any CPU
		{EA753991-1F21-4410-BF83-276E248C4EC1}.Debug|iPhoneSimulator.Build.0 = Debug|Any CPU
		{EA753991-1F21-4410-BF83-276E248C4EC1}.Debug|x64.ActiveCfg = Debug|Any CPU
		{EA753991-1F21-4410-BF83-276E248C4EC1}.Debug|x64.Build.0 = Debug|Any CPU
		{EA753991-1F21-4410-BF83-276E248C4EC1}.Debug|x86.ActiveCfg = Debug|Any CPU
		{EA753991-1F21-4410-BF83-276E248C4EC1}.Debug|x86.Build.0 = Debug|Any CPU
		{EA753991-1F21-4410-BF83-276E248C4EC1}.Release|Any CPU.ActiveCfg = Release|Any CPU
		{EA753991-1F21-4410-BF83-276E248C4EC1}.Release|Any CPU.Build.0 = Release|Any CPU
		{EA753991-1F21-4410-BF83-276E248C4EC1}.Release|ARM.ActiveCfg = Release|Any CPU
		{EA753991-1F21-4410-BF83-276E248C4EC1}.Release|ARM.Build.0 = Release|Any CPU
		{EA753991-1F21-4410-BF83-276E248C4EC1}.Release|iPhone.ActiveCfg = Release|Any CPU
		{EA753991-1F21-4410-BF83-276E248C4EC1}.Release|iPhone.Build.0 = Release|Any CPU
		{EA753991-1F21-4410-BF83-276E248C4EC1}.Release|iPhoneSimulator.ActiveCfg = Release|Any CPU
		{EA753991-1F21-4410-BF83-276E248C4EC1}.Release|iPhoneSimulator.Build.0 = Release|Any CPU
		{EA753991-1F21-4410-BF83-276E248C4EC1}.Release|x64.ActiveCfg = Release|Any CPU
		{EA753991-1F21-4410-BF83-276E248C4EC1}.Release|x64.Build.0 = Release|Any CPU
		{EA753991-1F21-4410-BF83-276E248C4EC1}.Release|x86.ActiveCfg = Release|Any CPU
		{EA753991-1F21-4410-BF83-276E248C4EC1}.Release|x86.Build.0 = Release|Any CPU
		{A2BB1DFF-1234-4648-9D24-14532A4C4505}.Ad-Hoc|Any CPU.ActiveCfg = Debug|Any CPU
		{A2BB1DFF-1234-4648-9D24-14532A4C4505}.Ad-Hoc|Any CPU.Build.0 = Debug|Any CPU
		{A2BB1DFF-1234-4648-9D24-14532A4C4505}.Ad-Hoc|ARM.ActiveCfg = Debug|Any CPU
		{A2BB1DFF-1234-4648-9D24-14532A4C4505}.Ad-Hoc|ARM.Build.0 = Debug|Any CPU
		{A2BB1DFF-1234-4648-9D24-14532A4C4505}.Ad-Hoc|iPhone.ActiveCfg = Debug|Any CPU
		{A2BB1DFF-1234-4648-9D24-14532A4C4505}.Ad-Hoc|iPhone.Build.0 = Debug|Any CPU
		{A2BB1DFF-1234-4648-9D24-14532A4C4505}.Ad-Hoc|iPhoneSimulator.ActiveCfg = Debug|Any CPU
		{A2BB1DFF-1234-4648-9D24-14532A4C4505}.Ad-Hoc|iPhoneSimulator.Build.0 = Debug|Any CPU
		{A2BB1DFF-1234-4648-9D24-14532A4C4505}.Ad-Hoc|x64.ActiveCfg = Debug|Any CPU
		{A2BB1DFF-1234-4648-9D24-14532A4C4505}.Ad-Hoc|x64.Build.0 = Debug|Any CPU
		{A2BB1DFF-1234-4648-9D24-14532A4C4505}.Ad-Hoc|x86.ActiveCfg = Debug|Any CPU
		{A2BB1DFF-1234-4648-9D24-14532A4C4505}.Ad-Hoc|x86.Build.0 = Debug|Any CPU
		{A2BB1DFF-1234-4648-9D24-14532A4C4505}.AppStore|Any CPU.ActiveCfg = Debug|Any CPU
		{A2BB1DFF-1234-4648-9D24-14532A4C4505}.AppStore|Any CPU.Build.0 = Debug|Any CPU
		{A2BB1DFF-1234-4648-9D24-14532A4C4505}.AppStore|ARM.ActiveCfg = Debug|Any CPU
		{A2BB1DFF-1234-4648-9D24-14532A4C4505}.AppStore|ARM.Build.0 = Debug|Any CPU
		{A2BB1DFF-1234-4648-9D24-14532A4C4505}.AppStore|iPhone.ActiveCfg = Debug|Any CPU
		{A2BB1DFF-1234-4648-9D24-14532A4C4505}.AppStore|iPhone.Build.0 = Debug|Any CPU
		{A2BB1DFF-1234-4648-9D24-14532A4C4505}.AppStore|iPhoneSimulator.ActiveCfg = Debug|Any CPU
		{A2BB1DFF-1234-4648-9D24-14532A4C4505}.AppStore|iPhoneSimulator.Build.0 = Debug|Any CPU
		{A2BB1DFF-1234-4648-9D24-14532A4C4505}.AppStore|x64.ActiveCfg = Debug|Any CPU
		{A2BB1DFF-1234-4648-9D24-14532A4C4505}.AppStore|x64.Build.0 = Debug|Any CPU
		{A2BB1DFF-1234-4648-9D24-14532A4C4505}.AppStore|x86.ActiveCfg = Debug|Any CPU
		{A2BB1DFF-1234-4648-9D24-14532A4C4505}.AppStore|x86.Build.0 = Debug|Any CPU
		{A2BB1DFF-1234-4648-9D24-14532A4C4505}.Debug|Any CPU.ActiveCfg = Debug|Any CPU
		{A2BB1DFF-1234-4648-9D24-14532A4C4505}.Debug|Any CPU.Build.0 = Debug|Any CPU
		{A2BB1DFF-1234-4648-9D24-14532A4C4505}.Debug|ARM.ActiveCfg = Debug|Any CPU
		{A2BB1DFF-1234-4648-9D24-14532A4C4505}.Debug|ARM.Build.0 = Debug|Any CPU
		{A2BB1DFF-1234-4648-9D24-14532A4C4505}.Debug|iPhone.ActiveCfg = Debug|Any CPU
		{A2BB1DFF-1234-4648-9D24-14532A4C4505}.Debug|iPhone.Build.0 = Debug|Any CPU
		{A2BB1DFF-1234-4648-9D24-14532A4C4505}.Debug|iPhoneSimulator.ActiveCfg = Debug|Any CPU
		{A2BB1DFF-1234-4648-9D24-14532A4C4505}.Debug|iPhoneSimulator.Build.0 = Debug|Any CPU
		{A2BB1DFF-1234-4648-9D24-14532A4C4505}.Debug|x64.ActiveCfg = Debug|Any CPU
		{A2BB1DFF-1234-4648-9D24-14532A4C4505}.Debug|x64.Build.0 = Debug|Any CPU
		{A2BB1DFF-1234-4648-9D24-14532A4C4505}.Debug|x86.ActiveCfg = Debug|Any CPU
		{A2BB1DFF-1234-4648-9D24-14532A4C4505}.Debug|x86.Build.0 = Debug|Any CPU
		{A2BB1DFF-1234-4648-9D24-14532A4C4505}.Release|Any CPU.ActiveCfg = Release|Any CPU
		{A2BB1DFF-1234-4648-9D24-14532A4C4505}.Release|Any CPU.Build.0 = Release|Any CPU
		{A2BB1DFF-1234-4648-9D24-14532A4C4505}.Release|ARM.ActiveCfg = Release|Any CPU
		{A2BB1DFF-1234-4648-9D24-14532A4C4505}.Release|ARM.Build.0 = Release|Any CPU
		{A2BB1DFF-1234-4648-9D24-14532A4C4505}.Release|iPhone.ActiveCfg = Release|Any CPU
		{A2BB1DFF-1234-4648-9D24-14532A4C4505}.Release|iPhone.Build.0 = Release|Any CPU
		{A2BB1DFF-1234-4648-9D24-14532A4C4505}.Release|iPhoneSimulator.ActiveCfg = Release|Any CPU
		{A2BB1DFF-1234-4648-9D24-14532A4C4505}.Release|iPhoneSimulator.Build.0 = Release|Any CPU
		{A2BB1DFF-1234-4648-9D24-14532A4C4505}.Release|x64.ActiveCfg = Release|Any CPU
		{A2BB1DFF-1234-4648-9D24-14532A4C4505}.Release|x64.Build.0 = Release|Any CPU
		{A2BB1DFF-1234-4648-9D24-14532A4C4505}.Release|x86.ActiveCfg = Release|Any CPU
		{A2BB1DFF-1234-4648-9D24-14532A4C4505}.Release|x86.Build.0 = Release|Any CPU
		{AAA79876-6032-4FB2-A4CF-BCEFE9C2AA63}.Ad-Hoc|Any CPU.ActiveCfg = Debug|Any CPU
		{AAA79876-6032-4FB2-A4CF-BCEFE9C2AA63}.Ad-Hoc|Any CPU.Build.0 = Debug|Any CPU
		{AAA79876-6032-4FB2-A4CF-BCEFE9C2AA63}.Ad-Hoc|ARM.ActiveCfg = Debug|Any CPU
		{AAA79876-6032-4FB2-A4CF-BCEFE9C2AA63}.Ad-Hoc|ARM.Build.0 = Debug|Any CPU
		{AAA79876-6032-4FB2-A4CF-BCEFE9C2AA63}.Ad-Hoc|iPhone.ActiveCfg = Debug|Any CPU
		{AAA79876-6032-4FB2-A4CF-BCEFE9C2AA63}.Ad-Hoc|iPhone.Build.0 = Debug|Any CPU
		{AAA79876-6032-4FB2-A4CF-BCEFE9C2AA63}.Ad-Hoc|iPhoneSimulator.ActiveCfg = Debug|Any CPU
		{AAA79876-6032-4FB2-A4CF-BCEFE9C2AA63}.Ad-Hoc|iPhoneSimulator.Build.0 = Debug|Any CPU
		{AAA79876-6032-4FB2-A4CF-BCEFE9C2AA63}.Ad-Hoc|x64.ActiveCfg = Debug|Any CPU
		{AAA79876-6032-4FB2-A4CF-BCEFE9C2AA63}.Ad-Hoc|x64.Build.0 = Debug|Any CPU
		{AAA79876-6032-4FB2-A4CF-BCEFE9C2AA63}.Ad-Hoc|x86.ActiveCfg = Debug|Any CPU
		{AAA79876-6032-4FB2-A4CF-BCEFE9C2AA63}.Ad-Hoc|x86.Build.0 = Debug|Any CPU
		{AAA79876-6032-4FB2-A4CF-BCEFE9C2AA63}.AppStore|Any CPU.ActiveCfg = Debug|Any CPU
		{AAA79876-6032-4FB2-A4CF-BCEFE9C2AA63}.AppStore|Any CPU.Build.0 = Debug|Any CPU
		{AAA79876-6032-4FB2-A4CF-BCEFE9C2AA63}.AppStore|ARM.ActiveCfg = Debug|Any CPU
		{AAA79876-6032-4FB2-A4CF-BCEFE9C2AA63}.AppStore|ARM.Build.0 = Debug|Any CPU
		{AAA79876-6032-4FB2-A4CF-BCEFE9C2AA63}.AppStore|iPhone.ActiveCfg = Debug|Any CPU
		{AAA79876-6032-4FB2-A4CF-BCEFE9C2AA63}.AppStore|iPhone.Build.0 = Debug|Any CPU
		{AAA79876-6032-4FB2-A4CF-BCEFE9C2AA63}.AppStore|iPhoneSimulator.ActiveCfg = Debug|Any CPU
		{AAA79876-6032-4FB2-A4CF-BCEFE9C2AA63}.AppStore|iPhoneSimulator.Build.0 = Debug|Any CPU
		{AAA79876-6032-4FB2-A4CF-BCEFE9C2AA63}.AppStore|x64.ActiveCfg = Debug|Any CPU
		{AAA79876-6032-4FB2-A4CF-BCEFE9C2AA63}.AppStore|x64.Build.0 = Debug|Any CPU
		{AAA79876-6032-4FB2-A4CF-BCEFE9C2AA63}.AppStore|x86.ActiveCfg = Debug|Any CPU
		{AAA79876-6032-4FB2-A4CF-BCEFE9C2AA63}.AppStore|x86.Build.0 = Debug|Any CPU
		{AAA79876-6032-4FB2-A4CF-BCEFE9C2AA63}.Debug|Any CPU.ActiveCfg = Debug|Any CPU
		{AAA79876-6032-4FB2-A4CF-BCEFE9C2AA63}.Debug|Any CPU.Build.0 = Debug|Any CPU
		{AAA79876-6032-4FB2-A4CF-BCEFE9C2AA63}.Debug|ARM.ActiveCfg = Debug|Any CPU
		{AAA79876-6032-4FB2-A4CF-BCEFE9C2AA63}.Debug|ARM.Build.0 = Debug|Any CPU
		{AAA79876-6032-4FB2-A4CF-BCEFE9C2AA63}.Debug|iPhone.ActiveCfg = Debug|Any CPU
		{AAA79876-6032-4FB2-A4CF-BCEFE9C2AA63}.Debug|iPhone.Build.0 = Debug|Any CPU
		{AAA79876-6032-4FB2-A4CF-BCEFE9C2AA63}.Debug|iPhoneSimulator.ActiveCfg = Debug|Any CPU
		{AAA79876-6032-4FB2-A4CF-BCEFE9C2AA63}.Debug|iPhoneSimulator.Build.0 = Debug|Any CPU
		{AAA79876-6032-4FB2-A4CF-BCEFE9C2AA63}.Debug|x64.ActiveCfg = Debug|Any CPU
		{AAA79876-6032-4FB2-A4CF-BCEFE9C2AA63}.Debug|x64.Build.0 = Debug|Any CPU
		{AAA79876-6032-4FB2-A4CF-BCEFE9C2AA63}.Debug|x86.ActiveCfg = Debug|Any CPU
		{AAA79876-6032-4FB2-A4CF-BCEFE9C2AA63}.Debug|x86.Build.0 = Debug|Any CPU
		{AAA79876-6032-4FB2-A4CF-BCEFE9C2AA63}.Release|Any CPU.ActiveCfg = Release|Any CPU
		{AAA79876-6032-4FB2-A4CF-BCEFE9C2AA63}.Release|Any CPU.Build.0 = Release|Any CPU
		{AAA79876-6032-4FB2-A4CF-BCEFE9C2AA63}.Release|ARM.ActiveCfg = Release|Any CPU
		{AAA79876-6032-4FB2-A4CF-BCEFE9C2AA63}.Release|ARM.Build.0 = Release|Any CPU
		{AAA79876-6032-4FB2-A4CF-BCEFE9C2AA63}.Release|iPhone.ActiveCfg = Release|Any CPU
		{AAA79876-6032-4FB2-A4CF-BCEFE9C2AA63}.Release|iPhone.Build.0 = Release|Any CPU
		{AAA79876-6032-4FB2-A4CF-BCEFE9C2AA63}.Release|iPhoneSimulator.ActiveCfg = Release|Any CPU
		{AAA79876-6032-4FB2-A4CF-BCEFE9C2AA63}.Release|iPhoneSimulator.Build.0 = Release|Any CPU
		{AAA79876-6032-4FB2-A4CF-BCEFE9C2AA63}.Release|x64.ActiveCfg = Release|Any CPU
		{AAA79876-6032-4FB2-A4CF-BCEFE9C2AA63}.Release|x64.Build.0 = Release|Any CPU
		{AAA79876-6032-4FB2-A4CF-BCEFE9C2AA63}.Release|x86.ActiveCfg = Release|Any CPU
		{AAA79876-6032-4FB2-A4CF-BCEFE9C2AA63}.Release|x86.Build.0 = Release|Any CPU
	EndGlobalSection
	GlobalSection(SolutionProperties) = preSolution
		HideSolutionNode = FALSE
	EndGlobalSection
	GlobalSection(ExtensibilityGlobals) = postSolution
		SolutionGuid = {02027908-EB09-478B-A363-A69555CF55D4}
	EndGlobalSection
EndGlobal
